
Microsoft Visual Studio Solution File, Format Version 12.00
# Visual Studio Version 16
VisualStudioVersion = 16.0.33130.400
MinimumVisualStudioVersion = 10.0.40219.1
Project("{8BC9CEB8-8B4A-11D0-8D11-00A0C91BC942}") = "Basic Sequence Container Techniques", "Basic Sequence Container Techniques\Basic Sequence Container Techniques.vcxproj", "{AD1FA1DF-93B9-4841-8FEA-A7A7B8717519}"
EndProject
Project("{8BC9CEB8-8B4A-11D0-8D11-00A0C91BC942}") = "Basic Sequence Container Techniques 2", "Basic Sequence Container Techniques 2\Basic Sequence Container Techniques 2.vcxproj", "{FD29CD92-F972-4D99-BFEF-6776BE41400C}"
EndProject
Project("{8BC9CEB8-8B4A-11D0-8D11-00A0C91BC942}") = "Basic Sequence Container Techniques 3", "Basic Sequence Container Techniques 3\Basic Sequence Container Techniques 3.vcxproj", "{5E7B4C16-4EE2-449E-877F-267C601B7C8D}"
EndProject
Project("{8BC9CEB8-8B4A-11D0-8D11-00A0C91BC942}") = "Basic Sequence Container Techs 4", "Basic Sequence Container Techs 4\Basic Sequence Container Techs 4.vcxproj", "{BD540FF6-49CD-4863-80B6-2A9751D0448E}"
EndProject
Project("{8BC9CEB8-8B4A-11D0-8D11-00A0C91BC942}") = "Basic Sequence Container techs 3", "Basic Sequence Container techs 3\Basic Sequence Container techs 3.vcxproj", "{F3EC50F9-8177-4161-B998-477174BA2C7D}"
EndProject
Project("{8BC9CEB8-8B4A-11D0-8D11-00A0C91BC942}") = "Basic Sequence Container Techs 5", "Basic Sequence Container Techs 5\Basic Sequence Container Techs 5.vcxproj", "{583FAAF6-6F93-423E-B110-0FEC3EE90173}"
EndProject
Project("{8BC9CEB8-8B4A-11D0-8D11-00A0C91BC942}") = "Basic Sequence Container Techs 6", "Basic Sequence Container Techs 6\Basic Sequence Container Techs 6.vcxproj", "{9B2073FE-10C8-4B7D-A74A-F796DEF3D970}"
EndProject
Project("{8BC9CEB8-8B4A-11D0-8D11-00A0C91BC942}") = "Basic Sequence Container Techs 7", "Basic Sequence Container Techs 7\Basic Sequence Container Techs 7.vcxproj", "{491DCC01-CF56-46F0-AF9E-B5A561A7A4B6}"
EndProject
Project("{8BC9CEB8-8B4A-11D0-8D11-00A0C91BC942}") = "Basic Sequence Container Techs 8", "Basic Sequence Container Techs 8\Basic Sequence Container Techs 8.vcxproj", "{2CCA5269-B031-478A-A67F-FE4733395FEF}"
EndProject
Global
	GlobalSection(SolutionConfigurationPlatforms) = preSolution
		Debug|x64 = Debug|x64
		Debug|x86 = Debug|x86
		Release|x64 = Release|x64
		Release|x86 = Release|x86
	EndGlobalSection
	GlobalSection(ProjectConfigurationPlatforms) = postSolution
		{AD1FA1DF-93B9-4841-8FEA-A7A7B8717519}.Debug|x64.ActiveCfg = Debug|x64
		{AD1FA1DF-93B9-4841-8FEA-A7A7B8717519}.Debug|x64.Build.0 = Debug|x64
		{AD1FA1DF-93B9-4841-8FEA-A7A7B8717519}.Debug|x86.ActiveCfg = Debug|Win32
		{AD1FA1DF-93B9-4841-8FEA-A7A7B8717519}.Debug|x86.Build.0 = Debug|Win32
		{AD1FA1DF-93B9-4841-8FEA-A7A7B8717519}.Release|x64.ActiveCfg = Release|x64
		{AD1FA1DF-93B9-4841-8FEA-A7A7B8717519}.Release|x64.Build.0 = Release|x64
		{AD1FA1DF-93B9-4841-8FEA-A7A7B8717519}.Release|x86.ActiveCfg = Release|Win32
		{AD1FA1DF-93B9-4841-8FEA-A7A7B8717519}.Release|x86.Build.0 = Release|Win32
		{FD29CD92-F972-4D99-BFEF-6776BE41400C}.Debug|x64.ActiveCfg = Debug|x64
		{FD29CD92-F972-4D99-BFEF-6776BE41400C}.Debug|x64.Build.0 = Debug|x64
		{FD29CD92-F972-4D99-BFEF-6776BE41400C}.Debug|x86.ActiveCfg = Debug|Win32
		{FD29CD92-F972-4D99-BFEF-6776BE41400C}.Debug|x86.Build.0 = Debug|Win32
		{FD29CD92-F972-4D99-BFEF-6776BE41400C}.Release|x64.ActiveCfg = Release|x64
		{FD29CD92-F972-4D99-BFEF-6776BE41400C}.Release|x64.Build.0 = Release|x64
		{FD29CD92-F972-4D99-BFEF-6776BE41400C}.Release|x86.ActiveCfg = Release|Win32
		{FD29CD92-F972-4D99-BFEF-6776BE41400C}.Release|x86.Build.0 = Release|Win32
		{5E7B4C16-4EE2-449E-877F-267C601B7C8D}.Debug|x64.ActiveCfg = Debug|x64
		{5E7B4C16-4EE2-449E-877F-267C601B7C8D}.Debug|x64.Build.0 = Debug|x64
		{5E7B4C16-4EE2-449E-877F-267C601B7C8D}.Debug|x86.ActiveCfg = Debug|Win32
		{5E7B4C16-4EE2-449E-877F-267C601B7C8D}.Debug|x86.Build.0 = Debug|Win32
		{5E7B4C16-4EE2-449E-877F-267C601B7C8D}.Release|x64.ActiveCfg = Release|x64
		{5E7B4C16-4EE2-449E-877F-267C601B7C8D}.Release|x64.Build.0 = Release|x64
		{5E7B4C16-4EE2-449E-877F-267C601B7C8D}.Release|x86.ActiveCfg = Release|Win32
		{5E7B4C16-4EE2-449E-877F-267C601B7C8D}.Release|x86.Build.0 = Release|Win32
		{BD540FF6-49CD-4863-80B6-2A9751D0448E}.Debug|x64.ActiveCfg = Debug|x64
		{BD540FF6-49CD-4863-80B6-2A9751D0448E}.Debug|x64.Build.0 = Debug|x64
		{BD540FF6-49CD-4863-80B6-2A9751D0448E}.Debug|x86.ActiveCfg = Debug|Win32
		{BD540FF6-49CD-4863-80B6-2A9751D0448E}.Debug|x86.Build.0 = Debug|Win32
		{BD540FF6-49CD-4863-80B6-2A9751D0448E}.Release|x64.ActiveCfg = Release|x64
		{BD540FF6-49CD-4863-80B6-2A9751D0448E}.Release|x64.Build.0 = Release|x64
		{BD540FF6-49CD-4863-80B6-2A9751D0448E}.Release|x86.ActiveCfg = Release|Win32
		{BD540FF6-49CD-4863-80B6-2A9751D0448E}.Release|x86.Build.0 = Release|Win32
		{F3EC50F9-8177-4161-B998-477174BA2C7D}.Debug|x64.ActiveCfg = Debug|x64
		{F3EC50F9-8177-4161-B998-477174BA2C7D}.Debug|x64.Build.0 = Debug|x64
		{F3EC50F9-8177-4161-B998-477174BA2C7D}.Debug|x86.ActiveCfg = Debug|Win32
		{F3EC50F9-8177-4161-B998-477174BA2C7D}.Debug|x86.Build.0 = Debug|Win32
		{F3EC50F9-8177-4161-B998-477174BA2C7D}.Release|x64.ActiveCfg = Release|x64
		{F3EC50F9-8177-4161-B998-477174BA2C7D}.Release|x64.Build.0 = Release|x64
		{F3EC50F9-8177-4161-B998-477174BA2C7D}.Release|x86.ActiveCfg = Release|Win32
		{F3EC50F9-8177-4161-B998-477174BA2C7D}.Release|x86.Build.0 = Release|Win32
		{583FAAF6-6F93-423E-B110-0FEC3EE90173}.Debug|x64.ActiveCfg = Debug|x64
		{583FAAF6-6F93-423E-B110-0FEC3EE90173}.Debug|x64.Build.0 = Debug|x64
		{583FAAF6-6F93-423E-B110-0FEC3EE90173}.Debug|x86.ActiveCfg = Debug|Win32
		{583FAAF6-6F93-423E-B110-0FEC3EE90173}.Debug|x86.Build.0 = Debug|Win32
		{583FAAF6-6F93-423E-B110-0FEC3EE90173}.Release|x64.ActiveCfg = Release|x64
		{583FAAF6-6F93-423E-B110-0FEC3EE90173}.Release|x64.Build.0 = Release|x64
		{583FAAF6-6F93-423E-B110-0FEC3EE90173}.Release|x86.ActiveCfg = Release|Win32
		{583FAAF6-6F93-423E-B110-0FEC3EE90173}.Release|x86.Build.0 = Release|Win32
		{9B2073FE-10C8-4B7D-A74A-F796DEF3D970}.Debug|x64.ActiveCfg = Debug|x64
		{9B2073FE-10C8-4B7D-A74A-F796DEF3D970}.Debug|x64.Build.0 = Debug|x64
		{9B2073FE-10C8-4B7D-A74A-F796DEF3D970}.Debug|x86.ActiveCfg = Debug|Win32
		{9B2073FE-10C8-4B7D-A74A-F796DEF3D970}.Debug|x86.Build.0 = Debug|Win32
		{9B2073FE-10C8-4B7D-A74A-F796DEF3D970}.Release|x64.ActiveCfg = Release|x64
		{9B2073FE-10C8-4B7D-A74A-F796DEF3D970}.Release|x64.Build.0 = Release|x64
		{9B2073FE-10C8-4B7D-A74A-F796DEF3D970}.Release|x86.ActiveCfg = Release|Win32
		{9B2073FE-10C8-4B7D-A74A-F796DEF3D970}.Release|x86.Build.0 = Release|Win32
		{491DCC01-CF56-46F0-AF9E-B5A561A7A4B6}.Debug|x64.ActiveCfg = Debug|x64
		{491DCC01-CF56-46F0-AF9E-B5A561A7A4B6}.Debug|x64.Build.0 = Debug|x64
		{491DCC01-CF56-46F0-AF9E-B5A561A7A4B6}.Debug|x86.ActiveCfg = Debug|Win32
		{491DCC01-CF56-46F0-AF9E-B5A561A7A4B6}.Debug|x86.Build.0 = Debug|Win32
		{491DCC01-CF56-46F0-AF9E-B5A561A7A4B6}.Release|x64.ActiveCfg = Release|x64
		{491DCC01-CF56-46F0-AF9E-B5A561A7A4B6}.Release|x64.Build.0 = Release|x64
		{491DCC01-CF56-46F0-AF9E-B5A561A7A4B6}.Release|x86.ActiveCfg = Release|Win32
		{491DCC01-CF56-46F0-AF9E-B5A561A7A4B6}.Release|x86.Build.0 = Release|Win32
		{2CCA5269-B031-478A-A67F-FE4733395FEF}.Debug|x64.ActiveCfg = Debug|x64
		{2CCA5269-B031-478A-A67F-FE4733395FEF}.Debug|x64.Build.0 = Debug|x64
		{2CCA5269-B031-478A-A67F-FE4733395FEF}.Debug|x86.ActiveCfg = Debug|Win32
		{2CCA5269-B031-478A-A67F-FE4733395FEF}.Debug|x86.Build.0 = Debug|Win32
		{2CCA5269-B031-478A-A67F-FE4733395FEF}.Release|x64.ActiveCfg = Release|x64
		{2CCA5269-B031-478A-A67F-FE4733395FEF}.Release|x64.Build.0 = Release|x64
		{2CCA5269-B031-478A-A67F-FE4733395FEF}.Release|x86.ActiveCfg = Release|Win32
		{2CCA5269-B031-478A-A67F-FE4733395FEF}.Release|x86.Build.0 = Release|Win32
	EndGlobalSection
	GlobalSection(SolutionProperties) = preSolution
		HideSolutionNode = FALSE
	EndGlobalSection
	GlobalSection(ExtensibilityGlobals) = postSolution
		SolutionGuid = {8BE21A06-5CAB-4890-9C51-F243061B0C0F}
	EndGlobalSection
EndGlobal
