
Microsoft Visual Studio Solution File, Format Version 12.00
# Visual Studio Version 16
VisualStudioVersion = 16.0.34407.143
MinimumVisualStudioVersion = 10.0.40219.1
Project("{8BC9CEB8-8B4A-11D0-8D11-00A0C91BC942}") = "Retrieving Array Size", "Retrieving Array Size\Retrieving Array Size.vcxproj", "{D4D43074-2E95-4188-ADBF-FC92FB76ED85}"
EndProject
Global
	GlobalSection(SolutionConfigurationPlatforms) = preSolution
		Debug|x64 = Debug|x64
		Debug|x86 = Debug|x86
		Release|x64 = Release|x64
		Release|x86 = Release|x86
	EndGlobalSection
	GlobalSection(ProjectConfigurationPlatforms) = postSolution
		{D4D43074-2E95-4188-ADBF-FC92FB76ED85}.Debug|x64.ActiveCfg = Debug|x64
		{D4D43074-2E95-4188-ADBF-FC92FB76ED85}.Debug|x64.Build.0 = Debug|x64
		{D4D43074-2E95-4188-ADBF-FC92FB76ED85}.Debug|x86.ActiveCfg = Debug|Win32
		{D4D43074-2E95-4188-ADBF-FC92FB76ED85}.Debug|x86.Build.0 = Debug|Win32
		{D4D43074-2E95-4188-ADBF-FC92FB76ED85}.Release|x64.ActiveCfg = Release|x64
		{D4D43074-2E95-4188-ADBF-FC92FB76ED85}.Release|x64.Build.0 = Release|x64
		{D4D43074-2E95-4188-ADBF-FC92FB76ED85}.Release|x86.ActiveCfg = Release|Win32
		{D4D43074-2E95-4188-ADBF-FC92FB76ED85}.Release|x86.Build.0 = Release|Win32
	EndGlobalSection
	GlobalSection(SolutionProperties) = preSolution
		HideSolutionNode = FALSE
	EndGlobalSection
	GlobalSection(ExtensibilityGlobals) = postSolution
		SolutionGuid = {832164C4-78ED-434B-A0D3-D374E6235929}
	EndGlobalSection
EndGlobal
