
Microsoft Visual Studio Solution File, Format Version 12.00
# Visual Studio Version 16
VisualStudioVersion = 16.0.35706.149
MinimumVisualStudioVersion = 10.0.40219.1
Project("{8BC9CEB8-8B4A-11D0-8D11-00A0C91BC942}") = "Bubble sort", "Bubble sort\Bubble sort.vcxproj", "{ECA4E045-6576-4E17-9BD3-29F3172A74D9}"
EndProject
Project("{8BC9CEB8-8B4A-11D0-8D11-00A0C91BC942}") = "Bubble sort 2", "Bubble sort 2\Bubble sort 2.vcxproj", "{67136552-D0D1-47A3-9819-6644A9678A30}"
EndProject
Project("{8BC9CEB8-8B4A-11D0-8D11-00A0C91BC942}") = "Bubble sort 3", "Bubble sort 3\Bubble sort 3.vcxproj", "{D7D55FCB-A63F-46E7-BED8-8A532E6ABC68}"
EndProject
Project("{8BC9CEB8-8B4A-11D0-8D11-00A0C91BC942}") = "Bubble sort 4", "Bubble sort 4\Bubble sort 4.vcxproj", "{7571F090-55B7-40EB-80E7-1D9941E653EC}"
EndProject
Project("{8BC9CEB8-8B4A-11D0-8D11-00A0C91BC942}") = "pointer-into-array", "pointer-into-array\pointer-into-array.vcxproj", "{161C0439-2922-4636-9998-1C5858E3ECEE}"
EndProject
Project("{8BC9CEB8-8B4A-11D0-8D11-00A0C91BC942}") = "Pointers-into-array2", "Pointers-into-array2\Pointers-into-array2.vcxproj", "{E252C56E-713F-4752-9DBC-82C76EB023FD}"
EndProject
Project("{8BC9CEB8-8B4A-11D0-8D11-00A0C91BC942}") = "W3C - Creating References", "W3C - Creating References\W3C - Creating References.vcxproj", "{FBD6DFBD-AA0D-459F-BA0F-AAC1CF1F2A99}"
EndProject
Project("{8BC9CEB8-8B4A-11D0-8D11-00A0C91BC942}") = "W3C - Creating References 2", "W3C - Creating References 2\W3C - Creating References 2.vcxproj", "{14937979-BA66-4E40-AA7C-89AEB4C5B3B7}"
EndProject
Project("{8BC9CEB8-8B4A-11D0-8D11-00A0C91BC942}") = "W3C - Creating References 3", "W3C - Creating References 3\W3C - Creating References 3.vcxproj", "{F4D03DD4-3B38-4E61-B3C3-4FE40F8D572E}"
EndProject
Project("{8BC9CEB8-8B4A-11D0-8D11-00A0C91BC942}") = "Busy waiting", "Busy waiting\Busy waiting.vcxproj", "{A5DACBCC-8510-4403-B8BF-710C2CD1216C}"
EndProject
Project("{8BC9CEB8-8B4A-11D0-8D11-00A0C91BC942}") = "Job bank", "Job bank\Job bank.vcxproj", "{AE733159-95B9-4776-9124-C62299566123}"
EndProject
Project("{8BC9CEB8-8B4A-11D0-8D11-00A0C91BC942}") = "Job bank 2", "Job bank 2\Job bank 2.vcxproj", "{BC0A159F-09A8-4E6C-A340-564DCD18BEFB}"
EndProject
Project("{8BC9CEB8-8B4A-11D0-8D11-00A0C91BC942}") = "Job bank 3", "Job bank 3\Job bank 3.vcxproj", "{74CB803B-D6BA-4F50-91E9-C9ADFA04A388}"
EndProject
Project("{8BC9CEB8-8B4A-11D0-8D11-00A0C91BC942}") = "Job bank 4", "Job bank 4\Job bank 4.vcxproj", "{4696ABB8-36E2-4E30-A808-E2E86D1ACBEE}"
EndProject
Project("{8BC9CEB8-8B4A-11D0-8D11-00A0C91BC942}") = "Job bank 4-2", "Job bank 4-2\Job bank 4-2.vcxproj", "{CF3F9A6E-86D4-4C07-8536-ACB5CA6653A4}"
EndProject
Project("{8BC9CEB8-8B4A-11D0-8D11-00A0C91BC942}") = "Job bank 4-3", "Job bank 4-3\Job bank 4-3.vcxproj", "{CB4AEADE-5F18-4EA3-AF3B-88542A28BAAA}"
EndProject
Project("{8BC9CEB8-8B4A-11D0-8D11-00A0C91BC942}") = "geek - macro", "geek - macro\geek - macro.vcxproj", "{36EDCB3E-2909-405F-85CA-3D9691B301A3}"
EndProject
Project("{8BC9CEB8-8B4A-11D0-8D11-00A0C91BC942}") = "geek - macro 2", "geek - macro 2\geek - macro 2.vcxproj", "{43EFEBBB-AC1C-4AE5-8C80-A904727AB2A2}"
EndProject
Project("{8BC9CEB8-8B4A-11D0-8D11-00A0C91BC942}") = "Job bank 4-4", "Job bank 4-4\Job bank 4-4.vcxproj", "{58656F11-D40F-4056-9BAD-835F166268D5}"
EndProject
Project("{8BC9CEB8-8B4A-11D0-8D11-00A0C91BC942}") = "Job bank 4-5", "Job bank 4-5\Job bank 4-5.vcxproj", "{7E3C206D-3FB8-44C6-929D-D994F7B20422}"
EndProject
Project("{8BC9CEB8-8B4A-11D0-8D11-00A0C91BC942}") = "Job bank 4-6", "Job bank 4-6\Job bank 4-6.vcxproj", "{B6B63B11-7F46-4CFE-B249-020CFCE1D1D2}"
EndProject
Project("{8BC9CEB8-8B4A-11D0-8D11-00A0C91BC942}") = "Job bank 4-7", "Job bank 4-7\Job bank 4-7.vcxproj", "{64AB5984-61F1-4F52-9F9E-E9058ECD4A9E}"
EndProject
Project("{8BC9CEB8-8B4A-11D0-8D11-00A0C91BC942}") = "Job bank 4-8", "Job bank 4-8\Job bank 4-8.vcxproj", "{B09BFAAB-68AE-4F44-B629-D1B300356194}"
EndProject
Project("{8BC9CEB8-8B4A-11D0-8D11-00A0C91BC942}") = "Job bank 4-9", "Job bank 4-9\Job bank 4-9.vcxproj", "{E6AC8846-2838-49D3-A5D6-1294826B1D51}"
EndProject
Project("{8BC9CEB8-8B4A-11D0-8D11-00A0C91BC942}") = "Job bank 5", "Job bank 5\Job bank 5.vcxproj", "{B72B68C6-6457-46AB-A7AD-849DA64D98EC}"
EndProject
Project("{8BC9CEB8-8B4A-11D0-8D11-00A0C91BC942}") = "Job bank 6 (recreated to release project id to solve conflict)", "Job bank 6 (recreated to release project id to solve conflict)\Job bank 6 (recreated to release project id to solve conflict).vcxproj", "{4A6DE989-BC0A-45CE-B5C1-C417D73D9EA5}"
EndProject
Project("{8BC9CEB8-8B4A-11D0-8D11-00A0C91BC942}") = "Program for TSM problem (Laptop)", "Program for TSM problem\Program for TSM problem.vcxproj", "{C27BA727-3109-4F45-BF49-20F685BC17F9}"
EndProject
Project("{8BC9CEB8-8B4A-11D0-8D11-00A0C91BC942}") = "Program for TSM problem (SP7)", "Program for TSM problem (SP7)\Program for TSM problem (SP7).vcxproj", "{D0B2E4B0-2E4A-4980-AA57-935755F2B460}"
EndProject
Project("{8BC9CEB8-8B4A-11D0-8D11-00A0C91BC942}") = "Program for TSM problem (Laptop)", "Program for TSM problem (Laptop)\Program for TSM problem (Laptop).vcxproj", "{D9FFD288-6622-4710-B634-A9DA9079574A}"
EndProject
Project("{8BC9CEB8-8B4A-11D0-8D11-00A0C91BC942}") = "Program for TSM problem (Traveling salesman)", "Program for TSM problem (Traveling salesman)\Program for TSM problem (Traveling salesman).vcxproj", "{DC13BAFB-E460-4168-A709-723E9108A232}"
EndProject
Project("{8BC9CEB8-8B4A-11D0-8D11-00A0C91BC942}") = "Program for TSM problem (Travelling Sales Man)", "Program for TSM problem (Travelling Sales Man)\Program for TSM problem (Travelling Sales Man).vcxproj", "{7C1B15D0-9FA6-4EEB-A6BF-946F41F096DA}"
EndProject
Project("{8BC9CEB8-8B4A-11D0-8D11-00A0C91BC942}") = "Program for TSM Problem (Travelling Sales Man) in C", "Program for TSM Problem (Travelling Sales Man) in C\Program for TSM Problem (Travelling Sales Man) in C.vcxproj", "{A366280C-8BEA-43FD-9C89-AA637BB85167}"
EndProject
Project("{8BC9CEB8-8B4A-11D0-8D11-00A0C91BC942}") = "Program for TSM problem (Travelling Sales Man) in C 2", "Program for TSM problem (Travelling Sales Man) in C 2\Program for TSM problem (Travelling Sales Man) in C 2.vcxproj", "{68B8F8E5-EA36-4E4F-82F6-F3C26CA76447}"
EndProject
Project("{8BC9CEB8-8B4A-11D0-8D11-00A0C91BC942}") = "Program for TSM problem (Travelling Sales Man) in c 3", "Program for TSM problem (Travelling Sales Man) in c 3\Program for TSM problem (Travelling Sales Man) in c 3.vcxproj", "{CA11804C-DC77-45A9-8817-9699E2B07B2C}"
EndProject
Project("{8BC9CEB8-8B4A-11D0-8D11-00A0C91BC942}") = "Program for TSM problem (Travelling Sales Man) in c 4", "Program for TSM problem (Travelling Sales Man) in c 4\Program for TSM problem (Travelling Sales Man) in c 4.vcxproj", "{4C3A014C-ED24-4C58-978B-5561C347BEBA}"
EndProject
Project("{8BC9CEB8-8B4A-11D0-8D11-00A0C91BC942}") = "Program for TSM problem (Travelling Sales Man) in c 5", "Program for TSM problem (Travelling Sales Man) in c 5\Program for TSM problem (Travelling Sales Man) in c 5.vcxproj", "{95C671CB-A5E3-49BC-A334-5B90FDD46DC5}"
EndProject
Project("{8BC9CEB8-8B4A-11D0-8D11-00A0C91BC942}") = "christmas", "christmas\christmas.vcxproj", "{DC8D0ED7-996D-4DE0-9EA3-8067F3996129}"
EndProject
Project("{8BC9CEB8-8B4A-11D0-8D11-00A0C91BC942}") = "Linked List", "Linked List\Linked List.vcxproj", "{E8961E01-2F75-48D5-AB3B-E4FE95B1EF58}"
EndProject
Project("{8BC9CEB8-8B4A-11D0-8D11-00A0C91BC942}") = "Linked list 2", "Linked list 2\Linked list 2.vcxproj", "{BB11C2C0-3BA0-4B04-AAB3-C82163F5B9AA}"
EndProject
Project("{8BC9CEB8-8B4A-11D0-8D11-00A0C91BC942}") = "Swap without using a temporary variable", "Swap without using a temporary variable\Swap without using a temporary variable.vcxproj", "{52D8853A-E2C3-45B7-9D45-84560FA8E6CA}"
EndProject
Project("{8BC9CEB8-8B4A-11D0-8D11-00A0C91BC942}") = "Swap without using a temporary variable 2", "Swap without using a temporary variable 2\Swap without using a temporary variable 2.vcxproj", "{FE9C1871-6DA4-407A-9B31-C0DF872CB288}"
EndProject
Project("{8BC9CEB8-8B4A-11D0-8D11-00A0C91BC942}") = "Swap without using a temporary variable 3", "Swap without using a temporary variable 3\Swap without using a temporary variable 3.vcxproj", "{D51ECF20-CFD3-4A02-ACA7-5D5E857680A8}"
EndProject
Project("{8BC9CEB8-8B4A-11D0-8D11-00A0C91BC942}") = "Swap without using a temporary variable 4", "Swap without using a temporary variable 4\Swap without using a temporary variable 4.vcxproj", "{55C6CBBC-8BA3-46A8-B2E4-757C9C663B87}"
EndProject
Project("{8BC9CEB8-8B4A-11D0-8D11-00A0C91BC942}") = "Swap characters", "Swap characters\Swap characters.vcxproj", "{755947D7-85FD-4539-9735-E8777BA9018D}"
EndProject
Project("{8BC9CEB8-8B4A-11D0-8D11-00A0C91BC942}") = "Swap characters 2", "Swap characters 2\Swap characters 2.vcxproj", "{1DEC7BC2-9336-413C-94CA-2FAB60E8C441}"
EndProject
Project("{8BC9CEB8-8B4A-11D0-8D11-00A0C91BC942}") = "Swap characters 3", "Swap characters 3\Swap characters 3.vcxproj", "{E20796B5-2F4F-4173-A1B8-59CEDA2452A6}"
EndProject
Project("{8BC9CEB8-8B4A-11D0-8D11-00A0C91BC942}") = "Swap characters 4", "Swap characters 4\Swap characters 4.vcxproj", "{89BACDBD-0CE1-418C-9FF6-102153773B6A}"
EndProject
Project("{8BC9CEB8-8B4A-11D0-8D11-00A0C91BC942}") = "Swap numbers", "Swap numbers\Swap numbers.vcxproj", "{B1E76438-AD42-4279-9C77-F8A48578A9D6}"
EndProject
Project("{8BC9CEB8-8B4A-11D0-8D11-00A0C91BC942}") = "Swap character arrays", "Swap character arrays\Swap character arrays.vcxproj", "{011F62D8-9FD0-4B1C-8413-07A317F00722}"
EndProject
Project("{8BC9CEB8-8B4A-11D0-8D11-00A0C91BC942}") = "No6", "No6\No6.vcxproj", "{E8ADAC61-4CD3-4694-8356-98F5752A8821}"
EndProject
Project("{8BC9CEB8-8B4A-11D0-8D11-00A0C91BC942}") = "Short division", "Short division\Short division.vcxproj", "{A03E0A1D-29ED-40D1-BCCA-AE4AC1B766DF}"
EndProject
Project("{8BC9CEB8-8B4A-11D0-8D11-00A0C91BC942}") = "Short division 2", "Short division 2\Short division 2.vcxproj", "{B07C348D-9EFD-4CFF-8996-FB0AC1AB7DF0}"
EndProject
Project("{8BC9CEB8-8B4A-11D0-8D11-00A0C91BC942}") = "Short division 3", "Short division 3\Short division 3.vcxproj", "{67D72881-8FF0-4851-9647-545B3675EF3C}"
EndProject
Project("{8BC9CEB8-8B4A-11D0-8D11-00A0C91BC942}") = "Short division 4", "Short division 4\Short division 4.vcxproj", "{437D206E-7FB4-4E06-9713-DB5D6AD3D6C4}"
EndProject
Project("{8BC9CEB8-8B4A-11D0-8D11-00A0C91BC942}") = "Short division 5", "Short division 5\Short division 5.vcxproj", "{B1FD6264-AD5C-4DAC-BCE4-EE0B69ADE2F7}"
EndProject
Project("{8BC9CEB8-8B4A-11D0-8D11-00A0C91BC942}") = "Program for TSM problem (Travelling Sales Man) in c 6", "Program for TSM problem (Travelling Sales Man) in c 6\Program for TSM problem (Travelling Sales Man) in c 6.vcxproj", "{342E39B4-0438-4175-855E-090678D71CD2}"
EndProject
Project("{8BC9CEB8-8B4A-11D0-8D11-00A0C91BC942}") = "Program for Comparison of growth of functions", "Program for Comparison of growth of functions\Program for Comparison of growth of functions.vcxproj", "{F209EB5F-045A-40E2-8AF6-3C2B9726FCB8}"
EndProject
Project("{8BC9CEB8-8B4A-11D0-8D11-00A0C91BC942}") = "Program for chain matrix multiplaction", "Program for chain matrix multiplaction\Program for chain matrix multiplaction.vcxproj", "{8B17BBCD-04F7-407D-85BB-B95C9F32C2B4}"
EndProject
Project("{8BC9CEB8-8B4A-11D0-8D11-00A0C91BC942}") = "geek - length of array", "geek - length of array\geek - length of array.vcxproj", "{D6C2D6F0-89A4-4BAB-837F-38E38C211E17}"
EndProject
Project("{8BC9CEB8-8B4A-11D0-8D11-00A0C91BC942}") = "geek - length of array 2", "geek - length of array 2\geek - length of array 2.vcxproj", "{034B0339-3BF7-4BDD-9A7E-3B305087C3AD}"
EndProject
Project("{8BC9CEB8-8B4A-11D0-8D11-00A0C91BC942}") = "Multiple indirection", "Multiple indirection\Multiple indirection.vcxproj", "{E0F52528-BD14-48DF-886A-4CE1ACD8CAF3}"
EndProject
Project("{8BC9CEB8-8B4A-11D0-8D11-00A0C91BC942}") = "Multiple_indirection 2", "Multiple_indirection 2\Multiple_indirection 2.vcxproj", "{E5F58E70-FE79-47AA-AB57-B9CE5EDD0A4C}"
EndProject
Project("{8BC9CEB8-8B4A-11D0-8D11-00A0C91BC942}") = "Multiple_indirection 3", "Multiple indirection 3\Multiple indirection 3.vcxproj", "{76F1C418-5342-4B76-B7D0-FEC2E375FAFA}"
EndProject
Project("{8BC9CEB8-8B4A-11D0-8D11-00A0C91BC942}") = "Multiple_indirection 4", "Multiple_indirection 4\Multiple_indirection 4.vcxproj", "{22BAD1CB-76ED-4FEF-AA90-A8677FEFDFF9}"
EndProject
Project("{8BC9CEB8-8B4A-11D0-8D11-00A0C91BC942}") = "Multiple_indirection 5", "Multiple_indirection 5\Multiple_indirection 5.vcxproj", "{82AB4350-40F5-4A71-9BF3-068B83D7D015}"
EndProject
Project("{8BC9CEB8-8B4A-11D0-8D11-00A0C91BC942}") = "Can char string be compare to another", "Can char string be compare to another\Can char string be compare to another.vcxproj", "{1C1D198A-A279-4254-8638-BAAD65C375B8}"
EndProject
Project("{8BC9CEB8-8B4A-11D0-8D11-00A0C91BC942}") = "How to define functions in a struct in c", "How to define functions in a struct in c\How to define functions in a struct in c.vcxproj", "{418D1EFD-5210-4D60-AD90-B7EF5B0E3B95}"
EndProject
Project("{8BC9CEB8-8B4A-11D0-8D11-00A0C91BC942}") = "typedef", "typedef\typedef.vcxproj", "{3EC89D55-D3C8-491B-A619-13212EA40A9F}"
EndProject
Project("{8BC9CEB8-8B4A-11D0-8D11-00A0C91BC942}") = "String initialization", "String initialization\String initialization.vcxproj", "{BBF7A36B-B3C3-4670-8840-D9D8E2C4DEAF}"
EndProject
Project("{8BC9CEB8-8B4A-11D0-8D11-00A0C91BC942}") = "String initialization 2", "String initialization 2\String initialization 2.vcxproj", "{CDC0B8EF-11B5-4915-82C4-10199DB7D7E3}"
EndProject
Project("{8BC9CEB8-8B4A-11D0-8D11-00A0C91BC942}") = "Initialization", "Initialization\Initialization.vcxproj", "{CC95F869-3898-41BF-BA8A-84738B9975EE}"
EndProject
Project("{8BC9CEB8-8B4A-11D0-8D11-00A0C91BC942}") = "Interface (inheritance) in C", "Interface (inheritance) in C\Interface (inheritance) in C.vcxproj", "{1DF9F253-7399-4DF8-895E-8AAA64ED044D}"
EndProject
Global
	GlobalSection(SolutionConfigurationPlatforms) = preSolution
		Debug|x64 = Debug|x64
		Debug|x86 = Debug|x86
		Release|x64 = Release|x64
		Release|x86 = Release|x86
	EndGlobalSection
	GlobalSection(ProjectConfigurationPlatforms) = postSolution
		{ECA4E045-6576-4E17-9BD3-29F3172A74D9}.Debug|x64.ActiveCfg = Debug|x64
		{ECA4E045-6576-4E17-9BD3-29F3172A74D9}.Debug|x64.Build.0 = Debug|x64
		{ECA4E045-6576-4E17-9BD3-29F3172A74D9}.Debug|x86.ActiveCfg = Debug|Win32
		{ECA4E045-6576-4E17-9BD3-29F3172A74D9}.Debug|x86.Build.0 = Debug|Win32
		{ECA4E045-6576-4E17-9BD3-29F3172A74D9}.Release|x64.ActiveCfg = Release|x64
		{ECA4E045-6576-4E17-9BD3-29F3172A74D9}.Release|x64.Build.0 = Release|x64
		{ECA4E045-6576-4E17-9BD3-29F3172A74D9}.Release|x86.ActiveCfg = Release|Win32
		{ECA4E045-6576-4E17-9BD3-29F3172A74D9}.Release|x86.Build.0 = Release|Win32
		{67136552-D0D1-47A3-9819-6644A9678A30}.Debug|x64.ActiveCfg = Debug|x64
		{67136552-D0D1-47A3-9819-6644A9678A30}.Debug|x64.Build.0 = Debug|x64
		{67136552-D0D1-47A3-9819-6644A9678A30}.Debug|x86.ActiveCfg = Debug|Win32
		{67136552-D0D1-47A3-9819-6644A9678A30}.Debug|x86.Build.0 = Debug|Win32
		{67136552-D0D1-47A3-9819-6644A9678A30}.Release|x64.ActiveCfg = Release|x64
		{67136552-D0D1-47A3-9819-6644A9678A30}.Release|x64.Build.0 = Release|x64
		{67136552-D0D1-47A3-9819-6644A9678A30}.Release|x86.ActiveCfg = Release|Win32
		{67136552-D0D1-47A3-9819-6644A9678A30}.Release|x86.Build.0 = Release|Win32
		{D7D55FCB-A63F-46E7-BED8-8A532E6ABC68}.Debug|x64.ActiveCfg = Debug|x64
		{D7D55FCB-A63F-46E7-BED8-8A532E6ABC68}.Debug|x64.Build.0 = Debug|x64
		{D7D55FCB-A63F-46E7-BED8-8A532E6ABC68}.Debug|x86.ActiveCfg = Debug|Win32
		{D7D55FCB-A63F-46E7-BED8-8A532E6ABC68}.Debug|x86.Build.0 = Debug|Win32
		{D7D55FCB-A63F-46E7-BED8-8A532E6ABC68}.Release|x64.ActiveCfg = Release|x64
		{D7D55FCB-A63F-46E7-BED8-8A532E6ABC68}.Release|x64.Build.0 = Release|x64
		{D7D55FCB-A63F-46E7-BED8-8A532E6ABC68}.Release|x86.ActiveCfg = Release|Win32
		{D7D55FCB-A63F-46E7-BED8-8A532E6ABC68}.Release|x86.Build.0 = Release|Win32
		{7571F090-55B7-40EB-80E7-1D9941E653EC}.Debug|x64.ActiveCfg = Debug|x64
		{7571F090-55B7-40EB-80E7-1D9941E653EC}.Debug|x64.Build.0 = Debug|x64
		{7571F090-55B7-40EB-80E7-1D9941E653EC}.Debug|x86.ActiveCfg = Debug|Win32
		{7571F090-55B7-40EB-80E7-1D9941E653EC}.Debug|x86.Build.0 = Debug|Win32
		{7571F090-55B7-40EB-80E7-1D9941E653EC}.Release|x64.ActiveCfg = Release|x64
		{7571F090-55B7-40EB-80E7-1D9941E653EC}.Release|x64.Build.0 = Release|x64
		{7571F090-55B7-40EB-80E7-1D9941E653EC}.Release|x86.ActiveCfg = Release|Win32
		{7571F090-55B7-40EB-80E7-1D9941E653EC}.Release|x86.Build.0 = Release|Win32
		{161C0439-2922-4636-9998-1C5858E3ECEE}.Debug|x64.ActiveCfg = Debug|x64
		{161C0439-2922-4636-9998-1C5858E3ECEE}.Debug|x64.Build.0 = Debug|x64
		{161C0439-2922-4636-9998-1C5858E3ECEE}.Debug|x86.ActiveCfg = Debug|Win32
		{161C0439-2922-4636-9998-1C5858E3ECEE}.Debug|x86.Build.0 = Debug|Win32
		{161C0439-2922-4636-9998-1C5858E3ECEE}.Release|x64.ActiveCfg = Release|x64
		{161C0439-2922-4636-9998-1C5858E3ECEE}.Release|x64.Build.0 = Release|x64
		{161C0439-2922-4636-9998-1C5858E3ECEE}.Release|x86.ActiveCfg = Release|Win32
		{161C0439-2922-4636-9998-1C5858E3ECEE}.Release|x86.Build.0 = Release|Win32
		{E252C56E-713F-4752-9DBC-82C76EB023FD}.Debug|x64.ActiveCfg = Debug|x64
		{E252C56E-713F-4752-9DBC-82C76EB023FD}.Debug|x64.Build.0 = Debug|x64
		{E252C56E-713F-4752-9DBC-82C76EB023FD}.Debug|x86.ActiveCfg = Debug|Win32
		{E252C56E-713F-4752-9DBC-82C76EB023FD}.Debug|x86.Build.0 = Debug|Win32
		{E252C56E-713F-4752-9DBC-82C76EB023FD}.Release|x64.ActiveCfg = Release|x64
		{E252C56E-713F-4752-9DBC-82C76EB023FD}.Release|x64.Build.0 = Release|x64
		{E252C56E-713F-4752-9DBC-82C76EB023FD}.Release|x86.ActiveCfg = Release|Win32
		{E252C56E-713F-4752-9DBC-82C76EB023FD}.Release|x86.Build.0 = Release|Win32
		{FBD6DFBD-AA0D-459F-BA0F-AAC1CF1F2A99}.Debug|x64.ActiveCfg = Debug|x64
		{FBD6DFBD-AA0D-459F-BA0F-AAC1CF1F2A99}.Debug|x64.Build.0 = Debug|x64
		{FBD6DFBD-AA0D-459F-BA0F-AAC1CF1F2A99}.Debug|x86.ActiveCfg = Debug|Win32
		{FBD6DFBD-AA0D-459F-BA0F-AAC1CF1F2A99}.Debug|x86.Build.0 = Debug|Win32
		{FBD6DFBD-AA0D-459F-BA0F-AAC1CF1F2A99}.Release|x64.ActiveCfg = Release|x64
		{FBD6DFBD-AA0D-459F-BA0F-AAC1CF1F2A99}.Release|x64.Build.0 = Release|x64
		{FBD6DFBD-AA0D-459F-BA0F-AAC1CF1F2A99}.Release|x86.ActiveCfg = Release|Win32
		{FBD6DFBD-AA0D-459F-BA0F-AAC1CF1F2A99}.Release|x86.Build.0 = Release|Win32
		{14937979-BA66-4E40-AA7C-89AEB4C5B3B7}.Debug|x64.ActiveCfg = Debug|x64
		{14937979-BA66-4E40-AA7C-89AEB4C5B3B7}.Debug|x64.Build.0 = Debug|x64
		{14937979-BA66-4E40-AA7C-89AEB4C5B3B7}.Debug|x86.ActiveCfg = Debug|Win32
		{14937979-BA66-4E40-AA7C-89AEB4C5B3B7}.Debug|x86.Build.0 = Debug|Win32
		{14937979-BA66-4E40-AA7C-89AEB4C5B3B7}.Release|x64.ActiveCfg = Release|x64
		{14937979-BA66-4E40-AA7C-89AEB4C5B3B7}.Release|x64.Build.0 = Release|x64
		{14937979-BA66-4E40-AA7C-89AEB4C5B3B7}.Release|x86.ActiveCfg = Release|Win32
		{14937979-BA66-4E40-AA7C-89AEB4C5B3B7}.Release|x86.Build.0 = Release|Win32
		{F4D03DD4-3B38-4E61-B3C3-4FE40F8D572E}.Debug|x64.ActiveCfg = Debug|x64
		{F4D03DD4-3B38-4E61-B3C3-4FE40F8D572E}.Debug|x64.Build.0 = Debug|x64
		{F4D03DD4-3B38-4E61-B3C3-4FE40F8D572E}.Debug|x86.ActiveCfg = Debug|Win32
		{F4D03DD4-3B38-4E61-B3C3-4FE40F8D572E}.Debug|x86.Build.0 = Debug|Win32
		{F4D03DD4-3B38-4E61-B3C3-4FE40F8D572E}.Release|x64.ActiveCfg = Release|x64
		{F4D03DD4-3B38-4E61-B3C3-4FE40F8D572E}.Release|x64.Build.0 = Release|x64
		{F4D03DD4-3B38-4E61-B3C3-4FE40F8D572E}.Release|x86.ActiveCfg = Release|Win32
		{F4D03DD4-3B38-4E61-B3C3-4FE40F8D572E}.Release|x86.Build.0 = Release|Win32
		{A5DACBCC-8510-4403-B8BF-710C2CD1216C}.Debug|x64.ActiveCfg = Debug|x64
		{A5DACBCC-8510-4403-B8BF-710C2CD1216C}.Debug|x64.Build.0 = Debug|x64
		{A5DACBCC-8510-4403-B8BF-710C2CD1216C}.Debug|x86.ActiveCfg = Debug|Win32
		{A5DACBCC-8510-4403-B8BF-710C2CD1216C}.Debug|x86.Build.0 = Debug|Win32
		{A5DACBCC-8510-4403-B8BF-710C2CD1216C}.Release|x64.ActiveCfg = Release|x64
		{A5DACBCC-8510-4403-B8BF-710C2CD1216C}.Release|x64.Build.0 = Release|x64
		{A5DACBCC-8510-4403-B8BF-710C2CD1216C}.Release|x86.ActiveCfg = Release|Win32
		{A5DACBCC-8510-4403-B8BF-710C2CD1216C}.Release|x86.Build.0 = Release|Win32
		{AE733159-95B9-4776-9124-C62299566123}.Debug|x64.ActiveCfg = Debug|x64
		{AE733159-95B9-4776-9124-C62299566123}.Debug|x64.Build.0 = Debug|x64
		{AE733159-95B9-4776-9124-C62299566123}.Debug|x86.ActiveCfg = Debug|Win32
		{AE733159-95B9-4776-9124-C62299566123}.Debug|x86.Build.0 = Debug|Win32
		{AE733159-95B9-4776-9124-C62299566123}.Release|x64.ActiveCfg = Release|x64
		{AE733159-95B9-4776-9124-C62299566123}.Release|x64.Build.0 = Release|x64
		{AE733159-95B9-4776-9124-C62299566123}.Release|x86.ActiveCfg = Release|Win32
		{AE733159-95B9-4776-9124-C62299566123}.Release|x86.Build.0 = Release|Win32
		{BC0A159F-09A8-4E6C-A340-564DCD18BEFB}.Debug|x64.ActiveCfg = Debug|x64
		{BC0A159F-09A8-4E6C-A340-564DCD18BEFB}.Debug|x64.Build.0 = Debug|x64
		{BC0A159F-09A8-4E6C-A340-564DCD18BEFB}.Debug|x86.ActiveCfg = Debug|Win32
		{BC0A159F-09A8-4E6C-A340-564DCD18BEFB}.Debug|x86.Build.0 = Debug|Win32
		{BC0A159F-09A8-4E6C-A340-564DCD18BEFB}.Release|x64.ActiveCfg = Release|x64
		{BC0A159F-09A8-4E6C-A340-564DCD18BEFB}.Release|x64.Build.0 = Release|x64
		{BC0A159F-09A8-4E6C-A340-564DCD18BEFB}.Release|x86.ActiveCfg = Release|Win32
		{BC0A159F-09A8-4E6C-A340-564DCD18BEFB}.Release|x86.Build.0 = Release|Win32
		{74CB803B-D6BA-4F50-91E9-C9ADFA04A388}.Debug|x64.ActiveCfg = Debug|x64
		{74CB803B-D6BA-4F50-91E9-C9ADFA04A388}.Debug|x64.Build.0 = Debug|x64
		{74CB803B-D6BA-4F50-91E9-C9ADFA04A388}.Debug|x86.ActiveCfg = Debug|Win32
		{74CB803B-D6BA-4F50-91E9-C9ADFA04A388}.Debug|x86.Build.0 = Debug|Win32
		{74CB803B-D6BA-4F50-91E9-C9ADFA04A388}.Release|x64.ActiveCfg = Release|x64
		{74CB803B-D6BA-4F50-91E9-C9ADFA04A388}.Release|x64.Build.0 = Release|x64
		{74CB803B-D6BA-4F50-91E9-C9ADFA04A388}.Release|x86.ActiveCfg = Release|Win32
		{74CB803B-D6BA-4F50-91E9-C9ADFA04A388}.Release|x86.Build.0 = Release|Win32
		{4696ABB8-36E2-4E30-A808-E2E86D1ACBEE}.Debug|x64.ActiveCfg = Debug|x64
		{4696ABB8-36E2-4E30-A808-E2E86D1ACBEE}.Debug|x64.Build.0 = Debug|x64
		{4696ABB8-36E2-4E30-A808-E2E86D1ACBEE}.Debug|x86.ActiveCfg = Debug|Win32
		{4696ABB8-36E2-4E30-A808-E2E86D1ACBEE}.Debug|x86.Build.0 = Debug|Win32
		{4696ABB8-36E2-4E30-A808-E2E86D1ACBEE}.Release|x64.ActiveCfg = Release|x64
		{4696ABB8-36E2-4E30-A808-E2E86D1ACBEE}.Release|x64.Build.0 = Release|x64
		{4696ABB8-36E2-4E30-A808-E2E86D1ACBEE}.Release|x86.ActiveCfg = Release|Win32
		{4696ABB8-36E2-4E30-A808-E2E86D1ACBEE}.Release|x86.Build.0 = Release|Win32
		{CF3F9A6E-86D4-4C07-8536-ACB5CA6653A4}.Debug|x64.ActiveCfg = Debug|x64
		{CF3F9A6E-86D4-4C07-8536-ACB5CA6653A4}.Debug|x64.Build.0 = Debug|x64
		{CF3F9A6E-86D4-4C07-8536-ACB5CA6653A4}.Debug|x86.ActiveCfg = Debug|Win32
		{CF3F9A6E-86D4-4C07-8536-ACB5CA6653A4}.Debug|x86.Build.0 = Debug|Win32
		{CF3F9A6E-86D4-4C07-8536-ACB5CA6653A4}.Release|x64.ActiveCfg = Release|x64
		{CF3F9A6E-86D4-4C07-8536-ACB5CA6653A4}.Release|x64.Build.0 = Release|x64
		{CF3F9A6E-86D4-4C07-8536-ACB5CA6653A4}.Release|x86.ActiveCfg = Release|Win32
		{CF3F9A6E-86D4-4C07-8536-ACB5CA6653A4}.Release|x86.Build.0 = Release|Win32
		{CB4AEADE-5F18-4EA3-AF3B-88542A28BAAA}.Debug|x64.ActiveCfg = Debug|x64
		{CB4AEADE-5F18-4EA3-AF3B-88542A28BAAA}.Debug|x64.Build.0 = Debug|x64
		{CB4AEADE-5F18-4EA3-AF3B-88542A28BAAA}.Debug|x86.ActiveCfg = Debug|Win32
		{CB4AEADE-5F18-4EA3-AF3B-88542A28BAAA}.Debug|x86.Build.0 = Debug|Win32
		{CB4AEADE-5F18-4EA3-AF3B-88542A28BAAA}.Release|x64.ActiveCfg = Release|x64
		{CB4AEADE-5F18-4EA3-AF3B-88542A28BAAA}.Release|x64.Build.0 = Release|x64
		{CB4AEADE-5F18-4EA3-AF3B-88542A28BAAA}.Release|x86.ActiveCfg = Release|Win32
		{CB4AEADE-5F18-4EA3-AF3B-88542A28BAAA}.Release|x86.Build.0 = Release|Win32
		{36EDCB3E-2909-405F-85CA-3D9691B301A3}.Debug|x64.ActiveCfg = Debug|x64
		{36EDCB3E-2909-405F-85CA-3D9691B301A3}.Debug|x64.Build.0 = Debug|x64
		{36EDCB3E-2909-405F-85CA-3D9691B301A3}.Debug|x86.ActiveCfg = Debug|Win32
		{36EDCB3E-2909-405F-85CA-3D9691B301A3}.Debug|x86.Build.0 = Debug|Win32
		{36EDCB3E-2909-405F-85CA-3D9691B301A3}.Release|x64.ActiveCfg = Release|x64
		{36EDCB3E-2909-405F-85CA-3D9691B301A3}.Release|x64.Build.0 = Release|x64
		{36EDCB3E-2909-405F-85CA-3D9691B301A3}.Release|x86.ActiveCfg = Release|Win32
		{36EDCB3E-2909-405F-85CA-3D9691B301A3}.Release|x86.Build.0 = Release|Win32
		{43EFEBBB-AC1C-4AE5-8C80-A904727AB2A2}.Debug|x64.ActiveCfg = Debug|x64
		{43EFEBBB-AC1C-4AE5-8C80-A904727AB2A2}.Debug|x64.Build.0 = Debug|x64
		{43EFEBBB-AC1C-4AE5-8C80-A904727AB2A2}.Debug|x86.ActiveCfg = Debug|Win32
		{43EFEBBB-AC1C-4AE5-8C80-A904727AB2A2}.Debug|x86.Build.0 = Debug|Win32
		{43EFEBBB-AC1C-4AE5-8C80-A904727AB2A2}.Release|x64.ActiveCfg = Release|x64
		{43EFEBBB-AC1C-4AE5-8C80-A904727AB2A2}.Release|x64.Build.0 = Release|x64
		{43EFEBBB-AC1C-4AE5-8C80-A904727AB2A2}.Release|x86.ActiveCfg = Release|Win32
		{43EFEBBB-AC1C-4AE5-8C80-A904727AB2A2}.Release|x86.Build.0 = Release|Win32
		{58656F11-D40F-4056-9BAD-835F166268D5}.Debug|x64.ActiveCfg = Debug|x64
		{58656F11-D40F-4056-9BAD-835F166268D5}.Debug|x64.Build.0 = Debug|x64
		{58656F11-D40F-4056-9BAD-835F166268D5}.Debug|x86.ActiveCfg = Debug|Win32
		{58656F11-D40F-4056-9BAD-835F166268D5}.Debug|x86.Build.0 = Debug|Win32
		{58656F11-D40F-4056-9BAD-835F166268D5}.Release|x64.ActiveCfg = Release|x64
		{58656F11-D40F-4056-9BAD-835F166268D5}.Release|x64.Build.0 = Release|x64
		{58656F11-D40F-4056-9BAD-835F166268D5}.Release|x86.ActiveCfg = Release|Win32
		{58656F11-D40F-4056-9BAD-835F166268D5}.Release|x86.Build.0 = Release|Win32
		{7E3C206D-3FB8-44C6-929D-D994F7B20422}.Debug|x64.ActiveCfg = Debug|x64
		{7E3C206D-3FB8-44C6-929D-D994F7B20422}.Debug|x64.Build.0 = Debug|x64
		{7E3C206D-3FB8-44C6-929D-D994F7B20422}.Debug|x86.ActiveCfg = Debug|Win32
		{7E3C206D-3FB8-44C6-929D-D994F7B20422}.Debug|x86.Build.0 = Debug|Win32
		{7E3C206D-3FB8-44C6-929D-D994F7B20422}.Release|x64.ActiveCfg = Release|x64
		{7E3C206D-3FB8-44C6-929D-D994F7B20422}.Release|x64.Build.0 = Release|x64
		{7E3C206D-3FB8-44C6-929D-D994F7B20422}.Release|x86.ActiveCfg = Release|Win32
		{7E3C206D-3FB8-44C6-929D-D994F7B20422}.Release|x86.Build.0 = Release|Win32
		{B6B63B11-7F46-4CFE-B249-020CFCE1D1D2}.Debug|x64.ActiveCfg = Debug|x64
		{B6B63B11-7F46-4CFE-B249-020CFCE1D1D2}.Debug|x64.Build.0 = Debug|x64
		{B6B63B11-7F46-4CFE-B249-020CFCE1D1D2}.Debug|x86.ActiveCfg = Debug|Win32
		{B6B63B11-7F46-4CFE-B249-020CFCE1D1D2}.Debug|x86.Build.0 = Debug|Win32
		{B6B63B11-7F46-4CFE-B249-020CFCE1D1D2}.Release|x64.ActiveCfg = Release|x64
		{B6B63B11-7F46-4CFE-B249-020CFCE1D1D2}.Release|x64.Build.0 = Release|x64
		{B6B63B11-7F46-4CFE-B249-020CFCE1D1D2}.Release|x86.ActiveCfg = Release|Win32
		{B6B63B11-7F46-4CFE-B249-020CFCE1D1D2}.Release|x86.Build.0 = Release|Win32
		{64AB5984-61F1-4F52-9F9E-E9058ECD4A9E}.Debug|x64.ActiveCfg = Debug|x64
		{64AB5984-61F1-4F52-9F9E-E9058ECD4A9E}.Debug|x64.Build.0 = Debug|x64
		{64AB5984-61F1-4F52-9F9E-E9058ECD4A9E}.Debug|x86.ActiveCfg = Debug|Win32
		{64AB5984-61F1-4F52-9F9E-E9058ECD4A9E}.Debug|x86.Build.0 = Debug|Win32
		{64AB5984-61F1-4F52-9F9E-E9058ECD4A9E}.Release|x64.ActiveCfg = Release|x64
		{64AB5984-61F1-4F52-9F9E-E9058ECD4A9E}.Release|x64.Build.0 = Release|x64
		{64AB5984-61F1-4F52-9F9E-E9058ECD4A9E}.Release|x86.ActiveCfg = Release|Win32
		{64AB5984-61F1-4F52-9F9E-E9058ECD4A9E}.Release|x86.Build.0 = Release|Win32
		{B09BFAAB-68AE-4F44-B629-D1B300356194}.Debug|x64.ActiveCfg = Debug|x64
		{B09BFAAB-68AE-4F44-B629-D1B300356194}.Debug|x64.Build.0 = Debug|x64
		{B09BFAAB-68AE-4F44-B629-D1B300356194}.Debug|x86.ActiveCfg = Debug|Win32
		{B09BFAAB-68AE-4F44-B629-D1B300356194}.Debug|x86.Build.0 = Debug|Win32
		{B09BFAAB-68AE-4F44-B629-D1B300356194}.Release|x64.ActiveCfg = Release|x64
		{B09BFAAB-68AE-4F44-B629-D1B300356194}.Release|x64.Build.0 = Release|x64
		{B09BFAAB-68AE-4F44-B629-D1B300356194}.Release|x86.ActiveCfg = Release|Win32
		{B09BFAAB-68AE-4F44-B629-D1B300356194}.Release|x86.Build.0 = Release|Win32
		{E6AC8846-2838-49D3-A5D6-1294826B1D51}.Debug|x64.ActiveCfg = Debug|x64
		{E6AC8846-2838-49D3-A5D6-1294826B1D51}.Debug|x64.Build.0 = Debug|x64
		{E6AC8846-2838-49D3-A5D6-1294826B1D51}.Debug|x86.ActiveCfg = Debug|Win32
		{E6AC8846-2838-49D3-A5D6-1294826B1D51}.Debug|x86.Build.0 = Debug|Win32
		{E6AC8846-2838-49D3-A5D6-1294826B1D51}.Release|x64.ActiveCfg = Release|x64
		{E6AC8846-2838-49D3-A5D6-1294826B1D51}.Release|x64.Build.0 = Release|x64
		{E6AC8846-2838-49D3-A5D6-1294826B1D51}.Release|x86.ActiveCfg = Release|Win32
		{E6AC8846-2838-49D3-A5D6-1294826B1D51}.Release|x86.Build.0 = Release|Win32
		{B72B68C6-6457-46AB-A7AD-849DA64D98EC}.Debug|x64.ActiveCfg = Debug|x64
		{B72B68C6-6457-46AB-A7AD-849DA64D98EC}.Debug|x64.Build.0 = Debug|x64
		{B72B68C6-6457-46AB-A7AD-849DA64D98EC}.Debug|x86.ActiveCfg = Debug|Win32
		{B72B68C6-6457-46AB-A7AD-849DA64D98EC}.Debug|x86.Build.0 = Debug|Win32
		{B72B68C6-6457-46AB-A7AD-849DA64D98EC}.Release|x64.ActiveCfg = Release|x64
		{B72B68C6-6457-46AB-A7AD-849DA64D98EC}.Release|x64.Build.0 = Release|x64
		{B72B68C6-6457-46AB-A7AD-849DA64D98EC}.Release|x86.ActiveCfg = Release|Win32
		{B72B68C6-6457-46AB-A7AD-849DA64D98EC}.Release|x86.Build.0 = Release|Win32
		{4A6DE989-BC0A-45CE-B5C1-C417D73D9EA5}.Debug|x64.ActiveCfg = Debug|x64
		{4A6DE989-BC0A-45CE-B5C1-C417D73D9EA5}.Debug|x64.Build.0 = Debug|x64
		{4A6DE989-BC0A-45CE-B5C1-C417D73D9EA5}.Debug|x86.ActiveCfg = Debug|Win32
		{4A6DE989-BC0A-45CE-B5C1-C417D73D9EA5}.Debug|x86.Build.0 = Debug|Win32
		{4A6DE989-BC0A-45CE-B5C1-C417D73D9EA5}.Release|x64.ActiveCfg = Release|x64
		{4A6DE989-BC0A-45CE-B5C1-C417D73D9EA5}.Release|x64.Build.0 = Release|x64
		{4A6DE989-BC0A-45CE-B5C1-C417D73D9EA5}.Release|x86.ActiveCfg = Release|Win32
		{4A6DE989-BC0A-45CE-B5C1-C417D73D9EA5}.Release|x86.Build.0 = Release|Win32
		{C27BA727-3109-4F45-BF49-20F685BC17F9}.Debug|x64.ActiveCfg = Debug|x64
		{C27BA727-3109-4F45-BF49-20F685BC17F9}.Debug|x64.Build.0 = Debug|x64
		{C27BA727-3109-4F45-BF49-20F685BC17F9}.Debug|x86.ActiveCfg = Debug|Win32
		{C27BA727-3109-4F45-BF49-20F685BC17F9}.Debug|x86.Build.0 = Debug|Win32
		{C27BA727-3109-4F45-BF49-20F685BC17F9}.Release|x64.ActiveCfg = Release|x64
		{C27BA727-3109-4F45-BF49-20F685BC17F9}.Release|x64.Build.0 = Release|x64
		{C27BA727-3109-4F45-BF49-20F685BC17F9}.Release|x86.ActiveCfg = Release|Win32
		{C27BA727-3109-4F45-BF49-20F685BC17F9}.Release|x86.Build.0 = Release|Win32
		{D0B2E4B0-2E4A-4980-AA57-935755F2B460}.Debug|x64.ActiveCfg = Debug|x64
		{D0B2E4B0-2E4A-4980-AA57-935755F2B460}.Debug|x64.Build.0 = Debug|x64
		{D0B2E4B0-2E4A-4980-AA57-935755F2B460}.Debug|x86.ActiveCfg = Debug|Win32
		{D0B2E4B0-2E4A-4980-AA57-935755F2B460}.Debug|x86.Build.0 = Debug|Win32
		{D0B2E4B0-2E4A-4980-AA57-935755F2B460}.Release|x64.ActiveCfg = Release|x64
		{D0B2E4B0-2E4A-4980-AA57-935755F2B460}.Release|x64.Build.0 = Release|x64
		{D0B2E4B0-2E4A-4980-AA57-935755F2B460}.Release|x86.ActiveCfg = Release|Win32
		{D0B2E4B0-2E4A-4980-AA57-935755F2B460}.Release|x86.Build.0 = Release|Win32
		{DC13BAFB-E460-4168-A709-723E9108A232}.Debug|x64.ActiveCfg = Debug|x64
		{DC13BAFB-E460-4168-A709-723E9108A232}.Debug|x64.Build.0 = Debug|x64
		{DC13BAFB-E460-4168-A709-723E9108A232}.Debug|x86.ActiveCfg = Debug|Win32
		{DC13BAFB-E460-4168-A709-723E9108A232}.Debug|x86.Build.0 = Debug|Win32
		{DC13BAFB-E460-4168-A709-723E9108A232}.Release|x64.ActiveCfg = Release|x64
		{DC13BAFB-E460-4168-A709-723E9108A232}.Release|x64.Build.0 = Release|x64
		{DC13BAFB-E460-4168-A709-723E9108A232}.Release|x86.ActiveCfg = Release|Win32
		{DC13BAFB-E460-4168-A709-723E9108A232}.Release|x86.Build.0 = Release|Win32
		{7C1B15D0-9FA6-4EEB-A6BF-946F41F096DA}.Debug|x64.ActiveCfg = Debug|x64
		{7C1B15D0-9FA6-4EEB-A6BF-946F41F096DA}.Debug|x64.Build.0 = Debug|x64
		{7C1B15D0-9FA6-4EEB-A6BF-946F41F096DA}.Debug|x86.ActiveCfg = Debug|Win32
		{7C1B15D0-9FA6-4EEB-A6BF-946F41F096DA}.Debug|x86.Build.0 = Debug|Win32
		{7C1B15D0-9FA6-4EEB-A6BF-946F41F096DA}.Release|x64.ActiveCfg = Release|x64
		{7C1B15D0-9FA6-4EEB-A6BF-946F41F096DA}.Release|x64.Build.0 = Release|x64
		{7C1B15D0-9FA6-4EEB-A6BF-946F41F096DA}.Release|x86.ActiveCfg = Release|Win32
		{7C1B15D0-9FA6-4EEB-A6BF-946F41F096DA}.Release|x86.Build.0 = Release|Win32
		{A366280C-8BEA-43FD-9C89-AA637BB85167}.Debug|x64.ActiveCfg = Debug|x64
		{A366280C-8BEA-43FD-9C89-AA637BB85167}.Debug|x64.Build.0 = Debug|x64
		{A366280C-8BEA-43FD-9C89-AA637BB85167}.Debug|x86.ActiveCfg = Debug|Win32
		{A366280C-8BEA-43FD-9C89-AA637BB85167}.Debug|x86.Build.0 = Debug|Win32
		{A366280C-8BEA-43FD-9C89-AA637BB85167}.Release|x64.ActiveCfg = Release|x64
		{A366280C-8BEA-43FD-9C89-AA637BB85167}.Release|x64.Build.0 = Release|x64
		{A366280C-8BEA-43FD-9C89-AA637BB85167}.Release|x86.ActiveCfg = Release|Win32
		{A366280C-8BEA-43FD-9C89-AA637BB85167}.Release|x86.Build.0 = Release|Win32
		{68B8F8E5-EA36-4E4F-82F6-F3C26CA76447}.Debug|x64.ActiveCfg = Debug|x64
		{68B8F8E5-EA36-4E4F-82F6-F3C26CA76447}.Debug|x64.Build.0 = Debug|x64
		{68B8F8E5-EA36-4E4F-82F6-F3C26CA76447}.Debug|x86.ActiveCfg = Debug|Win32
		{68B8F8E5-EA36-4E4F-82F6-F3C26CA76447}.Debug|x86.Build.0 = Debug|Win32
		{68B8F8E5-EA36-4E4F-82F6-F3C26CA76447}.Release|x64.ActiveCfg = Release|x64
		{68B8F8E5-EA36-4E4F-82F6-F3C26CA76447}.Release|x64.Build.0 = Release|x64
		{68B8F8E5-EA36-4E4F-82F6-F3C26CA76447}.Release|x86.ActiveCfg = Release|Win32
		{68B8F8E5-EA36-4E4F-82F6-F3C26CA76447}.Release|x86.Build.0 = Release|Win32
		{CA11804C-DC77-45A9-8817-9699E2B07B2C}.Debug|x64.ActiveCfg = Debug|x64
		{CA11804C-DC77-45A9-8817-9699E2B07B2C}.Debug|x64.Build.0 = Debug|x64
		{CA11804C-DC77-45A9-8817-9699E2B07B2C}.Debug|x86.ActiveCfg = Debug|Win32
		{CA11804C-DC77-45A9-8817-9699E2B07B2C}.Debug|x86.Build.0 = Debug|Win32
		{CA11804C-DC77-45A9-8817-9699E2B07B2C}.Release|x64.ActiveCfg = Release|x64
		{CA11804C-DC77-45A9-8817-9699E2B07B2C}.Release|x64.Build.0 = Release|x64
		{CA11804C-DC77-45A9-8817-9699E2B07B2C}.Release|x86.ActiveCfg = Release|Win32
		{CA11804C-DC77-45A9-8817-9699E2B07B2C}.Release|x86.Build.0 = Release|Win32
		{4C3A014C-ED24-4C58-978B-5561C347BEBA}.Debug|x64.ActiveCfg = Debug|x64
		{4C3A014C-ED24-4C58-978B-5561C347BEBA}.Debug|x64.Build.0 = Debug|x64
		{4C3A014C-ED24-4C58-978B-5561C347BEBA}.Debug|x86.ActiveCfg = Debug|Win32
		{4C3A014C-ED24-4C58-978B-5561C347BEBA}.Debug|x86.Build.0 = Debug|Win32
		{4C3A014C-ED24-4C58-978B-5561C347BEBA}.Release|x64.ActiveCfg = Release|x64
		{4C3A014C-ED24-4C58-978B-5561C347BEBA}.Release|x64.Build.0 = Release|x64
		{4C3A014C-ED24-4C58-978B-5561C347BEBA}.Release|x86.ActiveCfg = Release|Win32
		{4C3A014C-ED24-4C58-978B-5561C347BEBA}.Release|x86.Build.0 = Release|Win32
		{95C671CB-A5E3-49BC-A334-5B90FDD46DC5}.Debug|x64.ActiveCfg = Debug|x64
		{95C671CB-A5E3-49BC-A334-5B90FDD46DC5}.Debug|x64.Build.0 = Debug|x64
		{95C671CB-A5E3-49BC-A334-5B90FDD46DC5}.Debug|x86.ActiveCfg = Debug|Win32
		{95C671CB-A5E3-49BC-A334-5B90FDD46DC5}.Debug|x86.Build.0 = Debug|Win32
		{95C671CB-A5E3-49BC-A334-5B90FDD46DC5}.Release|x64.ActiveCfg = Release|x64
		{95C671CB-A5E3-49BC-A334-5B90FDD46DC5}.Release|x64.Build.0 = Release|x64
		{95C671CB-A5E3-49BC-A334-5B90FDD46DC5}.Release|x86.ActiveCfg = Release|Win32
		{95C671CB-A5E3-49BC-A334-5B90FDD46DC5}.Release|x86.Build.0 = Release|Win32
		{DC8D0ED7-996D-4DE0-9EA3-8067F3996129}.Debug|x64.ActiveCfg = Debug|x64
		{DC8D0ED7-996D-4DE0-9EA3-8067F3996129}.Debug|x64.Build.0 = Debug|x64
		{DC8D0ED7-996D-4DE0-9EA3-8067F3996129}.Debug|x86.ActiveCfg = Debug|Win32
		{DC8D0ED7-996D-4DE0-9EA3-8067F3996129}.Debug|x86.Build.0 = Debug|Win32
		{DC8D0ED7-996D-4DE0-9EA3-8067F3996129}.Release|x64.ActiveCfg = Release|x64
		{DC8D0ED7-996D-4DE0-9EA3-8067F3996129}.Release|x64.Build.0 = Release|x64
		{DC8D0ED7-996D-4DE0-9EA3-8067F3996129}.Release|x86.ActiveCfg = Release|Win32
		{DC8D0ED7-996D-4DE0-9EA3-8067F3996129}.Release|x86.Build.0 = Release|Win32
		{E8961E01-2F75-48D5-AB3B-E4FE95B1EF58}.Debug|x64.ActiveCfg = Debug|x64
		{E8961E01-2F75-48D5-AB3B-E4FE95B1EF58}.Debug|x64.Build.0 = Debug|x64
		{E8961E01-2F75-48D5-AB3B-E4FE95B1EF58}.Debug|x86.ActiveCfg = Debug|Win32
		{E8961E01-2F75-48D5-AB3B-E4FE95B1EF58}.Debug|x86.Build.0 = Debug|Win32
		{E8961E01-2F75-48D5-AB3B-E4FE95B1EF58}.Release|x64.ActiveCfg = Release|x64
		{E8961E01-2F75-48D5-AB3B-E4FE95B1EF58}.Release|x64.Build.0 = Release|x64
		{E8961E01-2F75-48D5-AB3B-E4FE95B1EF58}.Release|x86.ActiveCfg = Release|Win32
		{E8961E01-2F75-48D5-AB3B-E4FE95B1EF58}.Release|x86.Build.0 = Release|Win32
		{BB11C2C0-3BA0-4B04-AAB3-C82163F5B9AA}.Debug|x64.ActiveCfg = Debug|x64
		{BB11C2C0-3BA0-4B04-AAB3-C82163F5B9AA}.Debug|x64.Build.0 = Debug|x64
		{BB11C2C0-3BA0-4B04-AAB3-C82163F5B9AA}.Debug|x86.ActiveCfg = Debug|Win32
		{BB11C2C0-3BA0-4B04-AAB3-C82163F5B9AA}.Debug|x86.Build.0 = Debug|Win32
		{BB11C2C0-3BA0-4B04-AAB3-C82163F5B9AA}.Release|x64.ActiveCfg = Release|x64
		{BB11C2C0-3BA0-4B04-AAB3-C82163F5B9AA}.Release|x64.Build.0 = Release|x64
		{BB11C2C0-3BA0-4B04-AAB3-C82163F5B9AA}.Release|x86.ActiveCfg = Release|Win32
		{BB11C2C0-3BA0-4B04-AAB3-C82163F5B9AA}.Release|x86.Build.0 = Release|Win32
		{52D8853A-E2C3-45B7-9D45-84560FA8E6CA}.Debug|x64.ActiveCfg = Debug|x64
		{52D8853A-E2C3-45B7-9D45-84560FA8E6CA}.Debug|x64.Build.0 = Debug|x64
		{52D8853A-E2C3-45B7-9D45-84560FA8E6CA}.Debug|x86.ActiveCfg = Debug|Win32
		{52D8853A-E2C3-45B7-9D45-84560FA8E6CA}.Debug|x86.Build.0 = Debug|Win32
		{52D8853A-E2C3-45B7-9D45-84560FA8E6CA}.Release|x64.ActiveCfg = Release|x64
		{52D8853A-E2C3-45B7-9D45-84560FA8E6CA}.Release|x64.Build.0 = Release|x64
		{52D8853A-E2C3-45B7-9D45-84560FA8E6CA}.Release|x86.ActiveCfg = Release|Win32
		{52D8853A-E2C3-45B7-9D45-84560FA8E6CA}.Release|x86.Build.0 = Release|Win32
		{FE9C1871-6DA4-407A-9B31-C0DF872CB288}.Debug|x64.ActiveCfg = Debug|x64
		{FE9C1871-6DA4-407A-9B31-C0DF872CB288}.Debug|x64.Build.0 = Debug|x64
		{FE9C1871-6DA4-407A-9B31-C0DF872CB288}.Debug|x86.ActiveCfg = Debug|Win32
		{FE9C1871-6DA4-407A-9B31-C0DF872CB288}.Debug|x86.Build.0 = Debug|Win32
		{FE9C1871-6DA4-407A-9B31-C0DF872CB288}.Release|x64.ActiveCfg = Release|x64
		{FE9C1871-6DA4-407A-9B31-C0DF872CB288}.Release|x64.Build.0 = Release|x64
		{FE9C1871-6DA4-407A-9B31-C0DF872CB288}.Release|x86.ActiveCfg = Release|Win32
		{FE9C1871-6DA4-407A-9B31-C0DF872CB288}.Release|x86.Build.0 = Release|Win32
		{D51ECF20-CFD3-4A02-ACA7-5D5E857680A8}.Debug|x64.ActiveCfg = Debug|x64
		{D51ECF20-CFD3-4A02-ACA7-5D5E857680A8}.Debug|x64.Build.0 = Debug|x64
		{D51ECF20-CFD3-4A02-ACA7-5D5E857680A8}.Debug|x86.ActiveCfg = Debug|Win32
		{D51ECF20-CFD3-4A02-ACA7-5D5E857680A8}.Debug|x86.Build.0 = Debug|Win32
		{D51ECF20-CFD3-4A02-ACA7-5D5E857680A8}.Release|x64.ActiveCfg = Release|x64
		{D51ECF20-CFD3-4A02-ACA7-5D5E857680A8}.Release|x64.Build.0 = Release|x64
		{D51ECF20-CFD3-4A02-ACA7-5D5E857680A8}.Release|x86.ActiveCfg = Release|Win32
		{D51ECF20-CFD3-4A02-ACA7-5D5E857680A8}.Release|x86.Build.0 = Release|Win32
		{55C6CBBC-8BA3-46A8-B2E4-757C9C663B87}.Debug|x64.ActiveCfg = Debug|x64
		{55C6CBBC-8BA3-46A8-B2E4-757C9C663B87}.Debug|x64.Build.0 = Debug|x64
		{55C6CBBC-8BA3-46A8-B2E4-757C9C663B87}.Debug|x86.ActiveCfg = Debug|Win32
		{55C6CBBC-8BA3-46A8-B2E4-757C9C663B87}.Debug|x86.Build.0 = Debug|Win32
		{55C6CBBC-8BA3-46A8-B2E4-757C9C663B87}.Release|x64.ActiveCfg = Release|x64
		{55C6CBBC-8BA3-46A8-B2E4-757C9C663B87}.Release|x64.Build.0 = Release|x64
		{55C6CBBC-8BA3-46A8-B2E4-757C9C663B87}.Release|x86.ActiveCfg = Release|Win32
		{55C6CBBC-8BA3-46A8-B2E4-757C9C663B87}.Release|x86.Build.0 = Release|Win32
		{755947D7-85FD-4539-9735-E8777BA9018D}.Debug|x64.ActiveCfg = Debug|x64
		{755947D7-85FD-4539-9735-E8777BA9018D}.Debug|x64.Build.0 = Debug|x64
		{755947D7-85FD-4539-9735-E8777BA9018D}.Debug|x86.ActiveCfg = Debug|Win32
		{755947D7-85FD-4539-9735-E8777BA9018D}.Debug|x86.Build.0 = Debug|Win32
		{755947D7-85FD-4539-9735-E8777BA9018D}.Release|x64.ActiveCfg = Release|x64
		{755947D7-85FD-4539-9735-E8777BA9018D}.Release|x64.Build.0 = Release|x64
		{755947D7-85FD-4539-9735-E8777BA9018D}.Release|x86.ActiveCfg = Release|Win32
		{755947D7-85FD-4539-9735-E8777BA9018D}.Release|x86.Build.0 = Release|Win32
		{1DEC7BC2-9336-413C-94CA-2FAB60E8C441}.Debug|x64.ActiveCfg = Debug|x64
		{1DEC7BC2-9336-413C-94CA-2FAB60E8C441}.Debug|x64.Build.0 = Debug|x64
		{1DEC7BC2-9336-413C-94CA-2FAB60E8C441}.Debug|x86.ActiveCfg = Debug|Win32
		{1DEC7BC2-9336-413C-94CA-2FAB60E8C441}.Debug|x86.Build.0 = Debug|Win32
		{1DEC7BC2-9336-413C-94CA-2FAB60E8C441}.Release|x64.ActiveCfg = Release|x64
		{1DEC7BC2-9336-413C-94CA-2FAB60E8C441}.Release|x64.Build.0 = Release|x64
		{1DEC7BC2-9336-413C-94CA-2FAB60E8C441}.Release|x86.ActiveCfg = Release|Win32
		{1DEC7BC2-9336-413C-94CA-2FAB60E8C441}.Release|x86.Build.0 = Release|Win32
		{E20796B5-2F4F-4173-A1B8-59CEDA2452A6}.Debug|x64.ActiveCfg = Debug|x64
		{E20796B5-2F4F-4173-A1B8-59CEDA2452A6}.Debug|x64.Build.0 = Debug|x64
		{E20796B5-2F4F-4173-A1B8-59CEDA2452A6}.Debug|x86.ActiveCfg = Debug|Win32
		{E20796B5-2F4F-4173-A1B8-59CEDA2452A6}.Debug|x86.Build.0 = Debug|Win32
		{E20796B5-2F4F-4173-A1B8-59CEDA2452A6}.Release|x64.ActiveCfg = Release|x64
		{E20796B5-2F4F-4173-A1B8-59CEDA2452A6}.Release|x64.Build.0 = Release|x64
		{E20796B5-2F4F-4173-A1B8-59CEDA2452A6}.Release|x86.ActiveCfg = Release|Win32
		{E20796B5-2F4F-4173-A1B8-59CEDA2452A6}.Release|x86.Build.0 = Release|Win32
		{89BACDBD-0CE1-418C-9FF6-102153773B6A}.Debug|x64.ActiveCfg = Debug|x64
		{89BACDBD-0CE1-418C-9FF6-102153773B6A}.Debug|x64.Build.0 = Debug|x64
		{89BACDBD-0CE1-418C-9FF6-102153773B6A}.Debug|x86.ActiveCfg = Debug|Win32
		{89BACDBD-0CE1-418C-9FF6-102153773B6A}.Debug|x86.Build.0 = Debug|Win32
		{89BACDBD-0CE1-418C-9FF6-102153773B6A}.Release|x64.ActiveCfg = Release|x64
		{89BACDBD-0CE1-418C-9FF6-102153773B6A}.Release|x64.Build.0 = Release|x64
		{89BACDBD-0CE1-418C-9FF6-102153773B6A}.Release|x86.ActiveCfg = Release|Win32
		{89BACDBD-0CE1-418C-9FF6-102153773B6A}.Release|x86.Build.0 = Release|Win32
		{B1E76438-AD42-4279-9C77-F8A48578A9D6}.Debug|x64.ActiveCfg = Debug|x64
		{B1E76438-AD42-4279-9C77-F8A48578A9D6}.Debug|x64.Build.0 = Debug|x64
		{B1E76438-AD42-4279-9C77-F8A48578A9D6}.Debug|x86.ActiveCfg = Debug|Win32
		{B1E76438-AD42-4279-9C77-F8A48578A9D6}.Debug|x86.Build.0 = Debug|Win32
		{B1E76438-AD42-4279-9C77-F8A48578A9D6}.Release|x64.ActiveCfg = Release|x64
		{B1E76438-AD42-4279-9C77-F8A48578A9D6}.Release|x64.Build.0 = Release|x64
		{B1E76438-AD42-4279-9C77-F8A48578A9D6}.Release|x86.ActiveCfg = Release|Win32
		{B1E76438-AD42-4279-9C77-F8A48578A9D6}.Release|x86.Build.0 = Release|Win32
		{011F62D8-9FD0-4B1C-8413-07A317F00722}.Debug|x64.ActiveCfg = Debug|x64
		{011F62D8-9FD0-4B1C-8413-07A317F00722}.Debug|x64.Build.0 = Debug|x64
		{011F62D8-9FD0-4B1C-8413-07A317F00722}.Debug|x86.ActiveCfg = Debug|Win32
		{011F62D8-9FD0-4B1C-8413-07A317F00722}.Debug|x86.Build.0 = Debug|Win32
		{011F62D8-9FD0-4B1C-8413-07A317F00722}.Release|x64.ActiveCfg = Release|x64
		{011F62D8-9FD0-4B1C-8413-07A317F00722}.Release|x64.Build.0 = Release|x64
		{011F62D8-9FD0-4B1C-8413-07A317F00722}.Release|x86.ActiveCfg = Release|Win32
		{011F62D8-9FD0-4B1C-8413-07A317F00722}.Release|x86.Build.0 = Release|Win32
		{E8ADAC61-4CD3-4694-8356-98F5752A8821}.Debug|x64.ActiveCfg = Debug|x64
		{E8ADAC61-4CD3-4694-8356-98F5752A8821}.Debug|x64.Build.0 = Debug|x64
		{E8ADAC61-4CD3-4694-8356-98F5752A8821}.Debug|x86.ActiveCfg = Debug|Win32
		{E8ADAC61-4CD3-4694-8356-98F5752A8821}.Debug|x86.Build.0 = Debug|Win32
		{E8ADAC61-4CD3-4694-8356-98F5752A8821}.Release|x64.ActiveCfg = Release|x64
		{E8ADAC61-4CD3-4694-8356-98F5752A8821}.Release|x64.Build.0 = Release|x64
		{E8ADAC61-4CD3-4694-8356-98F5752A8821}.Release|x86.ActiveCfg = Release|Win32
		{E8ADAC61-4CD3-4694-8356-98F5752A8821}.Release|x86.Build.0 = Release|Win32
		{A03E0A1D-29ED-40D1-BCCA-AE4AC1B766DF}.Debug|x64.ActiveCfg = Debug|x64
		{A03E0A1D-29ED-40D1-BCCA-AE4AC1B766DF}.Debug|x64.Build.0 = Debug|x64
		{A03E0A1D-29ED-40D1-BCCA-AE4AC1B766DF}.Debug|x86.ActiveCfg = Debug|Win32
		{A03E0A1D-29ED-40D1-BCCA-AE4AC1B766DF}.Debug|x86.Build.0 = Debug|Win32
		{A03E0A1D-29ED-40D1-BCCA-AE4AC1B766DF}.Release|x64.ActiveCfg = Release|x64
		{A03E0A1D-29ED-40D1-BCCA-AE4AC1B766DF}.Release|x64.Build.0 = Release|x64
		{A03E0A1D-29ED-40D1-BCCA-AE4AC1B766DF}.Release|x86.ActiveCfg = Release|Win32
		{A03E0A1D-29ED-40D1-BCCA-AE4AC1B766DF}.Release|x86.Build.0 = Release|Win32
		{B07C348D-9EFD-4CFF-8996-FB0AC1AB7DF0}.Debug|x64.ActiveCfg = Debug|x64
		{B07C348D-9EFD-4CFF-8996-FB0AC1AB7DF0}.Debug|x64.Build.0 = Debug|x64
		{B07C348D-9EFD-4CFF-8996-FB0AC1AB7DF0}.Debug|x86.ActiveCfg = Debug|Win32
		{B07C348D-9EFD-4CFF-8996-FB0AC1AB7DF0}.Debug|x86.Build.0 = Debug|Win32
		{B07C348D-9EFD-4CFF-8996-FB0AC1AB7DF0}.Release|x64.ActiveCfg = Release|x64
		{B07C348D-9EFD-4CFF-8996-FB0AC1AB7DF0}.Release|x64.Build.0 = Release|x64
		{B07C348D-9EFD-4CFF-8996-FB0AC1AB7DF0}.Release|x86.ActiveCfg = Release|Win32
		{B07C348D-9EFD-4CFF-8996-FB0AC1AB7DF0}.Release|x86.Build.0 = Release|Win32
		{67D72881-8FF0-4851-9647-545B3675EF3C}.Debug|x64.ActiveCfg = Debug|x64
		{67D72881-8FF0-4851-9647-545B3675EF3C}.Debug|x64.Build.0 = Debug|x64
		{67D72881-8FF0-4851-9647-545B3675EF3C}.Debug|x86.ActiveCfg = Debug|Win32
		{67D72881-8FF0-4851-9647-545B3675EF3C}.Debug|x86.Build.0 = Debug|Win32
		{67D72881-8FF0-4851-9647-545B3675EF3C}.Release|x64.ActiveCfg = Release|x64
		{67D72881-8FF0-4851-9647-545B3675EF3C}.Release|x64.Build.0 = Release|x64
		{67D72881-8FF0-4851-9647-545B3675EF3C}.Release|x86.ActiveCfg = Release|Win32
		{67D72881-8FF0-4851-9647-545B3675EF3C}.Release|x86.Build.0 = Release|Win32
		{437D206E-7FB4-4E06-9713-DB5D6AD3D6C4}.Debug|x64.ActiveCfg = Debug|x64
		{437D206E-7FB4-4E06-9713-DB5D6AD3D6C4}.Debug|x64.Build.0 = Debug|x64
		{437D206E-7FB4-4E06-9713-DB5D6AD3D6C4}.Debug|x86.ActiveCfg = Debug|Win32
		{437D206E-7FB4-4E06-9713-DB5D6AD3D6C4}.Debug|x86.Build.0 = Debug|Win32
		{437D206E-7FB4-4E06-9713-DB5D6AD3D6C4}.Release|x64.ActiveCfg = Release|x64
		{437D206E-7FB4-4E06-9713-DB5D6AD3D6C4}.Release|x64.Build.0 = Release|x64
		{437D206E-7FB4-4E06-9713-DB5D6AD3D6C4}.Release|x86.ActiveCfg = Release|Win32
		{437D206E-7FB4-4E06-9713-DB5D6AD3D6C4}.Release|x86.Build.0 = Release|Win32
		{B1FD6264-AD5C-4DAC-BCE4-EE0B69ADE2F7}.Debug|x64.ActiveCfg = Debug|x64
		{B1FD6264-AD5C-4DAC-BCE4-EE0B69ADE2F7}.Debug|x64.Build.0 = Debug|x64
		{B1FD6264-AD5C-4DAC-BCE4-EE0B69ADE2F7}.Debug|x86.ActiveCfg = Debug|Win32
		{B1FD6264-AD5C-4DAC-BCE4-EE0B69ADE2F7}.Debug|x86.Build.0 = Debug|Win32
		{B1FD6264-AD5C-4DAC-BCE4-EE0B69ADE2F7}.Release|x64.ActiveCfg = Release|x64
		{B1FD6264-AD5C-4DAC-BCE4-EE0B69ADE2F7}.Release|x64.Build.0 = Release|x64
		{B1FD6264-AD5C-4DAC-BCE4-EE0B69ADE2F7}.Release|x86.ActiveCfg = Release|Win32
		{B1FD6264-AD5C-4DAC-BCE4-EE0B69ADE2F7}.Release|x86.Build.0 = Release|Win32
		{342E39B4-0438-4175-855E-090678D71CD2}.Debug|x64.ActiveCfg = Debug|x64
		{342E39B4-0438-4175-855E-090678D71CD2}.Debug|x64.Build.0 = Debug|x64
		{342E39B4-0438-4175-855E-090678D71CD2}.Debug|x86.ActiveCfg = Debug|Win32
		{342E39B4-0438-4175-855E-090678D71CD2}.Debug|x86.Build.0 = Debug|Win32
		{342E39B4-0438-4175-855E-090678D71CD2}.Release|x64.ActiveCfg = Release|x64
		{342E39B4-0438-4175-855E-090678D71CD2}.Release|x64.Build.0 = Release|x64
		{342E39B4-0438-4175-855E-090678D71CD2}.Release|x86.ActiveCfg = Release|Win32
		{342E39B4-0438-4175-855E-090678D71CD2}.Release|x86.Build.0 = Release|Win32
		{F209EB5F-045A-40E2-8AF6-3C2B9726FCB8}.Debug|x64.ActiveCfg = Debug|x64
		{F209EB5F-045A-40E2-8AF6-3C2B9726FCB8}.Debug|x64.Build.0 = Debug|x64
		{F209EB5F-045A-40E2-8AF6-3C2B9726FCB8}.Debug|x86.ActiveCfg = Debug|Win32
		{F209EB5F-045A-40E2-8AF6-3C2B9726FCB8}.Debug|x86.Build.0 = Debug|Win32
		{F209EB5F-045A-40E2-8AF6-3C2B9726FCB8}.Release|x64.ActiveCfg = Release|x64
		{F209EB5F-045A-40E2-8AF6-3C2B9726FCB8}.Release|x64.Build.0 = Release|x64
		{F209EB5F-045A-40E2-8AF6-3C2B9726FCB8}.Release|x86.ActiveCfg = Release|Win32
		{F209EB5F-045A-40E2-8AF6-3C2B9726FCB8}.Release|x86.Build.0 = Release|Win32
		{8B17BBCD-04F7-407D-85BB-B95C9F32C2B4}.Debug|x64.ActiveCfg = Debug|x64
		{8B17BBCD-04F7-407D-85BB-B95C9F32C2B4}.Debug|x64.Build.0 = Debug|x64
		{8B17BBCD-04F7-407D-85BB-B95C9F32C2B4}.Debug|x86.ActiveCfg = Debug|Win32
		{8B17BBCD-04F7-407D-85BB-B95C9F32C2B4}.Debug|x86.Build.0 = Debug|Win32
		{8B17BBCD-04F7-407D-85BB-B95C9F32C2B4}.Release|x64.ActiveCfg = Release|x64
		{8B17BBCD-04F7-407D-85BB-B95C9F32C2B4}.Release|x64.Build.0 = Release|x64
		{8B17BBCD-04F7-407D-85BB-B95C9F32C2B4}.Release|x86.ActiveCfg = Release|Win32
		{8B17BBCD-04F7-407D-85BB-B95C9F32C2B4}.Release|x86.Build.0 = Release|Win32
		{D6C2D6F0-89A4-4BAB-837F-38E38C211E17}.Debug|x64.ActiveCfg = Debug|x64
		{D6C2D6F0-89A4-4BAB-837F-38E38C211E17}.Debug|x64.Build.0 = Debug|x64
		{D6C2D6F0-89A4-4BAB-837F-38E38C211E17}.Debug|x86.ActiveCfg = Debug|Win32
		{D6C2D6F0-89A4-4BAB-837F-38E38C211E17}.Debug|x86.Build.0 = Debug|Win32
		{D6C2D6F0-89A4-4BAB-837F-38E38C211E17}.Release|x64.ActiveCfg = Release|x64
		{D6C2D6F0-89A4-4BAB-837F-38E38C211E17}.Release|x64.Build.0 = Release|x64
		{D6C2D6F0-89A4-4BAB-837F-38E38C211E17}.Release|x86.ActiveCfg = Release|Win32
		{D6C2D6F0-89A4-4BAB-837F-38E38C211E17}.Release|x86.Build.0 = Release|Win32
		{034B0339-3BF7-4BDD-9A7E-3B305087C3AD}.Debug|x64.ActiveCfg = Debug|x64
		{034B0339-3BF7-4BDD-9A7E-3B305087C3AD}.Debug|x64.Build.0 = Debug|x64
		{034B0339-3BF7-4BDD-9A7E-3B305087C3AD}.Debug|x86.ActiveCfg = Debug|Win32
		{034B0339-3BF7-4BDD-9A7E-3B305087C3AD}.Debug|x86.Build.0 = Debug|Win32
		{034B0339-3BF7-4BDD-9A7E-3B305087C3AD}.Release|x64.ActiveCfg = Release|x64
		{034B0339-3BF7-4BDD-9A7E-3B305087C3AD}.Release|x64.Build.0 = Release|x64
		{034B0339-3BF7-4BDD-9A7E-3B305087C3AD}.Release|x86.ActiveCfg = Release|Win32
		{034B0339-3BF7-4BDD-9A7E-3B305087C3AD}.Release|x86.Build.0 = Release|Win32
		{E0F52528-BD14-48DF-886A-4CE1ACD8CAF3}.Debug|x64.ActiveCfg = Debug|x64
		{E0F52528-BD14-48DF-886A-4CE1ACD8CAF3}.Debug|x64.Build.0 = Debug|x64
		{E0F52528-BD14-48DF-886A-4CE1ACD8CAF3}.Debug|x86.ActiveCfg = Debug|Win32
		{E0F52528-BD14-48DF-886A-4CE1ACD8CAF3}.Debug|x86.Build.0 = Debug|Win32
		{E0F52528-BD14-48DF-886A-4CE1ACD8CAF3}.Release|x64.ActiveCfg = Release|x64
		{E0F52528-BD14-48DF-886A-4CE1ACD8CAF3}.Release|x64.Build.0 = Release|x64
		{E0F52528-BD14-48DF-886A-4CE1ACD8CAF3}.Release|x86.ActiveCfg = Release|Win32
		{E0F52528-BD14-48DF-886A-4CE1ACD8CAF3}.Release|x86.Build.0 = Release|Win32
		{E5F58E70-FE79-47AA-AB57-B9CE5EDD0A4C}.Debug|x64.ActiveCfg = Debug|x64
		{E5F58E70-FE79-47AA-AB57-B9CE5EDD0A4C}.Debug|x64.Build.0 = Debug|x64
		{E5F58E70-FE79-47AA-AB57-B9CE5EDD0A4C}.Debug|x86.ActiveCfg = Debug|Win32
		{E5F58E70-FE79-47AA-AB57-B9CE5EDD0A4C}.Debug|x86.Build.0 = Debug|Win32
		{E5F58E70-FE79-47AA-AB57-B9CE5EDD0A4C}.Release|x64.ActiveCfg = Release|x64
		{E5F58E70-FE79-47AA-AB57-B9CE5EDD0A4C}.Release|x64.Build.0 = Release|x64
		{E5F58E70-FE79-47AA-AB57-B9CE5EDD0A4C}.Release|x86.ActiveCfg = Release|Win32
		{E5F58E70-FE79-47AA-AB57-B9CE5EDD0A4C}.Release|x86.Build.0 = Release|Win32
		{76F1C418-5342-4B76-B7D0-FEC2E375FAFA}.Debug|x64.ActiveCfg = Debug|x64
		{76F1C418-5342-4B76-B7D0-FEC2E375FAFA}.Debug|x64.Build.0 = Debug|x64
		{76F1C418-5342-4B76-B7D0-FEC2E375FAFA}.Debug|x86.ActiveCfg = Debug|Win32
		{76F1C418-5342-4B76-B7D0-FEC2E375FAFA}.Debug|x86.Build.0 = Debug|Win32
		{76F1C418-5342-4B76-B7D0-FEC2E375FAFA}.Release|x64.ActiveCfg = Release|x64
		{76F1C418-5342-4B76-B7D0-FEC2E375FAFA}.Release|x64.Build.0 = Release|x64
		{76F1C418-5342-4B76-B7D0-FEC2E375FAFA}.Release|x86.ActiveCfg = Release|Win32
		{76F1C418-5342-4B76-B7D0-FEC2E375FAFA}.Release|x86.Build.0 = Release|Win32
		{22BAD1CB-76ED-4FEF-AA90-A8677FEFDFF9}.Debug|x64.ActiveCfg = Debug|x64
		{22BAD1CB-76ED-4FEF-AA90-A8677FEFDFF9}.Debug|x64.Build.0 = Debug|x64
		{22BAD1CB-76ED-4FEF-AA90-A8677FEFDFF9}.Debug|x86.ActiveCfg = Debug|Win32
		{22BAD1CB-76ED-4FEF-AA90-A8677FEFDFF9}.Debug|x86.Build.0 = Debug|Win32
		{22BAD1CB-76ED-4FEF-AA90-A8677FEFDFF9}.Release|x64.ActiveCfg = Release|x64
		{22BAD1CB-76ED-4FEF-AA90-A8677FEFDFF9}.Release|x64.Build.0 = Release|x64
		{22BAD1CB-76ED-4FEF-AA90-A8677FEFDFF9}.Release|x86.ActiveCfg = Release|Win32
		{22BAD1CB-76ED-4FEF-AA90-A8677FEFDFF9}.Release|x86.Build.0 = Release|Win32
		{82AB4350-40F5-4A71-9BF3-068B83D7D015}.Debug|x64.ActiveCfg = Debug|x64
		{82AB4350-40F5-4A71-9BF3-068B83D7D015}.Debug|x64.Build.0 = Debug|x64
		{82AB4350-40F5-4A71-9BF3-068B83D7D015}.Debug|x86.ActiveCfg = Debug|Win32
		{82AB4350-40F5-4A71-9BF3-068B83D7D015}.Debug|x86.Build.0 = Debug|Win32
		{82AB4350-40F5-4A71-9BF3-068B83D7D015}.Release|x64.ActiveCfg = Release|x64
		{82AB4350-40F5-4A71-9BF3-068B83D7D015}.Release|x64.Build.0 = Release|x64
		{82AB4350-40F5-4A71-9BF3-068B83D7D015}.Release|x86.ActiveCfg = Release|Win32
		{82AB4350-40F5-4A71-9BF3-068B83D7D015}.Release|x86.Build.0 = Release|Win32
		{1C1D198A-A279-4254-8638-BAAD65C375B8}.Debug|x64.ActiveCfg = Debug|x64
		{1C1D198A-A279-4254-8638-BAAD65C375B8}.Debug|x64.Build.0 = Debug|x64
		{1C1D198A-A279-4254-8638-BAAD65C375B8}.Debug|x86.ActiveCfg = Debug|Win32
		{1C1D198A-A279-4254-8638-BAAD65C375B8}.Debug|x86.Build.0 = Debug|Win32
		{1C1D198A-A279-4254-8638-BAAD65C375B8}.Release|x64.ActiveCfg = Release|x64
		{1C1D198A-A279-4254-8638-BAAD65C375B8}.Release|x64.Build.0 = Release|x64
		{1C1D198A-A279-4254-8638-BAAD65C375B8}.Release|x86.ActiveCfg = Release|Win32
		{1C1D198A-A279-4254-8638-BAAD65C375B8}.Release|x86.Build.0 = Release|Win32
		{418D1EFD-5210-4D60-AD90-B7EF5B0E3B95}.Debug|x64.ActiveCfg = Debug|x64
		{418D1EFD-5210-4D60-AD90-B7EF5B0E3B95}.Debug|x64.Build.0 = Debug|x64
		{418D1EFD-5210-4D60-AD90-B7EF5B0E3B95}.Debug|x86.ActiveCfg = Debug|Win32
		{418D1EFD-5210-4D60-AD90-B7EF5B0E3B95}.Debug|x86.Build.0 = Debug|Win32
		{418D1EFD-5210-4D60-AD90-B7EF5B0E3B95}.Release|x64.ActiveCfg = Release|x64
		{418D1EFD-5210-4D60-AD90-B7EF5B0E3B95}.Release|x64.Build.0 = Release|x64
		{418D1EFD-5210-4D60-AD90-B7EF5B0E3B95}.Release|x86.ActiveCfg = Release|Win32
		{418D1EFD-5210-4D60-AD90-B7EF5B0E3B95}.Release|x86.Build.0 = Release|Win32
		{3EC89D55-D3C8-491B-A619-13212EA40A9F}.Debug|x64.ActiveCfg = Debug|x64
		{3EC89D55-D3C8-491B-A619-13212EA40A9F}.Debug|x64.Build.0 = Debug|x64
		{3EC89D55-D3C8-491B-A619-13212EA40A9F}.Debug|x86.ActiveCfg = Debug|Win32
		{3EC89D55-D3C8-491B-A619-13212EA40A9F}.Debug|x86.Build.0 = Debug|Win32
		{3EC89D55-D3C8-491B-A619-13212EA40A9F}.Release|x64.ActiveCfg = Release|x64
		{3EC89D55-D3C8-491B-A619-13212EA40A9F}.Release|x64.Build.0 = Release|x64
		{3EC89D55-D3C8-491B-A619-13212EA40A9F}.Release|x86.ActiveCfg = Release|Win32
		{3EC89D55-D3C8-491B-A619-13212EA40A9F}.Release|x86.Build.0 = Release|Win32
		{BBF7A36B-B3C3-4670-8840-D9D8E2C4DEAF}.Debug|x64.ActiveCfg = Debug|x64
		{BBF7A36B-B3C3-4670-8840-D9D8E2C4DEAF}.Debug|x64.Build.0 = Debug|x64
		{BBF7A36B-B3C3-4670-8840-D9D8E2C4DEAF}.Debug|x86.ActiveCfg = Debug|Win32
		{BBF7A36B-B3C3-4670-8840-D9D8E2C4DEAF}.Debug|x86.Build.0 = Debug|Win32
		{BBF7A36B-B3C3-4670-8840-D9D8E2C4DEAF}.Release|x64.ActiveCfg = Release|x64
		{BBF7A36B-B3C3-4670-8840-D9D8E2C4DEAF}.Release|x64.Build.0 = Release|x64
		{BBF7A36B-B3C3-4670-8840-D9D8E2C4DEAF}.Release|x86.ActiveCfg = Release|Win32
		{BBF7A36B-B3C3-4670-8840-D9D8E2C4DEAF}.Release|x86.Build.0 = Release|Win32
		{CDC0B8EF-11B5-4915-82C4-10199DB7D7E3}.Debug|x64.ActiveCfg = Debug|x64
		{CDC0B8EF-11B5-4915-82C4-10199DB7D7E3}.Debug|x64.Build.0 = Debug|x64
		{CDC0B8EF-11B5-4915-82C4-10199DB7D7E3}.Debug|x86.ActiveCfg = Debug|Win32
		{CDC0B8EF-11B5-4915-82C4-10199DB7D7E3}.Debug|x86.Build.0 = Debug|Win32
		{CDC0B8EF-11B5-4915-82C4-10199DB7D7E3}.Release|x64.ActiveCfg = Release|x64
		{CDC0B8EF-11B5-4915-82C4-10199DB7D7E3}.Release|x64.Build.0 = Release|x64
		{CDC0B8EF-11B5-4915-82C4-10199DB7D7E3}.Release|x86.ActiveCfg = Release|Win32
		{CDC0B8EF-11B5-4915-82C4-10199DB7D7E3}.Release|x86.Build.0 = Release|Win32
		{CC95F869-3898-41BF-BA8A-84738B9975EE}.Debug|x64.ActiveCfg = Debug|x64
		{CC95F869-3898-41BF-BA8A-84738B9975EE}.Debug|x64.Build.0 = Debug|x64
		{CC95F869-3898-41BF-BA8A-84738B9975EE}.Debug|x86.ActiveCfg = Debug|Win32
		{CC95F869-3898-41BF-BA8A-84738B9975EE}.Debug|x86.Build.0 = Debug|Win32
		{CC95F869-3898-41BF-BA8A-84738B9975EE}.Release|x64.ActiveCfg = Release|x64
		{CC95F869-3898-41BF-BA8A-84738B9975EE}.Release|x64.Build.0 = Release|x64
		{CC95F869-3898-41BF-BA8A-84738B9975EE}.Release|x86.ActiveCfg = Release|Win32
		{CC95F869-3898-41BF-BA8A-84738B9975EE}.Release|x86.Build.0 = Release|Win32
		{1DF9F253-7399-4DF8-895E-8AAA64ED044D}.Debug|x64.ActiveCfg = Debug|x64
		{1DF9F253-7399-4DF8-895E-8AAA64ED044D}.Debug|x64.Build.0 = Debug|x64
		{1DF9F253-7399-4DF8-895E-8AAA64ED044D}.Debug|x86.ActiveCfg = Debug|Win32
		{1DF9F253-7399-4DF8-895E-8AAA64ED044D}.Debug|x86.Build.0 = Debug|Win32
		{1DF9F253-7399-4DF8-895E-8AAA64ED044D}.Release|x64.ActiveCfg = Release|x64
		{1DF9F253-7399-4DF8-895E-8AAA64ED044D}.Release|x64.Build.0 = Release|x64
		{1DF9F253-7399-4DF8-895E-8AAA64ED044D}.Release|x86.ActiveCfg = Release|Win32
		{1DF9F253-7399-4DF8-895E-8AAA64ED044D}.Release|x86.Build.0 = Release|Win32
	EndGlobalSection
	GlobalSection(SolutionProperties) = preSolution
		HideSolutionNode = FALSE
	EndGlobalSection
	GlobalSection(ExtensibilityGlobals) = postSolution
		SolutionGuid = {EE1C4859-774F-4FB2-98AF-97DD31E3DF01}
	EndGlobalSection
EndGlobal
