
Microsoft Visual Studio Solution File, Format Version 12.00
# Visual Studio Version 16
VisualStudioVersion = 16.0.35931.194
MinimumVisualStudioVersion = 10.0.40219.1
Project("{8BC9CEB8-8B4A-11D0-8D11-00A0C91BC942}") = "5.5 Character Pointers and Functions 4", "5.5 Character Pointers and Functions 4\5.5 Character Pointers and Functions 4.vcxproj", "{6D6DE715-24F8-405E-A851-4929B677D702}"
EndProject
Project("{8BC9CEB8-8B4A-11D0-8D11-00A0C91BC942}") = "5.5 Character Pointers and Functions 4-2", "5.5 Character Pointers and Functions 4-2\5.5 Character Pointers and Functions 4-2.vcxproj", "{DB0B2827-9C1F-4D59-8B3A-DE6BFF414B30}"
EndProject
Global
	GlobalSection(SolutionConfigurationPlatforms) = preSolution
		Debug|x64 = Debug|x64
		Debug|x86 = Debug|x86
		Release|x64 = Release|x64
		Release|x86 = Release|x86
	EndGlobalSection
	GlobalSection(ProjectConfigurationPlatforms) = postSolution
		{6D6DE715-24F8-405E-A851-4929B677D702}.Debug|x64.ActiveCfg = Debug|x64
		{6D6DE715-24F8-405E-A851-4929B677D702}.Debug|x64.Build.0 = Debug|x64
		{6D6DE715-24F8-405E-A851-4929B677D702}.Debug|x86.ActiveCfg = Debug|Win32
		{6D6DE715-24F8-405E-A851-4929B677D702}.Debug|x86.Build.0 = Debug|Win32
		{6D6DE715-24F8-405E-A851-4929B677D702}.Release|x64.ActiveCfg = Release|x64
		{6D6DE715-24F8-405E-A851-4929B677D702}.Release|x64.Build.0 = Release|x64
		{6D6DE715-24F8-405E-A851-4929B677D702}.Release|x86.ActiveCfg = Release|Win32
		{6D6DE715-24F8-405E-A851-4929B677D702}.Release|x86.Build.0 = Release|Win32
		{DB0B2827-9C1F-4D59-8B3A-DE6BFF414B30}.Debug|x64.ActiveCfg = Debug|x64
		{DB0B2827-9C1F-4D59-8B3A-DE6BFF414B30}.Debug|x64.Build.0 = Debug|x64
		{DB0B2827-9C1F-4D59-8B3A-DE6BFF414B30}.Debug|x86.ActiveCfg = Debug|Win32
		{DB0B2827-9C1F-4D59-8B3A-DE6BFF414B30}.Debug|x86.Build.0 = Debug|Win32
		{DB0B2827-9C1F-4D59-8B3A-DE6BFF414B30}.Release|x64.ActiveCfg = Release|x64
		{DB0B2827-9C1F-4D59-8B3A-DE6BFF414B30}.Release|x64.Build.0 = Release|x64
		{DB0B2827-9C1F-4D59-8B3A-DE6BFF414B30}.Release|x86.ActiveCfg = Release|Win32
		{DB0B2827-9C1F-4D59-8B3A-DE6BFF414B30}.Release|x86.Build.0 = Release|Win32
	EndGlobalSection
	GlobalSection(SolutionProperties) = preSolution
		HideSolutionNode = FALSE
	EndGlobalSection
	GlobalSection(ExtensibilityGlobals) = postSolution
		SolutionGuid = {E9046AD0-A3E3-4DB5-B833-40B7695B20E9}
	EndGlobalSection
EndGlobal
