
Microsoft Visual Studio Solution File, Format Version 12.00
# Visual Studio Version 16
VisualStudioVersion = 16.0.33920.266
MinimumVisualStudioVersion = 10.0.40219.1
Project("{8BC9CEB8-8B4A-11D0-8D11-00A0C91BC942}") = "Read a String from the Keyboard", "Read a String from the Keyboard\Read a String from the Keyboard.vcxproj", "{4E91DC1A-0BFC-4D2B-B98C-26DBF9097BFC}"
EndProject
Project("{8BC9CEB8-8B4A-11D0-8D11-00A0C91BC942}") = "Read a String from the Keyboard gets()", "Read a String from the Keyboard gets()\Read a String from the Keyboard gets().vcxproj", "{55DE95FB-27EB-4F74-8177-BAF59BEAF6A4}"
EndProject
Project("{8BC9CEB8-8B4A-11D0-8D11-00A0C91BC942}") = "gets()", "gets()\gets().vcxproj", "{7E17E6D0-DE08-4868-9D7B-FA41DEE2A105}"
EndProject
Project("{8BC9CEB8-8B4A-11D0-8D11-00A0C91BC942}") = "String Constants", "String Constants\String Constants.vcxproj", "{1EC6A8A5-1582-4A68-BBAE-AAC6980D9451}"
EndProject
Project("{8BC9CEB8-8B4A-11D0-8D11-00A0C91BC942}") = "String Constants 2", "String Constants 2\String Constants 2.vcxproj", "{8D3CDA49-77C0-4142-A736-021B6B461CEB}"
EndProject
Project("{8BC9CEB8-8B4A-11D0-8D11-00A0C91BC942}") = "One-Dimensional Arrays", "One-Dimensional Arrays\One-Dimensional Arrays.vcxproj", "{AFA51B78-40D6-45B5-A33A-3E4D055D180D}"
EndProject
Project("{8BC9CEB8-8B4A-11D0-8D11-00A0C91BC942}") = "One-Dimensional Arrays 2", "One-Dimensional Arrays 2\One-Dimensional Arrays 2.vcxproj", "{956139B3-CDBF-4911-9CFE-0397FA4D326F}"
EndProject
Project("{8BC9CEB8-8B4A-11D0-8D11-00A0C91BC942}") = "A String Function Example", "A String Function Example\A String Function Example.vcxproj", "{FCACE45B-F820-4493-B28B-DADFB85024F0}"
EndProject
Project("{8BC9CEB8-8B4A-11D0-8D11-00A0C91BC942}") = "Using the Null Terminator", "Using the Null Terminator\Using the Null Terminator.vcxproj", "{05EF6F81-9505-4053-A118-8AE4F96B6035}"
EndProject
Project("{8BC9CEB8-8B4A-11D0-8D11-00A0C91BC942}") = "Using the Null Terminator 2", "Using the Null Terminator 2\Using the Null Terminator 2.vcxproj", "{1348C4BD-1C80-42CC-B9B4-98F36A8B176E}"
EndProject
Project("{8BC9CEB8-8B4A-11D0-8D11-00A0C91BC942}") = "Reading a String from the Keyboard 2", "Reading a String from the Keyboard 2\Reading a String from the Keyboard 2.vcxproj", "{9B06EC78-9264-4992-8C58-30A62BE6EB04}"
EndProject
Project("{8BC9CEB8-8B4A-11D0-8D11-00A0C91BC942}") = "Reading a String from the Keyboard 3", "Reading a String from the Keyboard 3\Reading a String from the Keyboard 3.vcxproj", "{84867CEF-71D4-445C-B4B9-BD5973425F6F}"
EndProject
Project("{8BC9CEB8-8B4A-11D0-8D11-00A0C91BC942}") = "Array Initialization", "Array Initialization\Array Initialization.vcxproj", "{49892457-2DDE-48B6-B897-85BF83100F3B}"
EndProject
Project("{8BC9CEB8-8B4A-11D0-8D11-00A0C91BC942}") = "Array Initialization 2", "Array Initialization 2\Array Initialization 2.vcxproj", "{68640DFF-D92C-41AD-A4C8-9D6658D4C7B1}"
EndProject
Project("{8BC9CEB8-8B4A-11D0-8D11-00A0C91BC942}") = "Unsized Array Initializations", "Unsized Array Initializations\Unsized Array Initializations.vcxproj", "{FABAA42A-B58C-409B-944A-098E9EA721A0}"
EndProject
Project("{8BC9CEB8-8B4A-11D0-8D11-00A0C91BC942}") = "Arrays of Strings", "Arrays of Strings\Arrays of Strings.vcxproj", "{9817F60A-DC08-4C17-9DCE-3894B5FF6626}"
EndProject
Project("{8BC9CEB8-8B4A-11D0-8D11-00A0C91BC942}") = "Array Initialization, Multidimensional", "Array Initialization, Multidimensional\Array Initialization, Multidimensional.vcxproj", "{447E7FAD-32A7-493A-9063-D26AAF7EF49A}"
EndProject
Project("{8BC9CEB8-8B4A-11D0-8D11-00A0C91BC942}") = "Arrays of Pointers", "Arrays of Pointers\Arrays of Pointers.vcxproj", "{80DBE415-BF74-4A44-B20F-AF93AB46E6E6}"
EndProject
Project("{8BC9CEB8-8B4A-11D0-8D11-00A0C91BC942}") = "Arrays of Pointers 2", "Arrays of Pointers 2\Arrays of Pointers 2.vcxproj", "{22C6C973-95FF-4022-B411-2DC33C3ECDB1}"
EndProject
Project("{8BC9CEB8-8B4A-11D0-8D11-00A0C91BC942}") = "Array of characters", "Array of characters\Array of characters.vcxproj", "{3DFEA302-850D-466B-A185-8FB197B1AC4C}"
EndProject
Project("{8BC9CEB8-8B4A-11D0-8D11-00A0C91BC942}") = "Arrays of Pointers 3", "Arrays of Pointers 3\Arrays of Pointers 3.vcxproj", "{3B3D415C-5AF7-4098-988F-273D7C95A214}"
EndProject
Project("{8BC9CEB8-8B4A-11D0-8D11-00A0C91BC942}") = "Arrays of Pointers 4", "Arrays of Pointers 4\Arrays of Pointers 4.vcxproj", "{F6F01DCD-2FCA-4DC3-845D-EEF7C5EAB8AE}"
EndProject
Project("{8BC9CEB8-8B4A-11D0-8D11-00A0C91BC942}") = "Ask the Expert", "Ask the Expert\Ask the Expert.vcxproj", "{D4D0E6DB-FA15-4E8E-B5F3-325B7FE4CEB5}"
EndProject
Project("{8BC9CEB8-8B4A-11D0-8D11-00A0C91BC942}") = "Ask the Expert 2", "Ask the Expert 2\Ask the Expert 2.vcxproj", "{A43F4B1A-E3A3-4BD5-B118-1A3B737EFF0A}"
EndProject
Project("{8BC9CEB8-8B4A-11D0-8D11-00A0C91BC942}") = "Arrays of Strings 2", "Arrays of Strings 2\Arrays of Strings 2.vcxproj", "{A0CA41C6-BD5D-4ED4-9B01-9C9188580B2C}"
EndProject
Project("{8BC9CEB8-8B4A-11D0-8D11-00A0C91BC942}") = "Multiple Indirection", "Multiple Indirection\Multiple Indirection.vcxproj", "{3BF02F82-2186-4EDE-B720-87512A1FEBC0}"
EndProject
Project("{8BC9CEB8-8B4A-11D0-8D11-00A0C91BC942}") = "The Null Pointer Convention", "The Null Pointer Convention\The Null Pointer Convention.vcxproj", "{E9AC4E78-1CF3-40B8-BEFB-B2B3E8D796B7}"
EndProject
Project("{8BC9CEB8-8B4A-11D0-8D11-00A0C91BC942}") = "The Null Pointer Convention 2", "The Null Pointer Convention 2\The Null Pointer Convention 2.vcxproj", "{0A851EA5-5B67-4F46-9D20-A530F68891E3}"
EndProject
Project("{8BC9CEB8-8B4A-11D0-8D11-00A0C91BC942}") = "The Null Pointer Convention 3", "The Null Pointer Convention 3\The Null Pointer Convention 3.vcxproj", "{4AAE2F30-9289-4746-AF8C-E53D585037C5}"
EndProject
Project("{8BC9CEB8-8B4A-11D0-8D11-00A0C91BC942}") = "The Null Pointer Convention 4", "The Null Pointer Convention 4\The Null Pointer Convention 4.vcxproj", "{01E8A47B-6CA1-42FD-B711-CBD0BE6FCF29}"
EndProject
Project("{8BC9CEB8-8B4A-11D0-8D11-00A0C91BC942}") = "Multiple Indirection 2", "Multiple Indirection 2\Multiple Indirection 2.vcxproj", "{959DB52E-5A8B-4C28-881B-7739F88A1B75}"
EndProject
Project("{8BC9CEB8-8B4A-11D0-8D11-00A0C91BC942}") = "Multiple Indirection 3", "Multiple Indirection 3\Multiple Indirection 3.vcxproj", "{46F42B14-85F4-4685-919C-1EE5A9523F85}"
EndProject
Project("{8BC9CEB8-8B4A-11D0-8D11-00A0C91BC942}") = "Multiple Indirection 1", "Multiple Indirection 1\Multiple Indirection 1.vcxproj", "{A71A9C87-B4F2-4304-8ABA-801E8EE73997}"
EndProject
Project("{8BC9CEB8-8B4A-11D0-8D11-00A0C91BC942}") = "Multiple Indirection 4", "Multiple Indirection 4\Multiple Indirection 4.vcxproj", "{95FEBA76-F7F4-4919-B04F-E656337E5D15}"
EndProject
Project("{8BC9CEB8-8B4A-11D0-8D11-00A0C91BC942}") = "Multiple Indirection 5", "Multiple Indirection 5\Multiple Indirection 5.vcxproj", "{30EAC395-A78F-4EA2-BD47-54FE8A8362D1}"
EndProject
Project("{8BC9CEB8-8B4A-11D0-8D11-00A0C91BC942}") = "Multiple Indirection 6", "Multiple Indirection 6\Multiple Indirection 6.vcxproj", "{5881F680-FA3F-4637-98F7-BA63DB9BC6B3}"
EndProject
Project("{8BC9CEB8-8B4A-11D0-8D11-00A0C91BC942}") = "Multiple Indirection 7", "Multiple Indirection 7\Multiple Indirection 7.vcxproj", "{F83FA444-B804-4B3E-806E-64929B166A4F}"
EndProject
Project("{8BC9CEB8-8B4A-11D0-8D11-00A0C91BC942}") = "Multiple Indirection 8", "Multiple Indirection 8\Multiple Indirection 8.vcxproj", "{E55264F1-0499-4EB8-9221-6FAFA2F3465B}"
EndProject
Project("{8BC9CEB8-8B4A-11D0-8D11-00A0C91BC942}") = "Multiple Indirection 9", "Multiple Indirection 9\Multiple Indirection 9.vcxproj", "{9B29F619-80A2-4C31-B29A-3C01AD039B89}"
EndProject
Project("{8BC9CEB8-8B4A-11D0-8D11-00A0C91BC942}") = "Multiple Indirection 9-1", "Multiple Indirection 9-1\Multiple Indirection 9-1.vcxproj", "{16BF4742-60AB-46F4-8BAA-E42E1830BD9C}"
EndProject
Project("{8BC9CEB8-8B4A-11D0-8D11-00A0C91BC942}") = "Multiple Indirection 9-0", "Multiple Indirection 9-0\Multiple Indirection 9-0.vcxproj", "{41521270-62F6-4051-A30F-E4539F002A3A}"
EndProject
Project("{8BC9CEB8-8B4A-11D0-8D11-00A0C91BC942}") = "Multiple Indirection 9-2", "Multiple Indirection 9-2\Multiple Indirection 9-2.vcxproj", "{887B10F1-3A11-43A4-88FF-8A9C1A8A4EBC}"
EndProject
Project("{8BC9CEB8-8B4A-11D0-8D11-00A0C91BC942}") = "Mastery Check No.3", "Mastery Check No.3\Mastery Check No.3.vcxproj", "{57E76358-885D-4E7B-8B4E-66E4135580DD}"
EndProject
Project("{8BC9CEB8-8B4A-11D0-8D11-00A0C91BC942}") = "Project4-2 Reversing a String in Place", "Project4-2 Reversing a String in Place\Project4-2 Reversing a String in Place.vcxproj", "{D6EF7F02-1308-45B6-BB03-A166C2738FBE}"
EndProject
Project("{8BC9CEB8-8B4A-11D0-8D11-00A0C91BC942}") = "Project4-2Reversing a String In Place2", "Project4-2Reversing a String In Place2\Project4-2Reversing a String In Place2.vcxproj", "{2CE8DB23-0C8A-4E90-BFBF-6BFEAC8D3802}"
EndProject
Project("{8BC9CEB8-8B4A-11D0-8D11-00A0C91BC942}") = "Project4-2Reversing a String In Place3", "Project4-2Reversing a String In Place3\Project4-2Reversing a String In Place3.vcxproj", "{D0F7A303-6AD1-4940-81E6-30C645764CE1}"
EndProject
Project("{8BC9CEB8-8B4A-11D0-8D11-00A0C91BC942}") = "Project4-2Reversing a String In Place1", "Project4-2Reversing a String In Place0\Project4-2Reversing a String In Place0.vcxproj", "{D3AF815F-0777-4A95-A3DE-73F8FE3D1BA2}"
EndProject
Project("{8BC9CEB8-8B4A-11D0-8D11-00A0C91BC942}") = "Project4-2Reversing a String In Place4", "Project4-2Reversing a String In Place4\Project4-2Reversing a String In Place4.vcxproj", "{47FEDCC1-68E3-4C16-A7AB-5C1CF7B27361}"
EndProject
Project("{8BC9CEB8-8B4A-11D0-8D11-00A0C91BC942}") = "Project4-2Reversing a String In Place5", "Project4-2Reversing a String In Place5\Project4-2Reversing a String In Place5.vcxproj", "{EA912557-D2CA-473B-96A5-1214D5620F95}"
EndProject
Project("{8BC9CEB8-8B4A-11D0-8D11-00A0C91BC942}") = "Project4-2Reversing a String In Place6", "Project4-2Reversing a String In Place6\Project4-2Reversing a String In Place6.vcxproj", "{EC13581E-F70A-44F2-B22E-C05614AD16CB}"
EndProject
Project("{8BC9CEB8-8B4A-11D0-8D11-00A0C91BC942}") = "Project4-2Reversing a String In Place7", "Project4-2Reversing a String In Place7\Project4-2Reversing a String In Place7.vcxproj", "{B23BD999-85A2-4419-9FB7-4156FDCCE979}"
EndProject
Project("{8BC9CEB8-8B4A-11D0-8D11-00A0C91BC942}") = "Project4-2Reversing a String In Place8", "Project4-2Reversing a String In Place8\Project4-2Reversing a String In Place8.vcxproj", "{DC66B53A-EBF4-4866-9A48-91DCEDA1D197}"
EndProject
Project("{8BC9CEB8-8B4A-11D0-8D11-00A0C91BC942}") = "Project4-2Reversing a String In Place9", "Project4-2Reversing a String In Place9\Project4-2Reversing a String In Place9.vcxproj", "{79BAFA72-445E-4138-97C1-C2F174F2D4AD}"
EndProject
Project("{8BC9CEB8-8B4A-11D0-8D11-00A0C91BC942}") = "Base Type of a Pointer Is Important", "Base Type of a Pointer Is Important\Base Type of a Pointer Is Important.vcxproj", "{04095873-A32D-4781-8C81-33BC879BC871}"
EndProject
Project("{8BC9CEB8-8B4A-11D0-8D11-00A0C91BC942}") = "Base Type of a Pointer Is Important 2", "Base Type of a Pointer Is Important 2\Base Type of a Pointer Is Important 2.vcxproj", "{50562CFD-1C9C-4D5A-94A8-4CFE2AE78882}"
EndProject
Project("{8BC9CEB8-8B4A-11D0-8D11-00A0C91BC942}") = "Base Type of a Pointer Is Important 3", "Base Type of a Pointer Is Important 3\Base Type of a Pointer Is Important 3.vcxproj", "{DD6ADBCA-6194-47B0-A517-DAE699DC4834}"
EndProject
Project("{8BC9CEB8-8B4A-11D0-8D11-00A0C91BC942}") = "Cast Pointer Type", "Cast Pointer Type\Cast Pointer Type.vcxproj", "{1896348B-D986-4496-9078-8CD7F677254D}"
EndProject
Project("{8BC9CEB8-8B4A-11D0-8D11-00A0C91BC942}") = "Cast Pointer Type 2", "Cast Pointer Type 2\Cast Pointer Type 2.vcxproj", "{A676C596-BEDE-4726-BE3C-F829F010FF76}"
EndProject
Project("{8BC9CEB8-8B4A-11D0-8D11-00A0C91BC942}") = "Base Type of a Pointer Is Important 4", "Base Type of a Pointer Is Important_\Base Type of a Pointer Is Important_.vcxproj", "{EB011054-08C0-40C0-81C1-F2085131EAFA}"
EndProject
Project("{8BC9CEB8-8B4A-11D0-8D11-00A0C91BC942}") = "Base Type of a Pointer Is Important 5", "Base Type of a Pointer Is Important 5\Base Type of a Pointer Is Important 5.vcxproj", "{E0FB3EB4-0675-46EC-ACFC-BAA72D6CDDD8}"
EndProject
Project("{8BC9CEB8-8B4A-11D0-8D11-00A0C91BC942}") = "Base Type of a Pointer Is Important 6", "Base Type of a Pointer Is Important 6\Base Type of a Pointer Is Important 6.vcxproj", "{F44A461A-54DB-4D8B-B539-5856A23491A8}"
EndProject
Project("{8BC9CEB8-8B4A-11D0-8D11-00A0C91BC942}") = "Cast Pointer Type 3", "Cast Pointer Type 3\Cast Pointer Type 3.vcxproj", "{A2AA95E2-26EA-4E70-8105-111430C52FE1}"
EndProject
Project("{8BC9CEB8-8B4A-11D0-8D11-00A0C91BC942}") = "Cast Pointer Type 4", "Cast Pointer Type 4\Cast Pointer Type 4.vcxproj", "{400B8D60-DABF-483D-A36E-C1127EDB30CC}"
EndProject
Project("{8BC9CEB8-8B4A-11D0-8D11-00A0C91BC942}") = "Cast Pointer Type 5", "Cast Pointer Type 5\Cast Pointer Type 5.vcxproj", "{45CFE323-5026-4B01-87D8-935551475BA1}"
EndProject
Project("{8BC9CEB8-8B4A-11D0-8D11-00A0C91BC942}") = "Cast Pointer Type 6", "Cast Pointer Type 6\Cast Pointer Type 6.vcxproj", "{096E6514-9F3F-458F-888A-50AB33D01B94}"
EndProject
Project("{8BC9CEB8-8B4A-11D0-8D11-00A0C91BC942}") = "Cast Pointer Type 6-1", "Cast Pointer Type 6-1\Cast Pointer Type 6-1.vcxproj", "{3A2BD9C3-83A1-451C-8380-76EFDACF81A4}"
EndProject
Project("{8BC9CEB8-8B4A-11D0-8D11-00A0C91BC942}") = "Project 4-1 Sorting an Array", "Project 4-1 Sorting an Array\Project 4-1 Sorting an Array.vcxproj", "{C1F5BC2B-4B90-45F1-B971-BA948539D597}"
EndProject
Project("{8BC9CEB8-8B4A-11D0-8D11-00A0C91BC942}") = "Two-Dimensional arrays", "Two-Dimensional arrays\Two-Dimensional arrays.vcxproj", "{0C4C9310-E9C6-4B05-BC81-FC2484AC59B9}"
EndProject
Project("{8BC9CEB8-8B4A-11D0-8D11-00A0C91BC942}") = "Two-Dimensional Arrays 2", "Two-Dimensional Arrays 2\Two-Dimensional Arrays 2.vcxproj", "{09045519-EC6F-4F31-AD97-7CBE772791ED}"
EndProject
Project("{8BC9CEB8-8B4A-11D0-8D11-00A0C91BC942}") = "Two-Dimensional arrays 3", "Two-Dimensional arrays 3\Two-Dimensional arrays 3.vcxproj", "{2E16736B-9E43-4DB3-8DC6-2672C59A9D7F}"
EndProject
Project("{8BC9CEB8-8B4A-11D0-8D11-00A0C91BC942}") = "Array initialization, Multidimension 2", "Array initialization, Multidimension 2\Array initialization, Multidimension 2.vcxproj", "{345C8FA4-22F1-489F-8469-DBF0DEB0A867}"
EndProject
Project("{8BC9CEB8-8B4A-11D0-8D11-00A0C91BC942}") = "Array initialization, Multidimension 3", "Array initialization, Multidimension 3\Array initialization, Multidimension 3.vcxproj", "{5A12DE4C-A02A-4088-8DCF-9772534C3A11}"
EndProject
Project("{8BC9CEB8-8B4A-11D0-8D11-00A0C91BC942}") = "Project 4-1 Sorting an array (in C)", "Project 4-1 Sorting an array (in C)\Project 4-1 Sorting an array (in C).vcxproj", "{A229AEE2-A96E-4FF1-8F64-BB8CE7D650A2}"
EndProject
Project("{8BC9CEB8-8B4A-11D0-8D11-00A0C91BC942}") = "Assigning Values Through a Pointer", "Assigning Values Through a Pointer\Assigning Values Through a Pointer.vcxproj", "{080B5E70-E6B5-4AAF-AE35-47922B6BDC4A}"
EndProject
Project("{8BC9CEB8-8B4A-11D0-8D11-00A0C91BC942}") = "Pointer indirection", "Pointer indirection\Pointer indirection.vcxproj", "{C97962DD-B3DA-464B-B9E2-C7206DBFD4EE}"
EndProject
Project("{8BC9CEB8-8B4A-11D0-8D11-00A0C91BC942}") = "Pointer Arithmetic", "Pointer Arithmetic\Pointer Arithmetic.vcxproj", "{8D3CB9C5-0F65-40FE-BE90-71D55AAD61C2}"
EndProject
Project("{8BC9CEB8-8B4A-11D0-8D11-00A0C91BC942}") = "Pointer Arithmetic 2", "Pointer Arithmetic 2\Pointer Arithmetic 2.vcxproj", "{D3269920-9420-4C5F-A6DA-F1A73DB98DBF}"
EndProject
Project("{8BC9CEB8-8B4A-11D0-8D11-00A0C91BC942}") = "Pointer Arithmetic 3", "Pointer Arithmetic 3\Pointer Arithmetic 3.vcxproj", "{F1F3B20D-9DE3-4E0E-9A45-5DA4FA1B28FE}"
EndProject
Project("{8BC9CEB8-8B4A-11D0-8D11-00A0C91BC942}") = "Pointer Arithmetic 4", "Pointer Arithmetic 4\Pointer Arithmetic 4.vcxproj", "{17FD30E3-1D3A-4AD4-B3F1-132BC9610853}"
EndProject
Project("{8BC9CEB8-8B4A-11D0-8D11-00A0C91BC942}") = "Pointer Arithmetic 5", "Pointer Arithmetic 5\Pointer Arithmetic 5.vcxproj", "{B1B25954-BB1E-4CF6-9654-6B3FAE23062E}"
EndProject
Project("{8BC9CEB8-8B4A-11D0-8D11-00A0C91BC942}") = "Pointer Arithmetic 6", "Pointer Arithmetic 6\Pointer Arithmetic 6.vcxproj", "{1379D57F-AEE4-43C4-82FF-8934236ABCC8}"
EndProject
Project("{8BC9CEB8-8B4A-11D0-8D11-00A0C91BC942}") = "Pointer Arithmetic 7", "Pointer Arithmetic 7\Pointer Arithmetic 7.vcxproj", "{94760994-565E-4679-A899-4F467CE0B76C}"
EndProject
Project("{8BC9CEB8-8B4A-11D0-8D11-00A0C91BC942}") = "Pointer Comparisons", "Pointer Comparisons\Pointer Comparisons.vcxproj", "{4FCB7096-4B54-4C9F-8D97-072C1B24D667}"
EndProject
Project("{8BC9CEB8-8B4A-11D0-8D11-00A0C91BC942}") = "Pointers and Arrays", "Pointers and Arrays\Pointers and Arrays.vcxproj", "{150B86E2-0CC9-4754-8E2A-A9B63D01BB79}"
EndProject
Project("{8BC9CEB8-8B4A-11D0-8D11-00A0C91BC942}") = "Pointers and arrays 2", "Pointers and arrays 2\Pointers and arrays 2.vcxproj", "{FECE87E5-366D-4D8F-A616-6A88218D3619}"
EndProject
Project("{8BC9CEB8-8B4A-11D0-8D11-00A0C91BC942}") = "Pointers and arrays 3", "Pointers and arrays 3\Pointers and arrays 3.vcxproj", "{6963CCA3-025E-4662-84AE-B64E45FD9CA7}"
EndProject
Project("{8BC9CEB8-8B4A-11D0-8D11-00A0C91BC942}") = "Pointer Comparisons 2", "Pointer Comparisons 2\Pointer Comparisons 2.vcxproj", "{C37F966D-C0BC-4D41-BB38-5F28ADE744F2}"
EndProject
Project("{8BC9CEB8-8B4A-11D0-8D11-00A0C91BC942}") = "Pointer Comparisons 3", "Pointer Comparisons 3\Pointer Comparisons 3.vcxproj", "{9EA2B847-F1DC-417E-878A-116738F3ECBC}"
EndProject
Project("{8BC9CEB8-8B4A-11D0-8D11-00A0C91BC942}") = "Pointer and arrays 4", "Pointer and arrays 4\Pointer and arrays 4.vcxproj", "{5FDB8420-F11F-4499-BFEA-7DB8B530EFD9}"
EndProject
Project("{8BC9CEB8-8B4A-11D0-8D11-00A0C91BC942}") = "Pointers and arrays 4", "Pointers and arrays 4\Pointers and arrays 4.vcxproj", "{939BED2A-F2A5-4962-8E89-CBAAC6DF501D}"
EndProject
Global
	GlobalSection(SolutionConfigurationPlatforms) = preSolution
		Debug|x64 = Debug|x64
		Debug|x86 = Debug|x86
		Release|x64 = Release|x64
		Release|x86 = Release|x86
	EndGlobalSection
	GlobalSection(ProjectConfigurationPlatforms) = postSolution
		{4E91DC1A-0BFC-4D2B-B98C-26DBF9097BFC}.Debug|x64.ActiveCfg = Debug|x64
		{4E91DC1A-0BFC-4D2B-B98C-26DBF9097BFC}.Debug|x64.Build.0 = Debug|x64
		{4E91DC1A-0BFC-4D2B-B98C-26DBF9097BFC}.Debug|x86.ActiveCfg = Debug|Win32
		{4E91DC1A-0BFC-4D2B-B98C-26DBF9097BFC}.Debug|x86.Build.0 = Debug|Win32
		{4E91DC1A-0BFC-4D2B-B98C-26DBF9097BFC}.Release|x64.ActiveCfg = Release|x64
		{4E91DC1A-0BFC-4D2B-B98C-26DBF9097BFC}.Release|x64.Build.0 = Release|x64
		{4E91DC1A-0BFC-4D2B-B98C-26DBF9097BFC}.Release|x86.ActiveCfg = Release|Win32
		{4E91DC1A-0BFC-4D2B-B98C-26DBF9097BFC}.Release|x86.Build.0 = Release|Win32
		{55DE95FB-27EB-4F74-8177-BAF59BEAF6A4}.Debug|x64.ActiveCfg = Debug|x64
		{55DE95FB-27EB-4F74-8177-BAF59BEAF6A4}.Debug|x64.Build.0 = Debug|x64
		{55DE95FB-27EB-4F74-8177-BAF59BEAF6A4}.Debug|x86.ActiveCfg = Debug|Win32
		{55DE95FB-27EB-4F74-8177-BAF59BEAF6A4}.Debug|x86.Build.0 = Debug|Win32
		{55DE95FB-27EB-4F74-8177-BAF59BEAF6A4}.Release|x64.ActiveCfg = Release|x64
		{55DE95FB-27EB-4F74-8177-BAF59BEAF6A4}.Release|x64.Build.0 = Release|x64
		{55DE95FB-27EB-4F74-8177-BAF59BEAF6A4}.Release|x86.ActiveCfg = Release|Win32
		{55DE95FB-27EB-4F74-8177-BAF59BEAF6A4}.Release|x86.Build.0 = Release|Win32
		{7E17E6D0-DE08-4868-9D7B-FA41DEE2A105}.Debug|x64.ActiveCfg = Debug|x64
		{7E17E6D0-DE08-4868-9D7B-FA41DEE2A105}.Debug|x64.Build.0 = Debug|x64
		{7E17E6D0-DE08-4868-9D7B-FA41DEE2A105}.Debug|x86.ActiveCfg = Debug|Win32
		{7E17E6D0-DE08-4868-9D7B-FA41DEE2A105}.Debug|x86.Build.0 = Debug|Win32
		{7E17E6D0-DE08-4868-9D7B-FA41DEE2A105}.Release|x64.ActiveCfg = Release|x64
		{7E17E6D0-DE08-4868-9D7B-FA41DEE2A105}.Release|x64.Build.0 = Release|x64
		{7E17E6D0-DE08-4868-9D7B-FA41DEE2A105}.Release|x86.ActiveCfg = Release|Win32
		{7E17E6D0-DE08-4868-9D7B-FA41DEE2A105}.Release|x86.Build.0 = Release|Win32
		{1EC6A8A5-1582-4A68-BBAE-AAC6980D9451}.Debug|x64.ActiveCfg = Debug|x64
		{1EC6A8A5-1582-4A68-BBAE-AAC6980D9451}.Debug|x64.Build.0 = Debug|x64
		{1EC6A8A5-1582-4A68-BBAE-AAC6980D9451}.Debug|x86.ActiveCfg = Debug|Win32
		{1EC6A8A5-1582-4A68-BBAE-AAC6980D9451}.Debug|x86.Build.0 = Debug|Win32
		{1EC6A8A5-1582-4A68-BBAE-AAC6980D9451}.Release|x64.ActiveCfg = Release|x64
		{1EC6A8A5-1582-4A68-BBAE-AAC6980D9451}.Release|x64.Build.0 = Release|x64
		{1EC6A8A5-1582-4A68-BBAE-AAC6980D9451}.Release|x86.ActiveCfg = Release|Win32
		{1EC6A8A5-1582-4A68-BBAE-AAC6980D9451}.Release|x86.Build.0 = Release|Win32
		{8D3CDA49-77C0-4142-A736-021B6B461CEB}.Debug|x64.ActiveCfg = Debug|x64
		{8D3CDA49-77C0-4142-A736-021B6B461CEB}.Debug|x64.Build.0 = Debug|x64
		{8D3CDA49-77C0-4142-A736-021B6B461CEB}.Debug|x86.ActiveCfg = Debug|Win32
		{8D3CDA49-77C0-4142-A736-021B6B461CEB}.Debug|x86.Build.0 = Debug|Win32
		{8D3CDA49-77C0-4142-A736-021B6B461CEB}.Release|x64.ActiveCfg = Release|x64
		{8D3CDA49-77C0-4142-A736-021B6B461CEB}.Release|x64.Build.0 = Release|x64
		{8D3CDA49-77C0-4142-A736-021B6B461CEB}.Release|x86.ActiveCfg = Release|Win32
		{8D3CDA49-77C0-4142-A736-021B6B461CEB}.Release|x86.Build.0 = Release|Win32
		{AFA51B78-40D6-45B5-A33A-3E4D055D180D}.Debug|x64.ActiveCfg = Debug|x64
		{AFA51B78-40D6-45B5-A33A-3E4D055D180D}.Debug|x64.Build.0 = Debug|x64
		{AFA51B78-40D6-45B5-A33A-3E4D055D180D}.Debug|x86.ActiveCfg = Debug|Win32
		{AFA51B78-40D6-45B5-A33A-3E4D055D180D}.Debug|x86.Build.0 = Debug|Win32
		{AFA51B78-40D6-45B5-A33A-3E4D055D180D}.Release|x64.ActiveCfg = Release|x64
		{AFA51B78-40D6-45B5-A33A-3E4D055D180D}.Release|x64.Build.0 = Release|x64
		{AFA51B78-40D6-45B5-A33A-3E4D055D180D}.Release|x86.ActiveCfg = Release|Win32
		{AFA51B78-40D6-45B5-A33A-3E4D055D180D}.Release|x86.Build.0 = Release|Win32
		{956139B3-CDBF-4911-9CFE-0397FA4D326F}.Debug|x64.ActiveCfg = Debug|x64
		{956139B3-CDBF-4911-9CFE-0397FA4D326F}.Debug|x64.Build.0 = Debug|x64
		{956139B3-CDBF-4911-9CFE-0397FA4D326F}.Debug|x86.ActiveCfg = Debug|Win32
		{956139B3-CDBF-4911-9CFE-0397FA4D326F}.Debug|x86.Build.0 = Debug|Win32
		{956139B3-CDBF-4911-9CFE-0397FA4D326F}.Release|x64.ActiveCfg = Release|x64
		{956139B3-CDBF-4911-9CFE-0397FA4D326F}.Release|x64.Build.0 = Release|x64
		{956139B3-CDBF-4911-9CFE-0397FA4D326F}.Release|x86.ActiveCfg = Release|Win32
		{956139B3-CDBF-4911-9CFE-0397FA4D326F}.Release|x86.Build.0 = Release|Win32
		{FCACE45B-F820-4493-B28B-DADFB85024F0}.Debug|x64.ActiveCfg = Debug|x64
		{FCACE45B-F820-4493-B28B-DADFB85024F0}.Debug|x64.Build.0 = Debug|x64
		{FCACE45B-F820-4493-B28B-DADFB85024F0}.Debug|x86.ActiveCfg = Debug|Win32
		{FCACE45B-F820-4493-B28B-DADFB85024F0}.Debug|x86.Build.0 = Debug|Win32
		{FCACE45B-F820-4493-B28B-DADFB85024F0}.Release|x64.ActiveCfg = Release|x64
		{FCACE45B-F820-4493-B28B-DADFB85024F0}.Release|x64.Build.0 = Release|x64
		{FCACE45B-F820-4493-B28B-DADFB85024F0}.Release|x86.ActiveCfg = Release|Win32
		{FCACE45B-F820-4493-B28B-DADFB85024F0}.Release|x86.Build.0 = Release|Win32
		{05EF6F81-9505-4053-A118-8AE4F96B6035}.Debug|x64.ActiveCfg = Debug|x64
		{05EF6F81-9505-4053-A118-8AE4F96B6035}.Debug|x64.Build.0 = Debug|x64
		{05EF6F81-9505-4053-A118-8AE4F96B6035}.Debug|x86.ActiveCfg = Debug|Win32
		{05EF6F81-9505-4053-A118-8AE4F96B6035}.Debug|x86.Build.0 = Debug|Win32
		{05EF6F81-9505-4053-A118-8AE4F96B6035}.Release|x64.ActiveCfg = Release|x64
		{05EF6F81-9505-4053-A118-8AE4F96B6035}.Release|x64.Build.0 = Release|x64
		{05EF6F81-9505-4053-A118-8AE4F96B6035}.Release|x86.ActiveCfg = Release|Win32
		{05EF6F81-9505-4053-A118-8AE4F96B6035}.Release|x86.Build.0 = Release|Win32
		{1348C4BD-1C80-42CC-B9B4-98F36A8B176E}.Debug|x64.ActiveCfg = Debug|x64
		{1348C4BD-1C80-42CC-B9B4-98F36A8B176E}.Debug|x64.Build.0 = Debug|x64
		{1348C4BD-1C80-42CC-B9B4-98F36A8B176E}.Debug|x86.ActiveCfg = Debug|Win32
		{1348C4BD-1C80-42CC-B9B4-98F36A8B176E}.Debug|x86.Build.0 = Debug|Win32
		{1348C4BD-1C80-42CC-B9B4-98F36A8B176E}.Release|x64.ActiveCfg = Release|x64
		{1348C4BD-1C80-42CC-B9B4-98F36A8B176E}.Release|x64.Build.0 = Release|x64
		{1348C4BD-1C80-42CC-B9B4-98F36A8B176E}.Release|x86.ActiveCfg = Release|Win32
		{1348C4BD-1C80-42CC-B9B4-98F36A8B176E}.Release|x86.Build.0 = Release|Win32
		{9B06EC78-9264-4992-8C58-30A62BE6EB04}.Debug|x64.ActiveCfg = Debug|x64
		{9B06EC78-9264-4992-8C58-30A62BE6EB04}.Debug|x64.Build.0 = Debug|x64
		{9B06EC78-9264-4992-8C58-30A62BE6EB04}.Debug|x86.ActiveCfg = Debug|Win32
		{9B06EC78-9264-4992-8C58-30A62BE6EB04}.Debug|x86.Build.0 = Debug|Win32
		{9B06EC78-9264-4992-8C58-30A62BE6EB04}.Release|x64.ActiveCfg = Release|x64
		{9B06EC78-9264-4992-8C58-30A62BE6EB04}.Release|x64.Build.0 = Release|x64
		{9B06EC78-9264-4992-8C58-30A62BE6EB04}.Release|x86.ActiveCfg = Release|Win32
		{9B06EC78-9264-4992-8C58-30A62BE6EB04}.Release|x86.Build.0 = Release|Win32
		{84867CEF-71D4-445C-B4B9-BD5973425F6F}.Debug|x64.ActiveCfg = Debug|x64
		{84867CEF-71D4-445C-B4B9-BD5973425F6F}.Debug|x64.Build.0 = Debug|x64
		{84867CEF-71D4-445C-B4B9-BD5973425F6F}.Debug|x86.ActiveCfg = Debug|Win32
		{84867CEF-71D4-445C-B4B9-BD5973425F6F}.Debug|x86.Build.0 = Debug|Win32
		{84867CEF-71D4-445C-B4B9-BD5973425F6F}.Release|x64.ActiveCfg = Release|x64
		{84867CEF-71D4-445C-B4B9-BD5973425F6F}.Release|x64.Build.0 = Release|x64
		{84867CEF-71D4-445C-B4B9-BD5973425F6F}.Release|x86.ActiveCfg = Release|Win32
		{84867CEF-71D4-445C-B4B9-BD5973425F6F}.Release|x86.Build.0 = Release|Win32
		{49892457-2DDE-48B6-B897-85BF83100F3B}.Debug|x64.ActiveCfg = Debug|x64
		{49892457-2DDE-48B6-B897-85BF83100F3B}.Debug|x64.Build.0 = Debug|x64
		{49892457-2DDE-48B6-B897-85BF83100F3B}.Debug|x86.ActiveCfg = Debug|Win32
		{49892457-2DDE-48B6-B897-85BF83100F3B}.Debug|x86.Build.0 = Debug|Win32
		{49892457-2DDE-48B6-B897-85BF83100F3B}.Release|x64.ActiveCfg = Release|x64
		{49892457-2DDE-48B6-B897-85BF83100F3B}.Release|x64.Build.0 = Release|x64
		{49892457-2DDE-48B6-B897-85BF83100F3B}.Release|x86.ActiveCfg = Release|Win32
		{49892457-2DDE-48B6-B897-85BF83100F3B}.Release|x86.Build.0 = Release|Win32
		{68640DFF-D92C-41AD-A4C8-9D6658D4C7B1}.Debug|x64.ActiveCfg = Debug|x64
		{68640DFF-D92C-41AD-A4C8-9D6658D4C7B1}.Debug|x64.Build.0 = Debug|x64
		{68640DFF-D92C-41AD-A4C8-9D6658D4C7B1}.Debug|x86.ActiveCfg = Debug|Win32
		{68640DFF-D92C-41AD-A4C8-9D6658D4C7B1}.Debug|x86.Build.0 = Debug|Win32
		{68640DFF-D92C-41AD-A4C8-9D6658D4C7B1}.Release|x64.ActiveCfg = Release|x64
		{68640DFF-D92C-41AD-A4C8-9D6658D4C7B1}.Release|x64.Build.0 = Release|x64
		{68640DFF-D92C-41AD-A4C8-9D6658D4C7B1}.Release|x86.ActiveCfg = Release|Win32
		{68640DFF-D92C-41AD-A4C8-9D6658D4C7B1}.Release|x86.Build.0 = Release|Win32
		{FABAA42A-B58C-409B-944A-098E9EA721A0}.Debug|x64.ActiveCfg = Debug|x64
		{FABAA42A-B58C-409B-944A-098E9EA721A0}.Debug|x64.Build.0 = Debug|x64
		{FABAA42A-B58C-409B-944A-098E9EA721A0}.Debug|x86.ActiveCfg = Debug|Win32
		{FABAA42A-B58C-409B-944A-098E9EA721A0}.Debug|x86.Build.0 = Debug|Win32
		{FABAA42A-B58C-409B-944A-098E9EA721A0}.Release|x64.ActiveCfg = Release|x64
		{FABAA42A-B58C-409B-944A-098E9EA721A0}.Release|x64.Build.0 = Release|x64
		{FABAA42A-B58C-409B-944A-098E9EA721A0}.Release|x86.ActiveCfg = Release|Win32
		{FABAA42A-B58C-409B-944A-098E9EA721A0}.Release|x86.Build.0 = Release|Win32
		{9817F60A-DC08-4C17-9DCE-3894B5FF6626}.Debug|x64.ActiveCfg = Debug|x64
		{9817F60A-DC08-4C17-9DCE-3894B5FF6626}.Debug|x64.Build.0 = Debug|x64
		{9817F60A-DC08-4C17-9DCE-3894B5FF6626}.Debug|x86.ActiveCfg = Debug|Win32
		{9817F60A-DC08-4C17-9DCE-3894B5FF6626}.Debug|x86.Build.0 = Debug|Win32
		{9817F60A-DC08-4C17-9DCE-3894B5FF6626}.Release|x64.ActiveCfg = Release|x64
		{9817F60A-DC08-4C17-9DCE-3894B5FF6626}.Release|x64.Build.0 = Release|x64
		{9817F60A-DC08-4C17-9DCE-3894B5FF6626}.Release|x86.ActiveCfg = Release|Win32
		{9817F60A-DC08-4C17-9DCE-3894B5FF6626}.Release|x86.Build.0 = Release|Win32
		{447E7FAD-32A7-493A-9063-D26AAF7EF49A}.Debug|x64.ActiveCfg = Debug|x64
		{447E7FAD-32A7-493A-9063-D26AAF7EF49A}.Debug|x64.Build.0 = Debug|x64
		{447E7FAD-32A7-493A-9063-D26AAF7EF49A}.Debug|x86.ActiveCfg = Debug|Win32
		{447E7FAD-32A7-493A-9063-D26AAF7EF49A}.Debug|x86.Build.0 = Debug|Win32
		{447E7FAD-32A7-493A-9063-D26AAF7EF49A}.Release|x64.ActiveCfg = Release|x64
		{447E7FAD-32A7-493A-9063-D26AAF7EF49A}.Release|x64.Build.0 = Release|x64
		{447E7FAD-32A7-493A-9063-D26AAF7EF49A}.Release|x86.ActiveCfg = Release|Win32
		{447E7FAD-32A7-493A-9063-D26AAF7EF49A}.Release|x86.Build.0 = Release|Win32
		{80DBE415-BF74-4A44-B20F-AF93AB46E6E6}.Debug|x64.ActiveCfg = Debug|x64
		{80DBE415-BF74-4A44-B20F-AF93AB46E6E6}.Debug|x64.Build.0 = Debug|x64
		{80DBE415-BF74-4A44-B20F-AF93AB46E6E6}.Debug|x86.ActiveCfg = Debug|Win32
		{80DBE415-BF74-4A44-B20F-AF93AB46E6E6}.Debug|x86.Build.0 = Debug|Win32
		{80DBE415-BF74-4A44-B20F-AF93AB46E6E6}.Release|x64.ActiveCfg = Release|x64
		{80DBE415-BF74-4A44-B20F-AF93AB46E6E6}.Release|x64.Build.0 = Release|x64
		{80DBE415-BF74-4A44-B20F-AF93AB46E6E6}.Release|x86.ActiveCfg = Release|Win32
		{80DBE415-BF74-4A44-B20F-AF93AB46E6E6}.Release|x86.Build.0 = Release|Win32
		{22C6C973-95FF-4022-B411-2DC33C3ECDB1}.Debug|x64.ActiveCfg = Debug|x64
		{22C6C973-95FF-4022-B411-2DC33C3ECDB1}.Debug|x64.Build.0 = Debug|x64
		{22C6C973-95FF-4022-B411-2DC33C3ECDB1}.Debug|x86.ActiveCfg = Debug|Win32
		{22C6C973-95FF-4022-B411-2DC33C3ECDB1}.Debug|x86.Build.0 = Debug|Win32
		{22C6C973-95FF-4022-B411-2DC33C3ECDB1}.Release|x64.ActiveCfg = Release|x64
		{22C6C973-95FF-4022-B411-2DC33C3ECDB1}.Release|x64.Build.0 = Release|x64
		{22C6C973-95FF-4022-B411-2DC33C3ECDB1}.Release|x86.ActiveCfg = Release|Win32
		{22C6C973-95FF-4022-B411-2DC33C3ECDB1}.Release|x86.Build.0 = Release|Win32
		{3DFEA302-850D-466B-A185-8FB197B1AC4C}.Debug|x64.ActiveCfg = Debug|x64
		{3DFEA302-850D-466B-A185-8FB197B1AC4C}.Debug|x64.Build.0 = Debug|x64
		{3DFEA302-850D-466B-A185-8FB197B1AC4C}.Debug|x86.ActiveCfg = Debug|Win32
		{3DFEA302-850D-466B-A185-8FB197B1AC4C}.Debug|x86.Build.0 = Debug|Win32
		{3DFEA302-850D-466B-A185-8FB197B1AC4C}.Release|x64.ActiveCfg = Release|x64
		{3DFEA302-850D-466B-A185-8FB197B1AC4C}.Release|x64.Build.0 = Release|x64
		{3DFEA302-850D-466B-A185-8FB197B1AC4C}.Release|x86.ActiveCfg = Release|Win32
		{3DFEA302-850D-466B-A185-8FB197B1AC4C}.Release|x86.Build.0 = Release|Win32
		{3B3D415C-5AF7-4098-988F-273D7C95A214}.Debug|x64.ActiveCfg = Debug|x64
		{3B3D415C-5AF7-4098-988F-273D7C95A214}.Debug|x64.Build.0 = Debug|x64
		{3B3D415C-5AF7-4098-988F-273D7C95A214}.Debug|x86.ActiveCfg = Debug|Win32
		{3B3D415C-5AF7-4098-988F-273D7C95A214}.Debug|x86.Build.0 = Debug|Win32
		{3B3D415C-5AF7-4098-988F-273D7C95A214}.Release|x64.ActiveCfg = Release|x64
		{3B3D415C-5AF7-4098-988F-273D7C95A214}.Release|x64.Build.0 = Release|x64
		{3B3D415C-5AF7-4098-988F-273D7C95A214}.Release|x86.ActiveCfg = Release|Win32
		{3B3D415C-5AF7-4098-988F-273D7C95A214}.Release|x86.Build.0 = Release|Win32
		{F6F01DCD-2FCA-4DC3-845D-EEF7C5EAB8AE}.Debug|x64.ActiveCfg = Debug|x64
		{F6F01DCD-2FCA-4DC3-845D-EEF7C5EAB8AE}.Debug|x64.Build.0 = Debug|x64
		{F6F01DCD-2FCA-4DC3-845D-EEF7C5EAB8AE}.Debug|x86.ActiveCfg = Debug|Win32
		{F6F01DCD-2FCA-4DC3-845D-EEF7C5EAB8AE}.Debug|x86.Build.0 = Debug|Win32
		{F6F01DCD-2FCA-4DC3-845D-EEF7C5EAB8AE}.Release|x64.ActiveCfg = Release|x64
		{F6F01DCD-2FCA-4DC3-845D-EEF7C5EAB8AE}.Release|x64.Build.0 = Release|x64
		{F6F01DCD-2FCA-4DC3-845D-EEF7C5EAB8AE}.Release|x86.ActiveCfg = Release|Win32
		{F6F01DCD-2FCA-4DC3-845D-EEF7C5EAB8AE}.Release|x86.Build.0 = Release|Win32
		{D4D0E6DB-FA15-4E8E-B5F3-325B7FE4CEB5}.Debug|x64.ActiveCfg = Debug|x64
		{D4D0E6DB-FA15-4E8E-B5F3-325B7FE4CEB5}.Debug|x64.Build.0 = Debug|x64
		{D4D0E6DB-FA15-4E8E-B5F3-325B7FE4CEB5}.Debug|x86.ActiveCfg = Debug|Win32
		{D4D0E6DB-FA15-4E8E-B5F3-325B7FE4CEB5}.Debug|x86.Build.0 = Debug|Win32
		{D4D0E6DB-FA15-4E8E-B5F3-325B7FE4CEB5}.Release|x64.ActiveCfg = Release|x64
		{D4D0E6DB-FA15-4E8E-B5F3-325B7FE4CEB5}.Release|x64.Build.0 = Release|x64
		{D4D0E6DB-FA15-4E8E-B5F3-325B7FE4CEB5}.Release|x86.ActiveCfg = Release|Win32
		{D4D0E6DB-FA15-4E8E-B5F3-325B7FE4CEB5}.Release|x86.Build.0 = Release|Win32
		{A43F4B1A-E3A3-4BD5-B118-1A3B737EFF0A}.Debug|x64.ActiveCfg = Debug|x64
		{A43F4B1A-E3A3-4BD5-B118-1A3B737EFF0A}.Debug|x64.Build.0 = Debug|x64
		{A43F4B1A-E3A3-4BD5-B118-1A3B737EFF0A}.Debug|x86.ActiveCfg = Debug|Win32
		{A43F4B1A-E3A3-4BD5-B118-1A3B737EFF0A}.Debug|x86.Build.0 = Debug|Win32
		{A43F4B1A-E3A3-4BD5-B118-1A3B737EFF0A}.Release|x64.ActiveCfg = Release|x64
		{A43F4B1A-E3A3-4BD5-B118-1A3B737EFF0A}.Release|x64.Build.0 = Release|x64
		{A43F4B1A-E3A3-4BD5-B118-1A3B737EFF0A}.Release|x86.ActiveCfg = Release|Win32
		{A43F4B1A-E3A3-4BD5-B118-1A3B737EFF0A}.Release|x86.Build.0 = Release|Win32
		{A0CA41C6-BD5D-4ED4-9B01-9C9188580B2C}.Debug|x64.ActiveCfg = Debug|x64
		{A0CA41C6-BD5D-4ED4-9B01-9C9188580B2C}.Debug|x64.Build.0 = Debug|x64
		{A0CA41C6-BD5D-4ED4-9B01-9C9188580B2C}.Debug|x86.ActiveCfg = Debug|Win32
		{A0CA41C6-BD5D-4ED4-9B01-9C9188580B2C}.Debug|x86.Build.0 = Debug|Win32
		{A0CA41C6-BD5D-4ED4-9B01-9C9188580B2C}.Release|x64.ActiveCfg = Release|x64
		{A0CA41C6-BD5D-4ED4-9B01-9C9188580B2C}.Release|x64.Build.0 = Release|x64
		{A0CA41C6-BD5D-4ED4-9B01-9C9188580B2C}.Release|x86.ActiveCfg = Release|Win32
		{A0CA41C6-BD5D-4ED4-9B01-9C9188580B2C}.Release|x86.Build.0 = Release|Win32
		{3BF02F82-2186-4EDE-B720-87512A1FEBC0}.Debug|x64.ActiveCfg = Debug|x64
		{3BF02F82-2186-4EDE-B720-87512A1FEBC0}.Debug|x64.Build.0 = Debug|x64
		{3BF02F82-2186-4EDE-B720-87512A1FEBC0}.Debug|x86.ActiveCfg = Debug|Win32
		{3BF02F82-2186-4EDE-B720-87512A1FEBC0}.Debug|x86.Build.0 = Debug|Win32
		{3BF02F82-2186-4EDE-B720-87512A1FEBC0}.Release|x64.ActiveCfg = Release|x64
		{3BF02F82-2186-4EDE-B720-87512A1FEBC0}.Release|x64.Build.0 = Release|x64
		{3BF02F82-2186-4EDE-B720-87512A1FEBC0}.Release|x86.ActiveCfg = Release|Win32
		{3BF02F82-2186-4EDE-B720-87512A1FEBC0}.Release|x86.Build.0 = Release|Win32
		{E9AC4E78-1CF3-40B8-BEFB-B2B3E8D796B7}.Debug|x64.ActiveCfg = Debug|x64
		{E9AC4E78-1CF3-40B8-BEFB-B2B3E8D796B7}.Debug|x64.Build.0 = Debug|x64
		{E9AC4E78-1CF3-40B8-BEFB-B2B3E8D796B7}.Debug|x86.ActiveCfg = Debug|Win32
		{E9AC4E78-1CF3-40B8-BEFB-B2B3E8D796B7}.Debug|x86.Build.0 = Debug|Win32
		{E9AC4E78-1CF3-40B8-BEFB-B2B3E8D796B7}.Release|x64.ActiveCfg = Release|x64
		{E9AC4E78-1CF3-40B8-BEFB-B2B3E8D796B7}.Release|x64.Build.0 = Release|x64
		{E9AC4E78-1CF3-40B8-BEFB-B2B3E8D796B7}.Release|x86.ActiveCfg = Release|Win32
		{E9AC4E78-1CF3-40B8-BEFB-B2B3E8D796B7}.Release|x86.Build.0 = Release|Win32
		{0A851EA5-5B67-4F46-9D20-A530F68891E3}.Debug|x64.ActiveCfg = Debug|x64
		{0A851EA5-5B67-4F46-9D20-A530F68891E3}.Debug|x64.Build.0 = Debug|x64
		{0A851EA5-5B67-4F46-9D20-A530F68891E3}.Debug|x86.ActiveCfg = Debug|Win32
		{0A851EA5-5B67-4F46-9D20-A530F68891E3}.Debug|x86.Build.0 = Debug|Win32
		{0A851EA5-5B67-4F46-9D20-A530F68891E3}.Release|x64.ActiveCfg = Release|x64
		{0A851EA5-5B67-4F46-9D20-A530F68891E3}.Release|x64.Build.0 = Release|x64
		{0A851EA5-5B67-4F46-9D20-A530F68891E3}.Release|x86.ActiveCfg = Release|Win32
		{0A851EA5-5B67-4F46-9D20-A530F68891E3}.Release|x86.Build.0 = Release|Win32
		{4AAE2F30-9289-4746-AF8C-E53D585037C5}.Debug|x64.ActiveCfg = Debug|x64
		{4AAE2F30-9289-4746-AF8C-E53D585037C5}.Debug|x64.Build.0 = Debug|x64
		{4AAE2F30-9289-4746-AF8C-E53D585037C5}.Debug|x86.ActiveCfg = Debug|Win32
		{4AAE2F30-9289-4746-AF8C-E53D585037C5}.Debug|x86.Build.0 = Debug|Win32
		{4AAE2F30-9289-4746-AF8C-E53D585037C5}.Release|x64.ActiveCfg = Release|x64
		{4AAE2F30-9289-4746-AF8C-E53D585037C5}.Release|x64.Build.0 = Release|x64
		{4AAE2F30-9289-4746-AF8C-E53D585037C5}.Release|x86.ActiveCfg = Release|Win32
		{4AAE2F30-9289-4746-AF8C-E53D585037C5}.Release|x86.Build.0 = Release|Win32
		{01E8A47B-6CA1-42FD-B711-CBD0BE6FCF29}.Debug|x64.ActiveCfg = Debug|x64
		{01E8A47B-6CA1-42FD-B711-CBD0BE6FCF29}.Debug|x64.Build.0 = Debug|x64
		{01E8A47B-6CA1-42FD-B711-CBD0BE6FCF29}.Debug|x86.ActiveCfg = Debug|Win32
		{01E8A47B-6CA1-42FD-B711-CBD0BE6FCF29}.Debug|x86.Build.0 = Debug|Win32
		{01E8A47B-6CA1-42FD-B711-CBD0BE6FCF29}.Release|x64.ActiveCfg = Release|x64
		{01E8A47B-6CA1-42FD-B711-CBD0BE6FCF29}.Release|x64.Build.0 = Release|x64
		{01E8A47B-6CA1-42FD-B711-CBD0BE6FCF29}.Release|x86.ActiveCfg = Release|Win32
		{01E8A47B-6CA1-42FD-B711-CBD0BE6FCF29}.Release|x86.Build.0 = Release|Win32
		{959DB52E-5A8B-4C28-881B-7739F88A1B75}.Debug|x64.ActiveCfg = Debug|x64
		{959DB52E-5A8B-4C28-881B-7739F88A1B75}.Debug|x64.Build.0 = Debug|x64
		{959DB52E-5A8B-4C28-881B-7739F88A1B75}.Debug|x86.ActiveCfg = Debug|Win32
		{959DB52E-5A8B-4C28-881B-7739F88A1B75}.Debug|x86.Build.0 = Debug|Win32
		{959DB52E-5A8B-4C28-881B-7739F88A1B75}.Release|x64.ActiveCfg = Release|x64
		{959DB52E-5A8B-4C28-881B-7739F88A1B75}.Release|x64.Build.0 = Release|x64
		{959DB52E-5A8B-4C28-881B-7739F88A1B75}.Release|x86.ActiveCfg = Release|Win32
		{959DB52E-5A8B-4C28-881B-7739F88A1B75}.Release|x86.Build.0 = Release|Win32
		{46F42B14-85F4-4685-919C-1EE5A9523F85}.Debug|x64.ActiveCfg = Debug|x64
		{46F42B14-85F4-4685-919C-1EE5A9523F85}.Debug|x64.Build.0 = Debug|x64
		{46F42B14-85F4-4685-919C-1EE5A9523F85}.Debug|x86.ActiveCfg = Debug|Win32
		{46F42B14-85F4-4685-919C-1EE5A9523F85}.Debug|x86.Build.0 = Debug|Win32
		{46F42B14-85F4-4685-919C-1EE5A9523F85}.Release|x64.ActiveCfg = Release|x64
		{46F42B14-85F4-4685-919C-1EE5A9523F85}.Release|x64.Build.0 = Release|x64
		{46F42B14-85F4-4685-919C-1EE5A9523F85}.Release|x86.ActiveCfg = Release|Win32
		{46F42B14-85F4-4685-919C-1EE5A9523F85}.Release|x86.Build.0 = Release|Win32
		{A71A9C87-B4F2-4304-8ABA-801E8EE73997}.Debug|x64.ActiveCfg = Debug|x64
		{A71A9C87-B4F2-4304-8ABA-801E8EE73997}.Debug|x64.Build.0 = Debug|x64
		{A71A9C87-B4F2-4304-8ABA-801E8EE73997}.Debug|x86.ActiveCfg = Debug|Win32
		{A71A9C87-B4F2-4304-8ABA-801E8EE73997}.Debug|x86.Build.0 = Debug|Win32
		{A71A9C87-B4F2-4304-8ABA-801E8EE73997}.Release|x64.ActiveCfg = Release|x64
		{A71A9C87-B4F2-4304-8ABA-801E8EE73997}.Release|x64.Build.0 = Release|x64
		{A71A9C87-B4F2-4304-8ABA-801E8EE73997}.Release|x86.ActiveCfg = Release|Win32
		{A71A9C87-B4F2-4304-8ABA-801E8EE73997}.Release|x86.Build.0 = Release|Win32
		{95FEBA76-F7F4-4919-B04F-E656337E5D15}.Debug|x64.ActiveCfg = Debug|x64
		{95FEBA76-F7F4-4919-B04F-E656337E5D15}.Debug|x64.Build.0 = Debug|x64
		{95FEBA76-F7F4-4919-B04F-E656337E5D15}.Debug|x86.ActiveCfg = Debug|Win32
		{95FEBA76-F7F4-4919-B04F-E656337E5D15}.Debug|x86.Build.0 = Debug|Win32
		{95FEBA76-F7F4-4919-B04F-E656337E5D15}.Release|x64.ActiveCfg = Release|x64
		{95FEBA76-F7F4-4919-B04F-E656337E5D15}.Release|x64.Build.0 = Release|x64
		{95FEBA76-F7F4-4919-B04F-E656337E5D15}.Release|x86.ActiveCfg = Release|Win32
		{95FEBA76-F7F4-4919-B04F-E656337E5D15}.Release|x86.Build.0 = Release|Win32
		{30EAC395-A78F-4EA2-BD47-54FE8A8362D1}.Debug|x64.ActiveCfg = Debug|x64
		{30EAC395-A78F-4EA2-BD47-54FE8A8362D1}.Debug|x64.Build.0 = Debug|x64
		{30EAC395-A78F-4EA2-BD47-54FE8A8362D1}.Debug|x86.ActiveCfg = Debug|Win32
		{30EAC395-A78F-4EA2-BD47-54FE8A8362D1}.Debug|x86.Build.0 = Debug|Win32
		{30EAC395-A78F-4EA2-BD47-54FE8A8362D1}.Release|x64.ActiveCfg = Release|x64
		{30EAC395-A78F-4EA2-BD47-54FE8A8362D1}.Release|x64.Build.0 = Release|x64
		{30EAC395-A78F-4EA2-BD47-54FE8A8362D1}.Release|x86.ActiveCfg = Release|Win32
		{30EAC395-A78F-4EA2-BD47-54FE8A8362D1}.Release|x86.Build.0 = Release|Win32
		{5881F680-FA3F-4637-98F7-BA63DB9BC6B3}.Debug|x64.ActiveCfg = Debug|x64
		{5881F680-FA3F-4637-98F7-BA63DB9BC6B3}.Debug|x64.Build.0 = Debug|x64
		{5881F680-FA3F-4637-98F7-BA63DB9BC6B3}.Debug|x86.ActiveCfg = Debug|Win32
		{5881F680-FA3F-4637-98F7-BA63DB9BC6B3}.Debug|x86.Build.0 = Debug|Win32
		{5881F680-FA3F-4637-98F7-BA63DB9BC6B3}.Release|x64.ActiveCfg = Release|x64
		{5881F680-FA3F-4637-98F7-BA63DB9BC6B3}.Release|x64.Build.0 = Release|x64
		{5881F680-FA3F-4637-98F7-BA63DB9BC6B3}.Release|x86.ActiveCfg = Release|Win32
		{5881F680-FA3F-4637-98F7-BA63DB9BC6B3}.Release|x86.Build.0 = Release|Win32
		{F83FA444-B804-4B3E-806E-64929B166A4F}.Debug|x64.ActiveCfg = Debug|x64
		{F83FA444-B804-4B3E-806E-64929B166A4F}.Debug|x64.Build.0 = Debug|x64
		{F83FA444-B804-4B3E-806E-64929B166A4F}.Debug|x86.ActiveCfg = Debug|Win32
		{F83FA444-B804-4B3E-806E-64929B166A4F}.Debug|x86.Build.0 = Debug|Win32
		{F83FA444-B804-4B3E-806E-64929B166A4F}.Release|x64.ActiveCfg = Release|x64
		{F83FA444-B804-4B3E-806E-64929B166A4F}.Release|x64.Build.0 = Release|x64
		{F83FA444-B804-4B3E-806E-64929B166A4F}.Release|x86.ActiveCfg = Release|Win32
		{F83FA444-B804-4B3E-806E-64929B166A4F}.Release|x86.Build.0 = Release|Win32
		{E55264F1-0499-4EB8-9221-6FAFA2F3465B}.Debug|x64.ActiveCfg = Debug|x64
		{E55264F1-0499-4EB8-9221-6FAFA2F3465B}.Debug|x64.Build.0 = Debug|x64
		{E55264F1-0499-4EB8-9221-6FAFA2F3465B}.Debug|x86.ActiveCfg = Debug|Win32
		{E55264F1-0499-4EB8-9221-6FAFA2F3465B}.Debug|x86.Build.0 = Debug|Win32
		{E55264F1-0499-4EB8-9221-6FAFA2F3465B}.Release|x64.ActiveCfg = Release|x64
		{E55264F1-0499-4EB8-9221-6FAFA2F3465B}.Release|x64.Build.0 = Release|x64
		{E55264F1-0499-4EB8-9221-6FAFA2F3465B}.Release|x86.ActiveCfg = Release|Win32
		{E55264F1-0499-4EB8-9221-6FAFA2F3465B}.Release|x86.Build.0 = Release|Win32
		{9B29F619-80A2-4C31-B29A-3C01AD039B89}.Debug|x64.ActiveCfg = Debug|x64
		{9B29F619-80A2-4C31-B29A-3C01AD039B89}.Debug|x64.Build.0 = Debug|x64
		{9B29F619-80A2-4C31-B29A-3C01AD039B89}.Debug|x86.ActiveCfg = Debug|Win32
		{9B29F619-80A2-4C31-B29A-3C01AD039B89}.Debug|x86.Build.0 = Debug|Win32
		{9B29F619-80A2-4C31-B29A-3C01AD039B89}.Release|x64.ActiveCfg = Release|x64
		{9B29F619-80A2-4C31-B29A-3C01AD039B89}.Release|x64.Build.0 = Release|x64
		{9B29F619-80A2-4C31-B29A-3C01AD039B89}.Release|x86.ActiveCfg = Release|Win32
		{9B29F619-80A2-4C31-B29A-3C01AD039B89}.Release|x86.Build.0 = Release|Win32
		{16BF4742-60AB-46F4-8BAA-E42E1830BD9C}.Debug|x64.ActiveCfg = Debug|x64
		{16BF4742-60AB-46F4-8BAA-E42E1830BD9C}.Debug|x64.Build.0 = Debug|x64
		{16BF4742-60AB-46F4-8BAA-E42E1830BD9C}.Debug|x86.ActiveCfg = Debug|Win32
		{16BF4742-60AB-46F4-8BAA-E42E1830BD9C}.Debug|x86.Build.0 = Debug|Win32
		{16BF4742-60AB-46F4-8BAA-E42E1830BD9C}.Release|x64.ActiveCfg = Release|x64
		{16BF4742-60AB-46F4-8BAA-E42E1830BD9C}.Release|x64.Build.0 = Release|x64
		{16BF4742-60AB-46F4-8BAA-E42E1830BD9C}.Release|x86.ActiveCfg = Release|Win32
		{16BF4742-60AB-46F4-8BAA-E42E1830BD9C}.Release|x86.Build.0 = Release|Win32
		{41521270-62F6-4051-A30F-E4539F002A3A}.Debug|x64.ActiveCfg = Debug|x64
		{41521270-62F6-4051-A30F-E4539F002A3A}.Debug|x64.Build.0 = Debug|x64
		{41521270-62F6-4051-A30F-E4539F002A3A}.Debug|x86.ActiveCfg = Debug|Win32
		{41521270-62F6-4051-A30F-E4539F002A3A}.Debug|x86.Build.0 = Debug|Win32
		{41521270-62F6-4051-A30F-E4539F002A3A}.Release|x64.ActiveCfg = Release|x64
		{41521270-62F6-4051-A30F-E4539F002A3A}.Release|x64.Build.0 = Release|x64
		{41521270-62F6-4051-A30F-E4539F002A3A}.Release|x86.ActiveCfg = Release|Win32
		{41521270-62F6-4051-A30F-E4539F002A3A}.Release|x86.Build.0 = Release|Win32
		{887B10F1-3A11-43A4-88FF-8A9C1A8A4EBC}.Debug|x64.ActiveCfg = Debug|x64
		{887B10F1-3A11-43A4-88FF-8A9C1A8A4EBC}.Debug|x64.Build.0 = Debug|x64
		{887B10F1-3A11-43A4-88FF-8A9C1A8A4EBC}.Debug|x86.ActiveCfg = Debug|Win32
		{887B10F1-3A11-43A4-88FF-8A9C1A8A4EBC}.Debug|x86.Build.0 = Debug|Win32
		{887B10F1-3A11-43A4-88FF-8A9C1A8A4EBC}.Release|x64.ActiveCfg = Release|x64
		{887B10F1-3A11-43A4-88FF-8A9C1A8A4EBC}.Release|x64.Build.0 = Release|x64
		{887B10F1-3A11-43A4-88FF-8A9C1A8A4EBC}.Release|x86.ActiveCfg = Release|Win32
		{887B10F1-3A11-43A4-88FF-8A9C1A8A4EBC}.Release|x86.Build.0 = Release|Win32
		{57E76358-885D-4E7B-8B4E-66E4135580DD}.Debug|x64.ActiveCfg = Debug|x64
		{57E76358-885D-4E7B-8B4E-66E4135580DD}.Debug|x64.Build.0 = Debug|x64
		{57E76358-885D-4E7B-8B4E-66E4135580DD}.Debug|x86.ActiveCfg = Debug|Win32
		{57E76358-885D-4E7B-8B4E-66E4135580DD}.Debug|x86.Build.0 = Debug|Win32
		{57E76358-885D-4E7B-8B4E-66E4135580DD}.Release|x64.ActiveCfg = Release|x64
		{57E76358-885D-4E7B-8B4E-66E4135580DD}.Release|x64.Build.0 = Release|x64
		{57E76358-885D-4E7B-8B4E-66E4135580DD}.Release|x86.ActiveCfg = Release|Win32
		{57E76358-885D-4E7B-8B4E-66E4135580DD}.Release|x86.Build.0 = Release|Win32
		{D6EF7F02-1308-45B6-BB03-A166C2738FBE}.Debug|x64.ActiveCfg = Debug|x64
		{D6EF7F02-1308-45B6-BB03-A166C2738FBE}.Debug|x64.Build.0 = Debug|x64
		{D6EF7F02-1308-45B6-BB03-A166C2738FBE}.Debug|x86.ActiveCfg = Debug|Win32
		{D6EF7F02-1308-45B6-BB03-A166C2738FBE}.Debug|x86.Build.0 = Debug|Win32
		{D6EF7F02-1308-45B6-BB03-A166C2738FBE}.Release|x64.ActiveCfg = Release|x64
		{D6EF7F02-1308-45B6-BB03-A166C2738FBE}.Release|x64.Build.0 = Release|x64
		{D6EF7F02-1308-45B6-BB03-A166C2738FBE}.Release|x86.ActiveCfg = Release|Win32
		{D6EF7F02-1308-45B6-BB03-A166C2738FBE}.Release|x86.Build.0 = Release|Win32
		{2CE8DB23-0C8A-4E90-BFBF-6BFEAC8D3802}.Debug|x64.ActiveCfg = Debug|x64
		{2CE8DB23-0C8A-4E90-BFBF-6BFEAC8D3802}.Debug|x64.Build.0 = Debug|x64
		{2CE8DB23-0C8A-4E90-BFBF-6BFEAC8D3802}.Debug|x86.ActiveCfg = Debug|Win32
		{2CE8DB23-0C8A-4E90-BFBF-6BFEAC8D3802}.Debug|x86.Build.0 = Debug|Win32
		{2CE8DB23-0C8A-4E90-BFBF-6BFEAC8D3802}.Release|x64.ActiveCfg = Release|x64
		{2CE8DB23-0C8A-4E90-BFBF-6BFEAC8D3802}.Release|x64.Build.0 = Release|x64
		{2CE8DB23-0C8A-4E90-BFBF-6BFEAC8D3802}.Release|x86.ActiveCfg = Release|Win32
		{2CE8DB23-0C8A-4E90-BFBF-6BFEAC8D3802}.Release|x86.Build.0 = Release|Win32
		{D0F7A303-6AD1-4940-81E6-30C645764CE1}.Debug|x64.ActiveCfg = Debug|x64
		{D0F7A303-6AD1-4940-81E6-30C645764CE1}.Debug|x64.Build.0 = Debug|x64
		{D0F7A303-6AD1-4940-81E6-30C645764CE1}.Debug|x86.ActiveCfg = Debug|Win32
		{D0F7A303-6AD1-4940-81E6-30C645764CE1}.Debug|x86.Build.0 = Debug|Win32
		{D0F7A303-6AD1-4940-81E6-30C645764CE1}.Release|x64.ActiveCfg = Release|x64
		{D0F7A303-6AD1-4940-81E6-30C645764CE1}.Release|x64.Build.0 = Release|x64
		{D0F7A303-6AD1-4940-81E6-30C645764CE1}.Release|x86.ActiveCfg = Release|Win32
		{D0F7A303-6AD1-4940-81E6-30C645764CE1}.Release|x86.Build.0 = Release|Win32
		{D3AF815F-0777-4A95-A3DE-73F8FE3D1BA2}.Debug|x64.ActiveCfg = Debug|x64
		{D3AF815F-0777-4A95-A3DE-73F8FE3D1BA2}.Debug|x64.Build.0 = Debug|x64
		{D3AF815F-0777-4A95-A3DE-73F8FE3D1BA2}.Debug|x86.ActiveCfg = Debug|Win32
		{D3AF815F-0777-4A95-A3DE-73F8FE3D1BA2}.Debug|x86.Build.0 = Debug|Win32
		{D3AF815F-0777-4A95-A3DE-73F8FE3D1BA2}.Release|x64.ActiveCfg = Release|x64
		{D3AF815F-0777-4A95-A3DE-73F8FE3D1BA2}.Release|x64.Build.0 = Release|x64
		{D3AF815F-0777-4A95-A3DE-73F8FE3D1BA2}.Release|x86.ActiveCfg = Release|Win32
		{D3AF815F-0777-4A95-A3DE-73F8FE3D1BA2}.Release|x86.Build.0 = Release|Win32
		{47FEDCC1-68E3-4C16-A7AB-5C1CF7B27361}.Debug|x64.ActiveCfg = Debug|x64
		{47FEDCC1-68E3-4C16-A7AB-5C1CF7B27361}.Debug|x64.Build.0 = Debug|x64
		{47FEDCC1-68E3-4C16-A7AB-5C1CF7B27361}.Debug|x86.ActiveCfg = Debug|Win32
		{47FEDCC1-68E3-4C16-A7AB-5C1CF7B27361}.Debug|x86.Build.0 = Debug|Win32
		{47FEDCC1-68E3-4C16-A7AB-5C1CF7B27361}.Release|x64.ActiveCfg = Release|x64
		{47FEDCC1-68E3-4C16-A7AB-5C1CF7B27361}.Release|x64.Build.0 = Release|x64
		{47FEDCC1-68E3-4C16-A7AB-5C1CF7B27361}.Release|x86.ActiveCfg = Release|Win32
		{47FEDCC1-68E3-4C16-A7AB-5C1CF7B27361}.Release|x86.Build.0 = Release|Win32
		{EA912557-D2CA-473B-96A5-1214D5620F95}.Debug|x64.ActiveCfg = Debug|x64
		{EA912557-D2CA-473B-96A5-1214D5620F95}.Debug|x64.Build.0 = Debug|x64
		{EA912557-D2CA-473B-96A5-1214D5620F95}.Debug|x86.ActiveCfg = Debug|Win32
		{EA912557-D2CA-473B-96A5-1214D5620F95}.Debug|x86.Build.0 = Debug|Win32
		{EA912557-D2CA-473B-96A5-1214D5620F95}.Release|x64.ActiveCfg = Release|x64
		{EA912557-D2CA-473B-96A5-1214D5620F95}.Release|x64.Build.0 = Release|x64
		{EA912557-D2CA-473B-96A5-1214D5620F95}.Release|x86.ActiveCfg = Release|Win32
		{EA912557-D2CA-473B-96A5-1214D5620F95}.Release|x86.Build.0 = Release|Win32
		{EC13581E-F70A-44F2-B22E-C05614AD16CB}.Debug|x64.ActiveCfg = Debug|x64
		{EC13581E-F70A-44F2-B22E-C05614AD16CB}.Debug|x64.Build.0 = Debug|x64
		{EC13581E-F70A-44F2-B22E-C05614AD16CB}.Debug|x86.ActiveCfg = Debug|Win32
		{EC13581E-F70A-44F2-B22E-C05614AD16CB}.Debug|x86.Build.0 = Debug|Win32
		{EC13581E-F70A-44F2-B22E-C05614AD16CB}.Release|x64.ActiveCfg = Release|x64
		{EC13581E-F70A-44F2-B22E-C05614AD16CB}.Release|x64.Build.0 = Release|x64
		{EC13581E-F70A-44F2-B22E-C05614AD16CB}.Release|x86.ActiveCfg = Release|Win32
		{EC13581E-F70A-44F2-B22E-C05614AD16CB}.Release|x86.Build.0 = Release|Win32
		{B23BD999-85A2-4419-9FB7-4156FDCCE979}.Debug|x64.ActiveCfg = Debug|x64
		{B23BD999-85A2-4419-9FB7-4156FDCCE979}.Debug|x64.Build.0 = Debug|x64
		{B23BD999-85A2-4419-9FB7-4156FDCCE979}.Debug|x86.ActiveCfg = Debug|Win32
		{B23BD999-85A2-4419-9FB7-4156FDCCE979}.Debug|x86.Build.0 = Debug|Win32
		{B23BD999-85A2-4419-9FB7-4156FDCCE979}.Release|x64.ActiveCfg = Release|x64
		{B23BD999-85A2-4419-9FB7-4156FDCCE979}.Release|x64.Build.0 = Release|x64
		{B23BD999-85A2-4419-9FB7-4156FDCCE979}.Release|x86.ActiveCfg = Release|Win32
		{B23BD999-85A2-4419-9FB7-4156FDCCE979}.Release|x86.Build.0 = Release|Win32
		{DC66B53A-EBF4-4866-9A48-91DCEDA1D197}.Debug|x64.ActiveCfg = Debug|x64
		{DC66B53A-EBF4-4866-9A48-91DCEDA1D197}.Debug|x64.Build.0 = Debug|x64
		{DC66B53A-EBF4-4866-9A48-91DCEDA1D197}.Debug|x86.ActiveCfg = Debug|Win32
		{DC66B53A-EBF4-4866-9A48-91DCEDA1D197}.Debug|x86.Build.0 = Debug|Win32
		{DC66B53A-EBF4-4866-9A48-91DCEDA1D197}.Release|x64.ActiveCfg = Release|x64
		{DC66B53A-EBF4-4866-9A48-91DCEDA1D197}.Release|x64.Build.0 = Release|x64
		{DC66B53A-EBF4-4866-9A48-91DCEDA1D197}.Release|x86.ActiveCfg = Release|Win32
		{DC66B53A-EBF4-4866-9A48-91DCEDA1D197}.Release|x86.Build.0 = Release|Win32
		{79BAFA72-445E-4138-97C1-C2F174F2D4AD}.Debug|x64.ActiveCfg = Debug|x64
		{79BAFA72-445E-4138-97C1-C2F174F2D4AD}.Debug|x64.Build.0 = Debug|x64
		{79BAFA72-445E-4138-97C1-C2F174F2D4AD}.Debug|x86.ActiveCfg = Debug|Win32
		{79BAFA72-445E-4138-97C1-C2F174F2D4AD}.Debug|x86.Build.0 = Debug|Win32
		{79BAFA72-445E-4138-97C1-C2F174F2D4AD}.Release|x64.ActiveCfg = Release|x64
		{79BAFA72-445E-4138-97C1-C2F174F2D4AD}.Release|x64.Build.0 = Release|x64
		{79BAFA72-445E-4138-97C1-C2F174F2D4AD}.Release|x86.ActiveCfg = Release|Win32
		{79BAFA72-445E-4138-97C1-C2F174F2D4AD}.Release|x86.Build.0 = Release|Win32
		{04095873-A32D-4781-8C81-33BC879BC871}.Debug|x64.ActiveCfg = Debug|x64
		{04095873-A32D-4781-8C81-33BC879BC871}.Debug|x64.Build.0 = Debug|x64
		{04095873-A32D-4781-8C81-33BC879BC871}.Debug|x86.ActiveCfg = Debug|Win32
		{04095873-A32D-4781-8C81-33BC879BC871}.Debug|x86.Build.0 = Debug|Win32
		{04095873-A32D-4781-8C81-33BC879BC871}.Release|x64.ActiveCfg = Release|x64
		{04095873-A32D-4781-8C81-33BC879BC871}.Release|x64.Build.0 = Release|x64
		{04095873-A32D-4781-8C81-33BC879BC871}.Release|x86.ActiveCfg = Release|Win32
		{04095873-A32D-4781-8C81-33BC879BC871}.Release|x86.Build.0 = Release|Win32
		{50562CFD-1C9C-4D5A-94A8-4CFE2AE78882}.Debug|x64.ActiveCfg = Debug|x64
		{50562CFD-1C9C-4D5A-94A8-4CFE2AE78882}.Debug|x64.Build.0 = Debug|x64
		{50562CFD-1C9C-4D5A-94A8-4CFE2AE78882}.Debug|x86.ActiveCfg = Debug|Win32
		{50562CFD-1C9C-4D5A-94A8-4CFE2AE78882}.Debug|x86.Build.0 = Debug|Win32
		{50562CFD-1C9C-4D5A-94A8-4CFE2AE78882}.Release|x64.ActiveCfg = Release|x64
		{50562CFD-1C9C-4D5A-94A8-4CFE2AE78882}.Release|x64.Build.0 = Release|x64
		{50562CFD-1C9C-4D5A-94A8-4CFE2AE78882}.Release|x86.ActiveCfg = Release|Win32
		{50562CFD-1C9C-4D5A-94A8-4CFE2AE78882}.Release|x86.Build.0 = Release|Win32
		{DD6ADBCA-6194-47B0-A517-DAE699DC4834}.Debug|x64.ActiveCfg = Debug|x64
		{DD6ADBCA-6194-47B0-A517-DAE699DC4834}.Debug|x64.Build.0 = Debug|x64
		{DD6ADBCA-6194-47B0-A517-DAE699DC4834}.Debug|x86.ActiveCfg = Debug|Win32
		{DD6ADBCA-6194-47B0-A517-DAE699DC4834}.Debug|x86.Build.0 = Debug|Win32
		{DD6ADBCA-6194-47B0-A517-DAE699DC4834}.Release|x64.ActiveCfg = Release|x64
		{DD6ADBCA-6194-47B0-A517-DAE699DC4834}.Release|x64.Build.0 = Release|x64
		{DD6ADBCA-6194-47B0-A517-DAE699DC4834}.Release|x86.ActiveCfg = Release|Win32
		{DD6ADBCA-6194-47B0-A517-DAE699DC4834}.Release|x86.Build.0 = Release|Win32
		{1896348B-D986-4496-9078-8CD7F677254D}.Debug|x64.ActiveCfg = Debug|x64
		{1896348B-D986-4496-9078-8CD7F677254D}.Debug|x64.Build.0 = Debug|x64
		{1896348B-D986-4496-9078-8CD7F677254D}.Debug|x86.ActiveCfg = Debug|Win32
		{1896348B-D986-4496-9078-8CD7F677254D}.Debug|x86.Build.0 = Debug|Win32
		{1896348B-D986-4496-9078-8CD7F677254D}.Release|x64.ActiveCfg = Release|x64
		{1896348B-D986-4496-9078-8CD7F677254D}.Release|x64.Build.0 = Release|x64
		{1896348B-D986-4496-9078-8CD7F677254D}.Release|x86.ActiveCfg = Release|Win32
		{1896348B-D986-4496-9078-8CD7F677254D}.Release|x86.Build.0 = Release|Win32
		{A676C596-BEDE-4726-BE3C-F829F010FF76}.Debug|x64.ActiveCfg = Debug|x64
		{A676C596-BEDE-4726-BE3C-F829F010FF76}.Debug|x64.Build.0 = Debug|x64
		{A676C596-BEDE-4726-BE3C-F829F010FF76}.Debug|x86.ActiveCfg = Debug|Win32
		{A676C596-BEDE-4726-BE3C-F829F010FF76}.Debug|x86.Build.0 = Debug|Win32
		{A676C596-BEDE-4726-BE3C-F829F010FF76}.Release|x64.ActiveCfg = Release|x64
		{A676C596-BEDE-4726-BE3C-F829F010FF76}.Release|x64.Build.0 = Release|x64
		{A676C596-BEDE-4726-BE3C-F829F010FF76}.Release|x86.ActiveCfg = Release|Win32
		{A676C596-BEDE-4726-BE3C-F829F010FF76}.Release|x86.Build.0 = Release|Win32
		{EB011054-08C0-40C0-81C1-F2085131EAFA}.Debug|x64.ActiveCfg = Debug|x64
		{EB011054-08C0-40C0-81C1-F2085131EAFA}.Debug|x64.Build.0 = Debug|x64
		{EB011054-08C0-40C0-81C1-F2085131EAFA}.Debug|x86.ActiveCfg = Debug|Win32
		{EB011054-08C0-40C0-81C1-F2085131EAFA}.Debug|x86.Build.0 = Debug|Win32
		{EB011054-08C0-40C0-81C1-F2085131EAFA}.Release|x64.ActiveCfg = Release|x64
		{EB011054-08C0-40C0-81C1-F2085131EAFA}.Release|x64.Build.0 = Release|x64
		{EB011054-08C0-40C0-81C1-F2085131EAFA}.Release|x86.ActiveCfg = Release|Win32
		{EB011054-08C0-40C0-81C1-F2085131EAFA}.Release|x86.Build.0 = Release|Win32
		{E0FB3EB4-0675-46EC-ACFC-BAA72D6CDDD8}.Debug|x64.ActiveCfg = Debug|x64
		{E0FB3EB4-0675-46EC-ACFC-BAA72D6CDDD8}.Debug|x64.Build.0 = Debug|x64
		{E0FB3EB4-0675-46EC-ACFC-BAA72D6CDDD8}.Debug|x86.ActiveCfg = Debug|Win32
		{E0FB3EB4-0675-46EC-ACFC-BAA72D6CDDD8}.Debug|x86.Build.0 = Debug|Win32
		{E0FB3EB4-0675-46EC-ACFC-BAA72D6CDDD8}.Release|x64.ActiveCfg = Release|x64
		{E0FB3EB4-0675-46EC-ACFC-BAA72D6CDDD8}.Release|x64.Build.0 = Release|x64
		{E0FB3EB4-0675-46EC-ACFC-BAA72D6CDDD8}.Release|x86.ActiveCfg = Release|Win32
		{E0FB3EB4-0675-46EC-ACFC-BAA72D6CDDD8}.Release|x86.Build.0 = Release|Win32
		{F44A461A-54DB-4D8B-B539-5856A23491A8}.Debug|x64.ActiveCfg = Debug|x64
		{F44A461A-54DB-4D8B-B539-5856A23491A8}.Debug|x64.Build.0 = Debug|x64
		{F44A461A-54DB-4D8B-B539-5856A23491A8}.Debug|x86.ActiveCfg = Debug|Win32
		{F44A461A-54DB-4D8B-B539-5856A23491A8}.Debug|x86.Build.0 = Debug|Win32
		{F44A461A-54DB-4D8B-B539-5856A23491A8}.Release|x64.ActiveCfg = Release|x64
		{F44A461A-54DB-4D8B-B539-5856A23491A8}.Release|x64.Build.0 = Release|x64
		{F44A461A-54DB-4D8B-B539-5856A23491A8}.Release|x86.ActiveCfg = Release|Win32
		{F44A461A-54DB-4D8B-B539-5856A23491A8}.Release|x86.Build.0 = Release|Win32
		{A2AA95E2-26EA-4E70-8105-111430C52FE1}.Debug|x64.ActiveCfg = Debug|x64
		{A2AA95E2-26EA-4E70-8105-111430C52FE1}.Debug|x64.Build.0 = Debug|x64
		{A2AA95E2-26EA-4E70-8105-111430C52FE1}.Debug|x86.ActiveCfg = Debug|Win32
		{A2AA95E2-26EA-4E70-8105-111430C52FE1}.Debug|x86.Build.0 = Debug|Win32
		{A2AA95E2-26EA-4E70-8105-111430C52FE1}.Release|x64.ActiveCfg = Release|x64
		{A2AA95E2-26EA-4E70-8105-111430C52FE1}.Release|x64.Build.0 = Release|x64
		{A2AA95E2-26EA-4E70-8105-111430C52FE1}.Release|x86.ActiveCfg = Release|Win32
		{A2AA95E2-26EA-4E70-8105-111430C52FE1}.Release|x86.Build.0 = Release|Win32
		{400B8D60-DABF-483D-A36E-C1127EDB30CC}.Debug|x64.ActiveCfg = Debug|x64
		{400B8D60-DABF-483D-A36E-C1127EDB30CC}.Debug|x64.Build.0 = Debug|x64
		{400B8D60-DABF-483D-A36E-C1127EDB30CC}.Debug|x86.ActiveCfg = Debug|Win32
		{400B8D60-DABF-483D-A36E-C1127EDB30CC}.Debug|x86.Build.0 = Debug|Win32
		{400B8D60-DABF-483D-A36E-C1127EDB30CC}.Release|x64.ActiveCfg = Release|x64
		{400B8D60-DABF-483D-A36E-C1127EDB30CC}.Release|x64.Build.0 = Release|x64
		{400B8D60-DABF-483D-A36E-C1127EDB30CC}.Release|x86.ActiveCfg = Release|Win32
		{400B8D60-DABF-483D-A36E-C1127EDB30CC}.Release|x86.Build.0 = Release|Win32
		{45CFE323-5026-4B01-87D8-935551475BA1}.Debug|x64.ActiveCfg = Debug|x64
		{45CFE323-5026-4B01-87D8-935551475BA1}.Debug|x64.Build.0 = Debug|x64
		{45CFE323-5026-4B01-87D8-935551475BA1}.Debug|x86.ActiveCfg = Debug|Win32
		{45CFE323-5026-4B01-87D8-935551475BA1}.Debug|x86.Build.0 = Debug|Win32
		{45CFE323-5026-4B01-87D8-935551475BA1}.Release|x64.ActiveCfg = Release|x64
		{45CFE323-5026-4B01-87D8-935551475BA1}.Release|x64.Build.0 = Release|x64
		{45CFE323-5026-4B01-87D8-935551475BA1}.Release|x86.ActiveCfg = Release|Win32
		{45CFE323-5026-4B01-87D8-935551475BA1}.Release|x86.Build.0 = Release|Win32
		{096E6514-9F3F-458F-888A-50AB33D01B94}.Debug|x64.ActiveCfg = Debug|x64
		{096E6514-9F3F-458F-888A-50AB33D01B94}.Debug|x64.Build.0 = Debug|x64
		{096E6514-9F3F-458F-888A-50AB33D01B94}.Debug|x86.ActiveCfg = Debug|Win32
		{096E6514-9F3F-458F-888A-50AB33D01B94}.Debug|x86.Build.0 = Debug|Win32
		{096E6514-9F3F-458F-888A-50AB33D01B94}.Release|x64.ActiveCfg = Release|x64
		{096E6514-9F3F-458F-888A-50AB33D01B94}.Release|x64.Build.0 = Release|x64
		{096E6514-9F3F-458F-888A-50AB33D01B94}.Release|x86.ActiveCfg = Release|Win32
		{096E6514-9F3F-458F-888A-50AB33D01B94}.Release|x86.Build.0 = Release|Win32
		{3A2BD9C3-83A1-451C-8380-76EFDACF81A4}.Debug|x64.ActiveCfg = Debug|x64
		{3A2BD9C3-83A1-451C-8380-76EFDACF81A4}.Debug|x64.Build.0 = Debug|x64
		{3A2BD9C3-83A1-451C-8380-76EFDACF81A4}.Debug|x86.ActiveCfg = Debug|Win32
		{3A2BD9C3-83A1-451C-8380-76EFDACF81A4}.Debug|x86.Build.0 = Debug|Win32
		{3A2BD9C3-83A1-451C-8380-76EFDACF81A4}.Release|x64.ActiveCfg = Release|x64
		{3A2BD9C3-83A1-451C-8380-76EFDACF81A4}.Release|x64.Build.0 = Release|x64
		{3A2BD9C3-83A1-451C-8380-76EFDACF81A4}.Release|x86.ActiveCfg = Release|Win32
		{3A2BD9C3-83A1-451C-8380-76EFDACF81A4}.Release|x86.Build.0 = Release|Win32
		{C1F5BC2B-4B90-45F1-B971-BA948539D597}.Debug|x64.ActiveCfg = Debug|x64
		{C1F5BC2B-4B90-45F1-B971-BA948539D597}.Debug|x64.Build.0 = Debug|x64
		{C1F5BC2B-4B90-45F1-B971-BA948539D597}.Debug|x86.ActiveCfg = Debug|Win32
		{C1F5BC2B-4B90-45F1-B971-BA948539D597}.Debug|x86.Build.0 = Debug|Win32
		{C1F5BC2B-4B90-45F1-B971-BA948539D597}.Release|x64.ActiveCfg = Release|x64
		{C1F5BC2B-4B90-45F1-B971-BA948539D597}.Release|x64.Build.0 = Release|x64
		{C1F5BC2B-4B90-45F1-B971-BA948539D597}.Release|x86.ActiveCfg = Release|Win32
		{C1F5BC2B-4B90-45F1-B971-BA948539D597}.Release|x86.Build.0 = Release|Win32
		{0C4C9310-E9C6-4B05-BC81-FC2484AC59B9}.Debug|x64.ActiveCfg = Debug|x64
		{0C4C9310-E9C6-4B05-BC81-FC2484AC59B9}.Debug|x64.Build.0 = Debug|x64
		{0C4C9310-E9C6-4B05-BC81-FC2484AC59B9}.Debug|x86.ActiveCfg = Debug|Win32
		{0C4C9310-E9C6-4B05-BC81-FC2484AC59B9}.Debug|x86.Build.0 = Debug|Win32
		{0C4C9310-E9C6-4B05-BC81-FC2484AC59B9}.Release|x64.ActiveCfg = Release|x64
		{0C4C9310-E9C6-4B05-BC81-FC2484AC59B9}.Release|x64.Build.0 = Release|x64
		{0C4C9310-E9C6-4B05-BC81-FC2484AC59B9}.Release|x86.ActiveCfg = Release|Win32
		{0C4C9310-E9C6-4B05-BC81-FC2484AC59B9}.Release|x86.Build.0 = Release|Win32
		{09045519-EC6F-4F31-AD97-7CBE772791ED}.Debug|x64.ActiveCfg = Debug|x64
		{09045519-EC6F-4F31-AD97-7CBE772791ED}.Debug|x64.Build.0 = Debug|x64
		{09045519-EC6F-4F31-AD97-7CBE772791ED}.Debug|x86.ActiveCfg = Debug|Win32
		{09045519-EC6F-4F31-AD97-7CBE772791ED}.Debug|x86.Build.0 = Debug|Win32
		{09045519-EC6F-4F31-AD97-7CBE772791ED}.Release|x64.ActiveCfg = Release|x64
		{09045519-EC6F-4F31-AD97-7CBE772791ED}.Release|x64.Build.0 = Release|x64
		{09045519-EC6F-4F31-AD97-7CBE772791ED}.Release|x86.ActiveCfg = Release|Win32
		{09045519-EC6F-4F31-AD97-7CBE772791ED}.Release|x86.Build.0 = Release|Win32
		{2E16736B-9E43-4DB3-8DC6-2672C59A9D7F}.Debug|x64.ActiveCfg = Debug|x64
		{2E16736B-9E43-4DB3-8DC6-2672C59A9D7F}.Debug|x64.Build.0 = Debug|x64
		{2E16736B-9E43-4DB3-8DC6-2672C59A9D7F}.Debug|x86.ActiveCfg = Debug|Win32
		{2E16736B-9E43-4DB3-8DC6-2672C59A9D7F}.Debug|x86.Build.0 = Debug|Win32
		{2E16736B-9E43-4DB3-8DC6-2672C59A9D7F}.Release|x64.ActiveCfg = Release|x64
		{2E16736B-9E43-4DB3-8DC6-2672C59A9D7F}.Release|x64.Build.0 = Release|x64
		{2E16736B-9E43-4DB3-8DC6-2672C59A9D7F}.Release|x86.ActiveCfg = Release|Win32
		{2E16736B-9E43-4DB3-8DC6-2672C59A9D7F}.Release|x86.Build.0 = Release|Win32
		{345C8FA4-22F1-489F-8469-DBF0DEB0A867}.Debug|x64.ActiveCfg = Debug|x64
		{345C8FA4-22F1-489F-8469-DBF0DEB0A867}.Debug|x64.Build.0 = Debug|x64
		{345C8FA4-22F1-489F-8469-DBF0DEB0A867}.Debug|x86.ActiveCfg = Debug|Win32
		{345C8FA4-22F1-489F-8469-DBF0DEB0A867}.Debug|x86.Build.0 = Debug|Win32
		{345C8FA4-22F1-489F-8469-DBF0DEB0A867}.Release|x64.ActiveCfg = Release|x64
		{345C8FA4-22F1-489F-8469-DBF0DEB0A867}.Release|x64.Build.0 = Release|x64
		{345C8FA4-22F1-489F-8469-DBF0DEB0A867}.Release|x86.ActiveCfg = Release|Win32
		{345C8FA4-22F1-489F-8469-DBF0DEB0A867}.Release|x86.Build.0 = Release|Win32
		{5A12DE4C-A02A-4088-8DCF-9772534C3A11}.Debug|x64.ActiveCfg = Debug|x64
		{5A12DE4C-A02A-4088-8DCF-9772534C3A11}.Debug|x64.Build.0 = Debug|x64
		{5A12DE4C-A02A-4088-8DCF-9772534C3A11}.Debug|x86.ActiveCfg = Debug|Win32
		{5A12DE4C-A02A-4088-8DCF-9772534C3A11}.Debug|x86.Build.0 = Debug|Win32
		{5A12DE4C-A02A-4088-8DCF-9772534C3A11}.Release|x64.ActiveCfg = Release|x64
		{5A12DE4C-A02A-4088-8DCF-9772534C3A11}.Release|x64.Build.0 = Release|x64
		{5A12DE4C-A02A-4088-8DCF-9772534C3A11}.Release|x86.ActiveCfg = Release|Win32
		{5A12DE4C-A02A-4088-8DCF-9772534C3A11}.Release|x86.Build.0 = Release|Win32
		{A229AEE2-A96E-4FF1-8F64-BB8CE7D650A2}.Debug|x64.ActiveCfg = Debug|x64
		{A229AEE2-A96E-4FF1-8F64-BB8CE7D650A2}.Debug|x64.Build.0 = Debug|x64
		{A229AEE2-A96E-4FF1-8F64-BB8CE7D650A2}.Debug|x86.ActiveCfg = Debug|Win32
		{A229AEE2-A96E-4FF1-8F64-BB8CE7D650A2}.Debug|x86.Build.0 = Debug|Win32
		{A229AEE2-A96E-4FF1-8F64-BB8CE7D650A2}.Release|x64.ActiveCfg = Release|x64
		{A229AEE2-A96E-4FF1-8F64-BB8CE7D650A2}.Release|x64.Build.0 = Release|x64
		{A229AEE2-A96E-4FF1-8F64-BB8CE7D650A2}.Release|x86.ActiveCfg = Release|Win32
		{A229AEE2-A96E-4FF1-8F64-BB8CE7D650A2}.Release|x86.Build.0 = Release|Win32
		{080B5E70-E6B5-4AAF-AE35-47922B6BDC4A}.Debug|x64.ActiveCfg = Debug|x64
		{080B5E70-E6B5-4AAF-AE35-47922B6BDC4A}.Debug|x64.Build.0 = Debug|x64
		{080B5E70-E6B5-4AAF-AE35-47922B6BDC4A}.Debug|x86.ActiveCfg = Debug|Win32
		{080B5E70-E6B5-4AAF-AE35-47922B6BDC4A}.Debug|x86.Build.0 = Debug|Win32
		{080B5E70-E6B5-4AAF-AE35-47922B6BDC4A}.Release|x64.ActiveCfg = Release|x64
		{080B5E70-E6B5-4AAF-AE35-47922B6BDC4A}.Release|x64.Build.0 = Release|x64
		{080B5E70-E6B5-4AAF-AE35-47922B6BDC4A}.Release|x86.ActiveCfg = Release|Win32
		{080B5E70-E6B5-4AAF-AE35-47922B6BDC4A}.Release|x86.Build.0 = Release|Win32
		{C97962DD-B3DA-464B-B9E2-C7206DBFD4EE}.Debug|x64.ActiveCfg = Debug|x64
		{C97962DD-B3DA-464B-B9E2-C7206DBFD4EE}.Debug|x64.Build.0 = Debug|x64
		{C97962DD-B3DA-464B-B9E2-C7206DBFD4EE}.Debug|x86.ActiveCfg = Debug|Win32
		{C97962DD-B3DA-464B-B9E2-C7206DBFD4EE}.Debug|x86.Build.0 = Debug|Win32
		{C97962DD-B3DA-464B-B9E2-C7206DBFD4EE}.Release|x64.ActiveCfg = Release|x64
		{C97962DD-B3DA-464B-B9E2-C7206DBFD4EE}.Release|x64.Build.0 = Release|x64
		{C97962DD-B3DA-464B-B9E2-C7206DBFD4EE}.Release|x86.ActiveCfg = Release|Win32
		{C97962DD-B3DA-464B-B9E2-C7206DBFD4EE}.Release|x86.Build.0 = Release|Win32
		{8D3CB9C5-0F65-40FE-BE90-71D55AAD61C2}.Debug|x64.ActiveCfg = Debug|x64
		{8D3CB9C5-0F65-40FE-BE90-71D55AAD61C2}.Debug|x64.Build.0 = Debug|x64
		{8D3CB9C5-0F65-40FE-BE90-71D55AAD61C2}.Debug|x86.ActiveCfg = Debug|Win32
		{8D3CB9C5-0F65-40FE-BE90-71D55AAD61C2}.Debug|x86.Build.0 = Debug|Win32
		{8D3CB9C5-0F65-40FE-BE90-71D55AAD61C2}.Release|x64.ActiveCfg = Release|x64
		{8D3CB9C5-0F65-40FE-BE90-71D55AAD61C2}.Release|x64.Build.0 = Release|x64
		{8D3CB9C5-0F65-40FE-BE90-71D55AAD61C2}.Release|x86.ActiveCfg = Release|Win32
		{8D3CB9C5-0F65-40FE-BE90-71D55AAD61C2}.Release|x86.Build.0 = Release|Win32
		{D3269920-9420-4C5F-A6DA-F1A73DB98DBF}.Debug|x64.ActiveCfg = Debug|x64
		{D3269920-9420-4C5F-A6DA-F1A73DB98DBF}.Debug|x64.Build.0 = Debug|x64
		{D3269920-9420-4C5F-A6DA-F1A73DB98DBF}.Debug|x86.ActiveCfg = Debug|Win32
		{D3269920-9420-4C5F-A6DA-F1A73DB98DBF}.Debug|x86.Build.0 = Debug|Win32
		{D3269920-9420-4C5F-A6DA-F1A73DB98DBF}.Release|x64.ActiveCfg = Release|x64
		{D3269920-9420-4C5F-A6DA-F1A73DB98DBF}.Release|x64.Build.0 = Release|x64
		{D3269920-9420-4C5F-A6DA-F1A73DB98DBF}.Release|x86.ActiveCfg = Release|Win32
		{D3269920-9420-4C5F-A6DA-F1A73DB98DBF}.Release|x86.Build.0 = Release|Win32
		{F1F3B20D-9DE3-4E0E-9A45-5DA4FA1B28FE}.Debug|x64.ActiveCfg = Debug|x64
		{F1F3B20D-9DE3-4E0E-9A45-5DA4FA1B28FE}.Debug|x64.Build.0 = Debug|x64
		{F1F3B20D-9DE3-4E0E-9A45-5DA4FA1B28FE}.Debug|x86.ActiveCfg = Debug|Win32
		{F1F3B20D-9DE3-4E0E-9A45-5DA4FA1B28FE}.Debug|x86.Build.0 = Debug|Win32
		{F1F3B20D-9DE3-4E0E-9A45-5DA4FA1B28FE}.Release|x64.ActiveCfg = Release|x64
		{F1F3B20D-9DE3-4E0E-9A45-5DA4FA1B28FE}.Release|x64.Build.0 = Release|x64
		{F1F3B20D-9DE3-4E0E-9A45-5DA4FA1B28FE}.Release|x86.ActiveCfg = Release|Win32
		{F1F3B20D-9DE3-4E0E-9A45-5DA4FA1B28FE}.Release|x86.Build.0 = Release|Win32
		{17FD30E3-1D3A-4AD4-B3F1-132BC9610853}.Debug|x64.ActiveCfg = Debug|x64
		{17FD30E3-1D3A-4AD4-B3F1-132BC9610853}.Debug|x64.Build.0 = Debug|x64
		{17FD30E3-1D3A-4AD4-B3F1-132BC9610853}.Debug|x86.ActiveCfg = Debug|Win32
		{17FD30E3-1D3A-4AD4-B3F1-132BC9610853}.Debug|x86.Build.0 = Debug|Win32
		{17FD30E3-1D3A-4AD4-B3F1-132BC9610853}.Release|x64.ActiveCfg = Release|x64
		{17FD30E3-1D3A-4AD4-B3F1-132BC9610853}.Release|x64.Build.0 = Release|x64
		{17FD30E3-1D3A-4AD4-B3F1-132BC9610853}.Release|x86.ActiveCfg = Release|Win32
		{17FD30E3-1D3A-4AD4-B3F1-132BC9610853}.Release|x86.Build.0 = Release|Win32
		{B1B25954-BB1E-4CF6-9654-6B3FAE23062E}.Debug|x64.ActiveCfg = Debug|x64
		{B1B25954-BB1E-4CF6-9654-6B3FAE23062E}.Debug|x64.Build.0 = Debug|x64
		{B1B25954-BB1E-4CF6-9654-6B3FAE23062E}.Debug|x86.ActiveCfg = Debug|Win32
		{B1B25954-BB1E-4CF6-9654-6B3FAE23062E}.Debug|x86.Build.0 = Debug|Win32
		{B1B25954-BB1E-4CF6-9654-6B3FAE23062E}.Release|x64.ActiveCfg = Release|x64
		{B1B25954-BB1E-4CF6-9654-6B3FAE23062E}.Release|x64.Build.0 = Release|x64
		{B1B25954-BB1E-4CF6-9654-6B3FAE23062E}.Release|x86.ActiveCfg = Release|Win32
		{B1B25954-BB1E-4CF6-9654-6B3FAE23062E}.Release|x86.Build.0 = Release|Win32
		{1379D57F-AEE4-43C4-82FF-8934236ABCC8}.Debug|x64.ActiveCfg = Debug|x64
		{1379D57F-AEE4-43C4-82FF-8934236ABCC8}.Debug|x64.Build.0 = Debug|x64
		{1379D57F-AEE4-43C4-82FF-8934236ABCC8}.Debug|x86.ActiveCfg = Debug|Win32
		{1379D57F-AEE4-43C4-82FF-8934236ABCC8}.Debug|x86.Build.0 = Debug|Win32
		{1379D57F-AEE4-43C4-82FF-8934236ABCC8}.Release|x64.ActiveCfg = Release|x64
		{1379D57F-AEE4-43C4-82FF-8934236ABCC8}.Release|x64.Build.0 = Release|x64
		{1379D57F-AEE4-43C4-82FF-8934236ABCC8}.Release|x86.ActiveCfg = Release|Win32
		{1379D57F-AEE4-43C4-82FF-8934236ABCC8}.Release|x86.Build.0 = Release|Win32
		{94760994-565E-4679-A899-4F467CE0B76C}.Debug|x64.ActiveCfg = Debug|x64
		{94760994-565E-4679-A899-4F467CE0B76C}.Debug|x64.Build.0 = Debug|x64
		{94760994-565E-4679-A899-4F467CE0B76C}.Debug|x86.ActiveCfg = Debug|Win32
		{94760994-565E-4679-A899-4F467CE0B76C}.Debug|x86.Build.0 = Debug|Win32
		{94760994-565E-4679-A899-4F467CE0B76C}.Release|x64.ActiveCfg = Release|x64
		{94760994-565E-4679-A899-4F467CE0B76C}.Release|x64.Build.0 = Release|x64
		{94760994-565E-4679-A899-4F467CE0B76C}.Release|x86.ActiveCfg = Release|Win32
		{94760994-565E-4679-A899-4F467CE0B76C}.Release|x86.Build.0 = Release|Win32
		{4FCB7096-4B54-4C9F-8D97-072C1B24D667}.Debug|x64.ActiveCfg = Debug|x64
		{4FCB7096-4B54-4C9F-8D97-072C1B24D667}.Debug|x64.Build.0 = Debug|x64
		{4FCB7096-4B54-4C9F-8D97-072C1B24D667}.Debug|x86.ActiveCfg = Debug|Win32
		{4FCB7096-4B54-4C9F-8D97-072C1B24D667}.Debug|x86.Build.0 = Debug|Win32
		{4FCB7096-4B54-4C9F-8D97-072C1B24D667}.Release|x64.ActiveCfg = Release|x64
		{4FCB7096-4B54-4C9F-8D97-072C1B24D667}.Release|x64.Build.0 = Release|x64
		{4FCB7096-4B54-4C9F-8D97-072C1B24D667}.Release|x86.ActiveCfg = Release|Win32
		{4FCB7096-4B54-4C9F-8D97-072C1B24D667}.Release|x86.Build.0 = Release|Win32
		{150B86E2-0CC9-4754-8E2A-A9B63D01BB79}.Debug|x64.ActiveCfg = Debug|x64
		{150B86E2-0CC9-4754-8E2A-A9B63D01BB79}.Debug|x64.Build.0 = Debug|x64
		{150B86E2-0CC9-4754-8E2A-A9B63D01BB79}.Debug|x86.ActiveCfg = Debug|Win32
		{150B86E2-0CC9-4754-8E2A-A9B63D01BB79}.Debug|x86.Build.0 = Debug|Win32
		{150B86E2-0CC9-4754-8E2A-A9B63D01BB79}.Release|x64.ActiveCfg = Release|x64
		{150B86E2-0CC9-4754-8E2A-A9B63D01BB79}.Release|x64.Build.0 = Release|x64
		{150B86E2-0CC9-4754-8E2A-A9B63D01BB79}.Release|x86.ActiveCfg = Release|Win32
		{150B86E2-0CC9-4754-8E2A-A9B63D01BB79}.Release|x86.Build.0 = Release|Win32
		{FECE87E5-366D-4D8F-A616-6A88218D3619}.Debug|x64.ActiveCfg = Debug|x64
		{FECE87E5-366D-4D8F-A616-6A88218D3619}.Debug|x64.Build.0 = Debug|x64
		{FECE87E5-366D-4D8F-A616-6A88218D3619}.Debug|x86.ActiveCfg = Debug|Win32
		{FECE87E5-366D-4D8F-A616-6A88218D3619}.Debug|x86.Build.0 = Debug|Win32
		{FECE87E5-366D-4D8F-A616-6A88218D3619}.Release|x64.ActiveCfg = Release|x64
		{FECE87E5-366D-4D8F-A616-6A88218D3619}.Release|x64.Build.0 = Release|x64
		{FECE87E5-366D-4D8F-A616-6A88218D3619}.Release|x86.ActiveCfg = Release|Win32
		{FECE87E5-366D-4D8F-A616-6A88218D3619}.Release|x86.Build.0 = Release|Win32
		{6963CCA3-025E-4662-84AE-B64E45FD9CA7}.Debug|x64.ActiveCfg = Debug|x64
		{6963CCA3-025E-4662-84AE-B64E45FD9CA7}.Debug|x64.Build.0 = Debug|x64
		{6963CCA3-025E-4662-84AE-B64E45FD9CA7}.Debug|x86.ActiveCfg = Debug|Win32
		{6963CCA3-025E-4662-84AE-B64E45FD9CA7}.Debug|x86.Build.0 = Debug|Win32
		{6963CCA3-025E-4662-84AE-B64E45FD9CA7}.Release|x64.ActiveCfg = Release|x64
		{6963CCA3-025E-4662-84AE-B64E45FD9CA7}.Release|x64.Build.0 = Release|x64
		{6963CCA3-025E-4662-84AE-B64E45FD9CA7}.Release|x86.ActiveCfg = Release|Win32
		{6963CCA3-025E-4662-84AE-B64E45FD9CA7}.Release|x86.Build.0 = Release|Win32
		{C37F966D-C0BC-4D41-BB38-5F28ADE744F2}.Debug|x64.ActiveCfg = Debug|x64
		{C37F966D-C0BC-4D41-BB38-5F28ADE744F2}.Debug|x64.Build.0 = Debug|x64
		{C37F966D-C0BC-4D41-BB38-5F28ADE744F2}.Debug|x86.ActiveCfg = Debug|Win32
		{C37F966D-C0BC-4D41-BB38-5F28ADE744F2}.Debug|x86.Build.0 = Debug|Win32
		{C37F966D-C0BC-4D41-BB38-5F28ADE744F2}.Release|x64.ActiveCfg = Release|x64
		{C37F966D-C0BC-4D41-BB38-5F28ADE744F2}.Release|x64.Build.0 = Release|x64
		{C37F966D-C0BC-4D41-BB38-5F28ADE744F2}.Release|x86.ActiveCfg = Release|Win32
		{C37F966D-C0BC-4D41-BB38-5F28ADE744F2}.Release|x86.Build.0 = Release|Win32
		{9EA2B847-F1DC-417E-878A-116738F3ECBC}.Debug|x64.ActiveCfg = Debug|x64
		{9EA2B847-F1DC-417E-878A-116738F3ECBC}.Debug|x64.Build.0 = Debug|x64
		{9EA2B847-F1DC-417E-878A-116738F3ECBC}.Debug|x86.ActiveCfg = Debug|Win32
		{9EA2B847-F1DC-417E-878A-116738F3ECBC}.Debug|x86.Build.0 = Debug|Win32
		{9EA2B847-F1DC-417E-878A-116738F3ECBC}.Release|x64.ActiveCfg = Release|x64
		{9EA2B847-F1DC-417E-878A-116738F3ECBC}.Release|x64.Build.0 = Release|x64
		{9EA2B847-F1DC-417E-878A-116738F3ECBC}.Release|x86.ActiveCfg = Release|Win32
		{9EA2B847-F1DC-417E-878A-116738F3ECBC}.Release|x86.Build.0 = Release|Win32
		{5FDB8420-F11F-4499-BFEA-7DB8B530EFD9}.Debug|x64.ActiveCfg = Debug|x64
		{5FDB8420-F11F-4499-BFEA-7DB8B530EFD9}.Debug|x64.Build.0 = Debug|x64
		{5FDB8420-F11F-4499-BFEA-7DB8B530EFD9}.Debug|x86.ActiveCfg = Debug|Win32
		{5FDB8420-F11F-4499-BFEA-7DB8B530EFD9}.Debug|x86.Build.0 = Debug|Win32
		{5FDB8420-F11F-4499-BFEA-7DB8B530EFD9}.Release|x64.ActiveCfg = Release|x64
		{5FDB8420-F11F-4499-BFEA-7DB8B530EFD9}.Release|x64.Build.0 = Release|x64
		{5FDB8420-F11F-4499-BFEA-7DB8B530EFD9}.Release|x86.ActiveCfg = Release|Win32
		{5FDB8420-F11F-4499-BFEA-7DB8B530EFD9}.Release|x86.Build.0 = Release|Win32
		{939BED2A-F2A5-4962-8E89-CBAAC6DF501D}.Debug|x64.ActiveCfg = Debug|x64
		{939BED2A-F2A5-4962-8E89-CBAAC6DF501D}.Debug|x64.Build.0 = Debug|x64
		{939BED2A-F2A5-4962-8E89-CBAAC6DF501D}.Debug|x86.ActiveCfg = Debug|Win32
		{939BED2A-F2A5-4962-8E89-CBAAC6DF501D}.Debug|x86.Build.0 = Debug|Win32
		{939BED2A-F2A5-4962-8E89-CBAAC6DF501D}.Release|x64.ActiveCfg = Release|x64
		{939BED2A-F2A5-4962-8E89-CBAAC6DF501D}.Release|x64.Build.0 = Release|x64
		{939BED2A-F2A5-4962-8E89-CBAAC6DF501D}.Release|x86.ActiveCfg = Release|Win32
		{939BED2A-F2A5-4962-8E89-CBAAC6DF501D}.Release|x86.Build.0 = Release|Win32
	EndGlobalSection
	GlobalSection(SolutionProperties) = preSolution
		HideSolutionNode = FALSE
	EndGlobalSection
	GlobalSection(ExtensibilityGlobals) = postSolution
		SolutionGuid = {CDEA5E08-C7F4-43DB-8199-284D48A207EC}
	EndGlobalSection
EndGlobal
