
Microsoft Visual Studio Solution File, Format Version 12.00
# Visual Studio Version 16
VisualStudioVersion = 16.0.34407.143
MinimumVisualStudioVersion = 10.0.40219.1
Project("{8BC9CEB8-8B4A-11D0-8D11-00A0C91BC942}") = "Function-Like Macro", "Function-Like Macro\Function-Like Macro.vcxproj", "{4830C351-EEB8-4619-B4F6-31385F2E60DD}"
EndProject
Project("{8BC9CEB8-8B4A-11D0-8D11-00A0C91BC942}") = "Function-Like Macro 2", "Function-Like Macro 2\Function-Like Macro 2.vcxproj", "{16E98AE3-BD46-4992-B0A0-30EDA35D4F39}"
EndProject
Project("{8BC9CEB8-8B4A-11D0-8D11-00A0C91BC942}") = "Function-like macro 3", "Function-like macro 3\Function-like macro 3.vcxproj", "{30CB3C5B-A7D0-46BB-9B55-3A3E1CA17FAA}"
EndProject
Project("{8BC9CEB8-8B4A-11D0-8D11-00A0C91BC942}") = "Function-like macro 4", "Function-like macro 4\Function-like macro 4.vcxproj", "{2F29AB85-4F68-4ACE-AAE8-76280F43FFBE}"
EndProject
Project("{8BC9CEB8-8B4A-11D0-8D11-00A0C91BC942}") = "Function-like macro 5", "Function-like macro 5\Function-like macro 5.vcxproj", "{A9358A3E-7755-4E45-B8D5-9504C97F461D}"
EndProject
Project("{8BC9CEB8-8B4A-11D0-8D11-00A0C91BC942}") = "Function-like macro 6", "Function-like macro 6\Function-like macro 6.vcxproj", "{31081A3E-35B6-412A-B6FA-EF015EBB4598}"
EndProject
Project("{8BC9CEB8-8B4A-11D0-8D11-00A0C91BC942}") = "Function-like macro 7", "Function-like macro 7\Function-like macro 7.vcxproj", "{A232BBAB-1B84-40AA-969A-CF07E663917A}"
EndProject
Global
	GlobalSection(SolutionConfigurationPlatforms) = preSolution
		Debug|x64 = Debug|x64
		Debug|x86 = Debug|x86
		Release|x64 = Release|x64
		Release|x86 = Release|x86
	EndGlobalSection
	GlobalSection(ProjectConfigurationPlatforms) = postSolution
		{4830C351-EEB8-4619-B4F6-31385F2E60DD}.Debug|x64.ActiveCfg = Debug|x64
		{4830C351-EEB8-4619-B4F6-31385F2E60DD}.Debug|x64.Build.0 = Debug|x64
		{4830C351-EEB8-4619-B4F6-31385F2E60DD}.Debug|x86.ActiveCfg = Debug|Win32
		{4830C351-EEB8-4619-B4F6-31385F2E60DD}.Debug|x86.Build.0 = Debug|Win32
		{4830C351-EEB8-4619-B4F6-31385F2E60DD}.Release|x64.ActiveCfg = Release|x64
		{4830C351-EEB8-4619-B4F6-31385F2E60DD}.Release|x64.Build.0 = Release|x64
		{4830C351-EEB8-4619-B4F6-31385F2E60DD}.Release|x86.ActiveCfg = Release|Win32
		{4830C351-EEB8-4619-B4F6-31385F2E60DD}.Release|x86.Build.0 = Release|Win32
		{16E98AE3-BD46-4992-B0A0-30EDA35D4F39}.Debug|x64.ActiveCfg = Debug|x64
		{16E98AE3-BD46-4992-B0A0-30EDA35D4F39}.Debug|x64.Build.0 = Debug|x64
		{16E98AE3-BD46-4992-B0A0-30EDA35D4F39}.Debug|x86.ActiveCfg = Debug|Win32
		{16E98AE3-BD46-4992-B0A0-30EDA35D4F39}.Debug|x86.Build.0 = Debug|Win32
		{16E98AE3-BD46-4992-B0A0-30EDA35D4F39}.Release|x64.ActiveCfg = Release|x64
		{16E98AE3-BD46-4992-B0A0-30EDA35D4F39}.Release|x64.Build.0 = Release|x64
		{16E98AE3-BD46-4992-B0A0-30EDA35D4F39}.Release|x86.ActiveCfg = Release|Win32
		{16E98AE3-BD46-4992-B0A0-30EDA35D4F39}.Release|x86.Build.0 = Release|Win32
		{30CB3C5B-A7D0-46BB-9B55-3A3E1CA17FAA}.Debug|x64.ActiveCfg = Debug|x64
		{30CB3C5B-A7D0-46BB-9B55-3A3E1CA17FAA}.Debug|x64.Build.0 = Debug|x64
		{30CB3C5B-A7D0-46BB-9B55-3A3E1CA17FAA}.Debug|x86.ActiveCfg = Debug|Win32
		{30CB3C5B-A7D0-46BB-9B55-3A3E1CA17FAA}.Debug|x86.Build.0 = Debug|Win32
		{30CB3C5B-A7D0-46BB-9B55-3A3E1CA17FAA}.Release|x64.ActiveCfg = Release|x64
		{30CB3C5B-A7D0-46BB-9B55-3A3E1CA17FAA}.Release|x64.Build.0 = Release|x64
		{30CB3C5B-A7D0-46BB-9B55-3A3E1CA17FAA}.Release|x86.ActiveCfg = Release|Win32
		{30CB3C5B-A7D0-46BB-9B55-3A3E1CA17FAA}.Release|x86.Build.0 = Release|Win32
		{2F29AB85-4F68-4ACE-AAE8-76280F43FFBE}.Debug|x64.ActiveCfg = Debug|x64
		{2F29AB85-4F68-4ACE-AAE8-76280F43FFBE}.Debug|x64.Build.0 = Debug|x64
		{2F29AB85-4F68-4ACE-AAE8-76280F43FFBE}.Debug|x86.ActiveCfg = Debug|Win32
		{2F29AB85-4F68-4ACE-AAE8-76280F43FFBE}.Debug|x86.Build.0 = Debug|Win32
		{2F29AB85-4F68-4ACE-AAE8-76280F43FFBE}.Release|x64.ActiveCfg = Release|x64
		{2F29AB85-4F68-4ACE-AAE8-76280F43FFBE}.Release|x64.Build.0 = Release|x64
		{2F29AB85-4F68-4ACE-AAE8-76280F43FFBE}.Release|x86.ActiveCfg = Release|Win32
		{2F29AB85-4F68-4ACE-AAE8-76280F43FFBE}.Release|x86.Build.0 = Release|Win32
		{A9358A3E-7755-4E45-B8D5-9504C97F461D}.Debug|x64.ActiveCfg = Debug|x64
		{A9358A3E-7755-4E45-B8D5-9504C97F461D}.Debug|x64.Build.0 = Debug|x64
		{A9358A3E-7755-4E45-B8D5-9504C97F461D}.Debug|x86.ActiveCfg = Debug|Win32
		{A9358A3E-7755-4E45-B8D5-9504C97F461D}.Debug|x86.Build.0 = Debug|Win32
		{A9358A3E-7755-4E45-B8D5-9504C97F461D}.Release|x64.ActiveCfg = Release|x64
		{A9358A3E-7755-4E45-B8D5-9504C97F461D}.Release|x64.Build.0 = Release|x64
		{A9358A3E-7755-4E45-B8D5-9504C97F461D}.Release|x86.ActiveCfg = Release|Win32
		{A9358A3E-7755-4E45-B8D5-9504C97F461D}.Release|x86.Build.0 = Release|Win32
		{31081A3E-35B6-412A-B6FA-EF015EBB4598}.Debug|x64.ActiveCfg = Debug|x64
		{31081A3E-35B6-412A-B6FA-EF015EBB4598}.Debug|x64.Build.0 = Debug|x64
		{31081A3E-35B6-412A-B6FA-EF015EBB4598}.Debug|x86.ActiveCfg = Debug|Win32
		{31081A3E-35B6-412A-B6FA-EF015EBB4598}.Debug|x86.Build.0 = Debug|Win32
		{31081A3E-35B6-412A-B6FA-EF015EBB4598}.Release|x64.ActiveCfg = Release|x64
		{31081A3E-35B6-412A-B6FA-EF015EBB4598}.Release|x64.Build.0 = Release|x64
		{31081A3E-35B6-412A-B6FA-EF015EBB4598}.Release|x86.ActiveCfg = Release|Win32
		{31081A3E-35B6-412A-B6FA-EF015EBB4598}.Release|x86.Build.0 = Release|Win32
		{A232BBAB-1B84-40AA-969A-CF07E663917A}.Debug|x64.ActiveCfg = Debug|x64
		{A232BBAB-1B84-40AA-969A-CF07E663917A}.Debug|x64.Build.0 = Debug|x64
		{A232BBAB-1B84-40AA-969A-CF07E663917A}.Debug|x86.ActiveCfg = Debug|Win32
		{A232BBAB-1B84-40AA-969A-CF07E663917A}.Debug|x86.Build.0 = Debug|Win32
		{A232BBAB-1B84-40AA-969A-CF07E663917A}.Release|x64.ActiveCfg = Release|x64
		{A232BBAB-1B84-40AA-969A-CF07E663917A}.Release|x64.Build.0 = Release|x64
		{A232BBAB-1B84-40AA-969A-CF07E663917A}.Release|x86.ActiveCfg = Release|Win32
		{A232BBAB-1B84-40AA-969A-CF07E663917A}.Release|x86.Build.0 = Release|Win32
	EndGlobalSection
	GlobalSection(SolutionProperties) = preSolution
		HideSolutionNode = FALSE
	EndGlobalSection
	GlobalSection(ExtensibilityGlobals) = postSolution
		SolutionGuid = {D1AD7578-539F-473C-A115-9C2AFC8D9CB0}
	EndGlobalSection
EndGlobal
