
Microsoft Visual Studio Solution File, Format Version 12.00
# Visual Studio Version 16
VisualStudioVersion = 16.0.32228.343
MinimumVisualStudioVersion = 10.0.40219.1
Project("{8BC9CEB8-8B4A-11D0-8D11-00A0C91BC942}") = "continue", "continue\continue.vcxproj", "{7AFD6C7C-0DE4-4BCC-914B-0262EAA356C3}"
EndProject
Project("{8BC9CEB8-8B4A-11D0-8D11-00A0C91BC942}") = "continue_2", "continue_2\continue_2.vcxproj", "{E924BE2E-1077-47E0-B952-512D0A787AB7}"
EndProject
Project("{8BC9CEB8-8B4A-11D0-8D11-00A0C91BC942}") = "continue_3", "continue_3\continue_3.vcxproj", "{E2E7D856-55C1-4A40-B460-1C8EE4689E94}"
EndProject
Project("{8BC9CEB8-8B4A-11D0-8D11-00A0C91BC942}") = "continue_4", "continue_4\continue_4.vcxproj", "{53779EEF-F510-4BF2-B837-3FA60D768DAC}"
EndProject
Project("{8BC9CEB8-8B4A-11D0-8D11-00A0C91BC942}") = "While loop", "While loop\While loop.vcxproj", "{9FC2F038-A255-4552-8A5F-C54C3F090D0E}"
EndProject
Project("{8BC9CEB8-8B4A-11D0-8D11-00A0C91BC942}") = "While loop 2", "While loop 2\While loop 2.vcxproj", "{66548740-64FC-4C5E-8A63-08E1D46B25B1}"
EndProject
Project("{8BC9CEB8-8B4A-11D0-8D11-00A0C91BC942}") = "While loop 3", "While loop 3\While loop 3.vcxproj", "{7EFEB5EF-FED8-4AAF-BC7D-331B6F5CB261}"
EndProject
Project("{8BC9CEB8-8B4A-11D0-8D11-00A0C91BC942}") = "Variations on for-loop", "Variations on for-loop\Variations on for-loop.vcxproj", "{13849B60-9F38-41F0-B08C-9EB66C525729}"
EndProject
Global
	GlobalSection(SolutionConfigurationPlatforms) = preSolution
		Debug|x64 = Debug|x64
		Debug|x86 = Debug|x86
		Release|x64 = Release|x64
		Release|x86 = Release|x86
	EndGlobalSection
	GlobalSection(ProjectConfigurationPlatforms) = postSolution
		{7AFD6C7C-0DE4-4BCC-914B-0262EAA356C3}.Debug|x64.ActiveCfg = Debug|x64
		{7AFD6C7C-0DE4-4BCC-914B-0262EAA356C3}.Debug|x64.Build.0 = Debug|x64
		{7AFD6C7C-0DE4-4BCC-914B-0262EAA356C3}.Debug|x86.ActiveCfg = Debug|Win32
		{7AFD6C7C-0DE4-4BCC-914B-0262EAA356C3}.Debug|x86.Build.0 = Debug|Win32
		{7AFD6C7C-0DE4-4BCC-914B-0262EAA356C3}.Release|x64.ActiveCfg = Release|x64
		{7AFD6C7C-0DE4-4BCC-914B-0262EAA356C3}.Release|x64.Build.0 = Release|x64
		{7AFD6C7C-0DE4-4BCC-914B-0262EAA356C3}.Release|x86.ActiveCfg = Release|Win32
		{7AFD6C7C-0DE4-4BCC-914B-0262EAA356C3}.Release|x86.Build.0 = Release|Win32
		{E924BE2E-1077-47E0-B952-512D0A787AB7}.Debug|x64.ActiveCfg = Debug|x64
		{E924BE2E-1077-47E0-B952-512D0A787AB7}.Debug|x64.Build.0 = Debug|x64
		{E924BE2E-1077-47E0-B952-512D0A787AB7}.Debug|x86.ActiveCfg = Debug|Win32
		{E924BE2E-1077-47E0-B952-512D0A787AB7}.Debug|x86.Build.0 = Debug|Win32
		{E924BE2E-1077-47E0-B952-512D0A787AB7}.Release|x64.ActiveCfg = Release|x64
		{E924BE2E-1077-47E0-B952-512D0A787AB7}.Release|x64.Build.0 = Release|x64
		{E924BE2E-1077-47E0-B952-512D0A787AB7}.Release|x86.ActiveCfg = Release|Win32
		{E924BE2E-1077-47E0-B952-512D0A787AB7}.Release|x86.Build.0 = Release|Win32
		{E2E7D856-55C1-4A40-B460-1C8EE4689E94}.Debug|x64.ActiveCfg = Debug|x64
		{E2E7D856-55C1-4A40-B460-1C8EE4689E94}.Debug|x64.Build.0 = Debug|x64
		{E2E7D856-55C1-4A40-B460-1C8EE4689E94}.Debug|x86.ActiveCfg = Debug|Win32
		{E2E7D856-55C1-4A40-B460-1C8EE4689E94}.Debug|x86.Build.0 = Debug|Win32
		{E2E7D856-55C1-4A40-B460-1C8EE4689E94}.Release|x64.ActiveCfg = Release|x64
		{E2E7D856-55C1-4A40-B460-1C8EE4689E94}.Release|x64.Build.0 = Release|x64
		{E2E7D856-55C1-4A40-B460-1C8EE4689E94}.Release|x86.ActiveCfg = Release|Win32
		{E2E7D856-55C1-4A40-B460-1C8EE4689E94}.Release|x86.Build.0 = Release|Win32
		{53779EEF-F510-4BF2-B837-3FA60D768DAC}.Debug|x64.ActiveCfg = Debug|x64
		{53779EEF-F510-4BF2-B837-3FA60D768DAC}.Debug|x64.Build.0 = Debug|x64
		{53779EEF-F510-4BF2-B837-3FA60D768DAC}.Debug|x86.ActiveCfg = Debug|Win32
		{53779EEF-F510-4BF2-B837-3FA60D768DAC}.Debug|x86.Build.0 = Debug|Win32
		{53779EEF-F510-4BF2-B837-3FA60D768DAC}.Release|x64.ActiveCfg = Release|x64
		{53779EEF-F510-4BF2-B837-3FA60D768DAC}.Release|x64.Build.0 = Release|x64
		{53779EEF-F510-4BF2-B837-3FA60D768DAC}.Release|x86.ActiveCfg = Release|Win32
		{53779EEF-F510-4BF2-B837-3FA60D768DAC}.Release|x86.Build.0 = Release|Win32
		{9FC2F038-A255-4552-8A5F-C54C3F090D0E}.Debug|x64.ActiveCfg = Debug|x64
		{9FC2F038-A255-4552-8A5F-C54C3F090D0E}.Debug|x64.Build.0 = Debug|x64
		{9FC2F038-A255-4552-8A5F-C54C3F090D0E}.Debug|x86.ActiveCfg = Debug|Win32
		{9FC2F038-A255-4552-8A5F-C54C3F090D0E}.Debug|x86.Build.0 = Debug|Win32
		{9FC2F038-A255-4552-8A5F-C54C3F090D0E}.Release|x64.ActiveCfg = Release|x64
		{9FC2F038-A255-4552-8A5F-C54C3F090D0E}.Release|x64.Build.0 = Release|x64
		{9FC2F038-A255-4552-8A5F-C54C3F090D0E}.Release|x86.ActiveCfg = Release|Win32
		{9FC2F038-A255-4552-8A5F-C54C3F090D0E}.Release|x86.Build.0 = Release|Win32
		{66548740-64FC-4C5E-8A63-08E1D46B25B1}.Debug|x64.ActiveCfg = Debug|x64
		{66548740-64FC-4C5E-8A63-08E1D46B25B1}.Debug|x64.Build.0 = Debug|x64
		{66548740-64FC-4C5E-8A63-08E1D46B25B1}.Debug|x86.ActiveCfg = Debug|Win32
		{66548740-64FC-4C5E-8A63-08E1D46B25B1}.Debug|x86.Build.0 = Debug|Win32
		{66548740-64FC-4C5E-8A63-08E1D46B25B1}.Release|x64.ActiveCfg = Release|x64
		{66548740-64FC-4C5E-8A63-08E1D46B25B1}.Release|x64.Build.0 = Release|x64
		{66548740-64FC-4C5E-8A63-08E1D46B25B1}.Release|x86.ActiveCfg = Release|Win32
		{66548740-64FC-4C5E-8A63-08E1D46B25B1}.Release|x86.Build.0 = Release|Win32
		{7EFEB5EF-FED8-4AAF-BC7D-331B6F5CB261}.Debug|x64.ActiveCfg = Debug|x64
		{7EFEB5EF-FED8-4AAF-BC7D-331B6F5CB261}.Debug|x64.Build.0 = Debug|x64
		{7EFEB5EF-FED8-4AAF-BC7D-331B6F5CB261}.Debug|x86.ActiveCfg = Debug|Win32
		{7EFEB5EF-FED8-4AAF-BC7D-331B6F5CB261}.Debug|x86.Build.0 = Debug|Win32
		{7EFEB5EF-FED8-4AAF-BC7D-331B6F5CB261}.Release|x64.ActiveCfg = Release|x64
		{7EFEB5EF-FED8-4AAF-BC7D-331B6F5CB261}.Release|x64.Build.0 = Release|x64
		{7EFEB5EF-FED8-4AAF-BC7D-331B6F5CB261}.Release|x86.ActiveCfg = Release|Win32
		{7EFEB5EF-FED8-4AAF-BC7D-331B6F5CB261}.Release|x86.Build.0 = Release|Win32
		{13849B60-9F38-41F0-B08C-9EB66C525729}.Debug|x64.ActiveCfg = Debug|x64
		{13849B60-9F38-41F0-B08C-9EB66C525729}.Debug|x64.Build.0 = Debug|x64
		{13849B60-9F38-41F0-B08C-9EB66C525729}.Debug|x86.ActiveCfg = Debug|Win32
		{13849B60-9F38-41F0-B08C-9EB66C525729}.Debug|x86.Build.0 = Debug|Win32
		{13849B60-9F38-41F0-B08C-9EB66C525729}.Release|x64.ActiveCfg = Release|x64
		{13849B60-9F38-41F0-B08C-9EB66C525729}.Release|x64.Build.0 = Release|x64
		{13849B60-9F38-41F0-B08C-9EB66C525729}.Release|x86.ActiveCfg = Release|Win32
		{13849B60-9F38-41F0-B08C-9EB66C525729}.Release|x86.Build.0 = Release|Win32
	EndGlobalSection
	GlobalSection(SolutionProperties) = preSolution
		HideSolutionNode = FALSE
	EndGlobalSection
	GlobalSection(ExtensibilityGlobals) = postSolution
		SolutionGuid = {64496BA5-0141-4E22-B07E-7A311C00E508}
	EndGlobalSection
EndGlobal
