
Microsoft Visual Studio Solution File, Format Version 12.00
# Visual Studio Version 16
VisualStudioVersion = 16.0.32228.343
MinimumVisualStudioVersion = 10.0.40219.1
Project("{8BC9CEB8-8B4A-11D0-8D11-00A0C91BC942}") = "Vehicle", "Vehicle\Vehicle.vcxproj", "{F97FFAD9-4F2E-4DFD-9453-F9F1FF77E741}"
EndProject
Project("{8BC9CEB8-8B4A-11D0-8D11-00A0C91BC942}") = "Adding_member_functions_to_a_Class", "Adding_member_functions_to_a_Class\Adding_member_functions_to_a_Class.vcxproj", "{C7F3FCD6-FC52-40DC-994A-9D9548B33523}"
EndProject
Project("{8BC9CEB8-8B4A-11D0-8D11-00A0C91BC942}") = "Vehicle2", "Vehicle2\Vehicle2.vcxproj", "{21A29A6C-037F-409C-B8EA-5B7B616AB054}"
EndProject
Project("{8BC9CEB8-8B4A-11D0-8D11-00A0C91BC942}") = "Project8-1_Creating_a_Help_Class", "Project8-1_Creating_a_Help_Class\Project8-1_Creating_a_Help_Class.vcxproj", "{8E6CDBE6-2936-4821-8EE8-FA092DCD639B}"
EndProject
Project("{8BC9CEB8-8B4A-11D0-8D11-00A0C91BC942}") = "Constructor_destructor", "Constructor_destructor\Constructor_destructor.vcxproj", "{AC666767-E7A5-46FE-830D-C161F1DABACE}"
EndProject
Project("{8BC9CEB8-8B4A-11D0-8D11-00A0C91BC942}") = "Constructor_destructor_2", "Constructor_destructor_2\Constructor_destructor_2.vcxproj", "{2F133852-2E8A-41E7-95B3-2035FC70DB9F}"
EndProject
Project("{8BC9CEB8-8B4A-11D0-8D11-00A0C91BC942}") = "Parameterized_constructor", "Parameterized_constructor\Parameterized_constructor.vcxproj", "{301C04E0-6EE3-45C1-9441-B7B907B8C77E}"
EndProject
Project("{8BC9CEB8-8B4A-11D0-8D11-00A0C91BC942}") = "Constructor_destructor_3", "Constructor_destructor_3\Constructor_destructor_3.vcxproj", "{0ABD6BB7-03A3-400B-9C24-F8C69FA52B9E}"
EndProject
Project("{8BC9CEB8-8B4A-11D0-8D11-00A0C91BC942}") = "Constructor_destructor_4", "Constructor_destructor_4\Constructor_destructor_4.vcxproj", "{58AB220C-ED36-431D-B45C-C8D5C0892EFB}"
EndProject
Project("{8BC9CEB8-8B4A-11D0-8D11-00A0C91BC942}") = "Constructor_destructor_5", "Constructor_destructor_5\Constructor_destructor_5.vcxproj", "{F0B645AD-A95B-4161-AD06-103C1D2EE54B}"
EndProject
Project("{8BC9CEB8-8B4A-11D0-8D11-00A0C91BC942}") = "Vehicle3", "Vehicle3\Vehicle3.vcxproj", "{C9A3207B-660B-4D98-BC98-C7E832A65643}"
EndProject
Project("{8BC9CEB8-8B4A-11D0-8D11-00A0C91BC942}") = "Vehicle4", "Vehicle4\Vehicle4.vcxproj", "{977BA495-A496-4E58-8FF0-4AE607117D51}"
EndProject
Project("{8BC9CEB8-8B4A-11D0-8D11-00A0C91BC942}") = "Vehicle5", "Vehicle5\Vehicle5.vcxproj", "{20BEDE2F-7EF8-4506-B6A5-8286EA34B278}"
EndProject
Project("{8BC9CEB8-8B4A-11D0-8D11-00A0C91BC942}") = "The_this_keyword", "The_this_keyword\The_this_keyword.vcxproj", "{90D9B5C1-183B-4E00-ABD5-FC4C6B560239}"
EndProject
Project("{8BC9CEB8-8B4A-11D0-8D11-00A0C91BC942}") = "inline function", "inline function\inline function.vcxproj", "{2FF7207C-1792-4EB9-8C05-4EDB7F849823}"
EndProject
Project("{8BC9CEB8-8B4A-11D0-8D11-00A0C91BC942}") = "inline function inside a class", "inline function inside a class\inline function inside a class.vcxproj", "{69A007AD-BC60-4413-9358-5C04696925E1}"
EndProject
Project("{8BC9CEB8-8B4A-11D0-8D11-00A0C91BC942}") = "Vehicle_with_inline_functions", "Vehicle_with_inline_functions\Vehicle_with_inline_functions.vcxproj", "{A5068803-9BC9-4B02-A1C7-1F5B9B63E66E}"
EndProject
Project("{8BC9CEB8-8B4A-11D0-8D11-00A0C91BC942}") = "Queue", "Queue\Queue.vcxproj", "{24A6D276-4784-4454-B6B5-12E5F60E40E8}"
EndProject
Project("{8BC9CEB8-8B4A-11D0-8D11-00A0C91BC942}") = "Queue_Pre-incrementl_variable", "Queue_Pre-incrementl_variable\Queue_Pre-incrementl_variable.vcxproj", "{4A724524-984E-4E39-8751-F5E0A20712D0}"
EndProject
Project("{8BC9CEB8-8B4A-11D0-8D11-00A0C91BC942}") = "Pointer to Object", "Pointer to Object\Pointer to Object.vcxproj", "{CBB9E0C7-C84F-44AD-818A-7751AB5F8940}"
EndProject
Project("{8BC9CEB8-8B4A-11D0-8D11-00A0C91BC942}") = "Array of objects", "Array of objects\Array of objects.vcxproj", "{7A666EC1-BAA4-47E2-AD34-64FD7D496482}"
EndProject
Project("{8BC9CEB8-8B4A-11D0-8D11-00A0C91BC942}") = "Array of objects2", "Array of objects2\Array of objects2.vcxproj", "{9819C824-2D1E-4560-9A42-C4C3A5B9FB2C}"
EndProject
Project("{8BC9CEB8-8B4A-11D0-8D11-00A0C91BC942}") = "Array of objects3", "Array of objects3\Array of objects3.vcxproj", "{92F68642-09CB-4E51-868E-FF2C5E72179A}"
EndProject
Project("{8BC9CEB8-8B4A-11D0-8D11-00A0C91BC942}") = "Array of objects4", "Array of objects4\Array of objects4.vcxproj", "{0F37200B-9EC1-4DB5-BBBC-3CCE4C03E3BF}"
EndProject
Project("{8BC9CEB8-8B4A-11D0-8D11-00A0C91BC942}") = "Initializing Object Arrays", "Initializing Object Arrays\Initializing Object Arrays.vcxproj", "{183AA7D3-44FE-4777-8736-24788436816D}"
EndProject
Project("{8BC9CEB8-8B4A-11D0-8D11-00A0C91BC942}") = "Initializing Object Arrays2", "Initializing Object Arrays2\Initializing Object Arrays2.vcxproj", "{CA839011-3D8A-47C5-8A66-71F4926631AA}"
EndProject
Project("{8BC9CEB8-8B4A-11D0-8D11-00A0C91BC942}") = "Initializing Object Arrays3", "Initializing Object Arrays3\Initializing Object Arrays3.vcxproj", "{7B3AFCB6-2DEF-4159-A249-33880D54BA1D}"
EndProject
Project("{8BC9CEB8-8B4A-11D0-8D11-00A0C91BC942}") = "Initializing object arrays4", "Initializing object arrays4\Initializing object arrays4.vcxproj", "{54A8EB43-C29D-42F9-84F5-7BEBDF149CEE}"
EndProject
Project("{8BC9CEB8-8B4A-11D0-8D11-00A0C91BC942}") = "Initializing object arrays5", "Initializing object arrays5\Initializing object arrays5.vcxproj", "{36E6B240-58F5-46BD-90F2-9855963ED18B}"
EndProject
Project("{8BC9CEB8-8B4A-11D0-8D11-00A0C91BC942}") = "Pointer to object ++ --", "Pointer to object ++ --\Pointer to object ++ --.vcxproj", "{FF4A1D4D-909E-444E-A2D7-86AB4E3614F9}"
EndProject
Project("{8BC9CEB8-8B4A-11D0-8D11-00A0C91BC942}") = "Pointers to Objects ++-- 2", "Pointers to Objects - 2\Pointers to Objects - 2.vcxproj", "{68D04C73-D4F4-4D44-853F-CED6939ECD79}"
EndProject
Project("{8BC9CEB8-8B4A-11D0-8D11-00A0C91BC942}") = "Pointers to objects ++-- 3", "Pointer to objects ++-- 3\Pointer to objects ++-- 3.vcxproj", "{FD4D6D5F-B822-467D-A711-2161100F0F06}"
EndProject
Global
	GlobalSection(SolutionConfigurationPlatforms) = preSolution
		Debug|x64 = Debug|x64
		Debug|x86 = Debug|x86
		Release|x64 = Release|x64
		Release|x86 = Release|x86
	EndGlobalSection
	GlobalSection(ProjectConfigurationPlatforms) = postSolution
		{F97FFAD9-4F2E-4DFD-9453-F9F1FF77E741}.Debug|x64.ActiveCfg = Debug|x64
		{F97FFAD9-4F2E-4DFD-9453-F9F1FF77E741}.Debug|x64.Build.0 = Debug|x64
		{F97FFAD9-4F2E-4DFD-9453-F9F1FF77E741}.Debug|x86.ActiveCfg = Debug|Win32
		{F97FFAD9-4F2E-4DFD-9453-F9F1FF77E741}.Debug|x86.Build.0 = Debug|Win32
		{F97FFAD9-4F2E-4DFD-9453-F9F1FF77E741}.Release|x64.ActiveCfg = Release|x64
		{F97FFAD9-4F2E-4DFD-9453-F9F1FF77E741}.Release|x64.Build.0 = Release|x64
		{F97FFAD9-4F2E-4DFD-9453-F9F1FF77E741}.Release|x86.ActiveCfg = Release|Win32
		{F97FFAD9-4F2E-4DFD-9453-F9F1FF77E741}.Release|x86.Build.0 = Release|Win32
		{C7F3FCD6-FC52-40DC-994A-9D9548B33523}.Debug|x64.ActiveCfg = Debug|x64
		{C7F3FCD6-FC52-40DC-994A-9D9548B33523}.Debug|x64.Build.0 = Debug|x64
		{C7F3FCD6-FC52-40DC-994A-9D9548B33523}.Debug|x86.ActiveCfg = Debug|Win32
		{C7F3FCD6-FC52-40DC-994A-9D9548B33523}.Debug|x86.Build.0 = Debug|Win32
		{C7F3FCD6-FC52-40DC-994A-9D9548B33523}.Release|x64.ActiveCfg = Release|x64
		{C7F3FCD6-FC52-40DC-994A-9D9548B33523}.Release|x64.Build.0 = Release|x64
		{C7F3FCD6-FC52-40DC-994A-9D9548B33523}.Release|x86.ActiveCfg = Release|Win32
		{C7F3FCD6-FC52-40DC-994A-9D9548B33523}.Release|x86.Build.0 = Release|Win32
		{21A29A6C-037F-409C-B8EA-5B7B616AB054}.Debug|x64.ActiveCfg = Debug|x64
		{21A29A6C-037F-409C-B8EA-5B7B616AB054}.Debug|x64.Build.0 = Debug|x64
		{21A29A6C-037F-409C-B8EA-5B7B616AB054}.Debug|x86.ActiveCfg = Debug|Win32
		{21A29A6C-037F-409C-B8EA-5B7B616AB054}.Debug|x86.Build.0 = Debug|Win32
		{21A29A6C-037F-409C-B8EA-5B7B616AB054}.Release|x64.ActiveCfg = Release|x64
		{21A29A6C-037F-409C-B8EA-5B7B616AB054}.Release|x64.Build.0 = Release|x64
		{21A29A6C-037F-409C-B8EA-5B7B616AB054}.Release|x86.ActiveCfg = Release|Win32
		{21A29A6C-037F-409C-B8EA-5B7B616AB054}.Release|x86.Build.0 = Release|Win32
		{8E6CDBE6-2936-4821-8EE8-FA092DCD639B}.Debug|x64.ActiveCfg = Debug|x64
		{8E6CDBE6-2936-4821-8EE8-FA092DCD639B}.Debug|x64.Build.0 = Debug|x64
		{8E6CDBE6-2936-4821-8EE8-FA092DCD639B}.Debug|x86.ActiveCfg = Debug|Win32
		{8E6CDBE6-2936-4821-8EE8-FA092DCD639B}.Debug|x86.Build.0 = Debug|Win32
		{8E6CDBE6-2936-4821-8EE8-FA092DCD639B}.Release|x64.ActiveCfg = Release|x64
		{8E6CDBE6-2936-4821-8EE8-FA092DCD639B}.Release|x64.Build.0 = Release|x64
		{8E6CDBE6-2936-4821-8EE8-FA092DCD639B}.Release|x86.ActiveCfg = Release|Win32
		{8E6CDBE6-2936-4821-8EE8-FA092DCD639B}.Release|x86.Build.0 = Release|Win32
		{AC666767-E7A5-46FE-830D-C161F1DABACE}.Debug|x64.ActiveCfg = Debug|x64
		{AC666767-E7A5-46FE-830D-C161F1DABACE}.Debug|x64.Build.0 = Debug|x64
		{AC666767-E7A5-46FE-830D-C161F1DABACE}.Debug|x86.ActiveCfg = Debug|Win32
		{AC666767-E7A5-46FE-830D-C161F1DABACE}.Debug|x86.Build.0 = Debug|Win32
		{AC666767-E7A5-46FE-830D-C161F1DABACE}.Release|x64.ActiveCfg = Release|x64
		{AC666767-E7A5-46FE-830D-C161F1DABACE}.Release|x64.Build.0 = Release|x64
		{AC666767-E7A5-46FE-830D-C161F1DABACE}.Release|x86.ActiveCfg = Release|Win32
		{AC666767-E7A5-46FE-830D-C161F1DABACE}.Release|x86.Build.0 = Release|Win32
		{2F133852-2E8A-41E7-95B3-2035FC70DB9F}.Debug|x64.ActiveCfg = Debug|x64
		{2F133852-2E8A-41E7-95B3-2035FC70DB9F}.Debug|x64.Build.0 = Debug|x64
		{2F133852-2E8A-41E7-95B3-2035FC70DB9F}.Debug|x86.ActiveCfg = Debug|Win32
		{2F133852-2E8A-41E7-95B3-2035FC70DB9F}.Debug|x86.Build.0 = Debug|Win32
		{2F133852-2E8A-41E7-95B3-2035FC70DB9F}.Release|x64.ActiveCfg = Release|x64
		{2F133852-2E8A-41E7-95B3-2035FC70DB9F}.Release|x64.Build.0 = Release|x64
		{2F133852-2E8A-41E7-95B3-2035FC70DB9F}.Release|x86.ActiveCfg = Release|Win32
		{2F133852-2E8A-41E7-95B3-2035FC70DB9F}.Release|x86.Build.0 = Release|Win32
		{301C04E0-6EE3-45C1-9441-B7B907B8C77E}.Debug|x64.ActiveCfg = Debug|x64
		{301C04E0-6EE3-45C1-9441-B7B907B8C77E}.Debug|x64.Build.0 = Debug|x64
		{301C04E0-6EE3-45C1-9441-B7B907B8C77E}.Debug|x86.ActiveCfg = Debug|Win32
		{301C04E0-6EE3-45C1-9441-B7B907B8C77E}.Debug|x86.Build.0 = Debug|Win32
		{301C04E0-6EE3-45C1-9441-B7B907B8C77E}.Release|x64.ActiveCfg = Release|x64
		{301C04E0-6EE3-45C1-9441-B7B907B8C77E}.Release|x64.Build.0 = Release|x64
		{301C04E0-6EE3-45C1-9441-B7B907B8C77E}.Release|x86.ActiveCfg = Release|Win32
		{301C04E0-6EE3-45C1-9441-B7B907B8C77E}.Release|x86.Build.0 = Release|Win32
		{0ABD6BB7-03A3-400B-9C24-F8C69FA52B9E}.Debug|x64.ActiveCfg = Debug|x64
		{0ABD6BB7-03A3-400B-9C24-F8C69FA52B9E}.Debug|x64.Build.0 = Debug|x64
		{0ABD6BB7-03A3-400B-9C24-F8C69FA52B9E}.Debug|x86.ActiveCfg = Debug|Win32
		{0ABD6BB7-03A3-400B-9C24-F8C69FA52B9E}.Debug|x86.Build.0 = Debug|Win32
		{0ABD6BB7-03A3-400B-9C24-F8C69FA52B9E}.Release|x64.ActiveCfg = Release|x64
		{0ABD6BB7-03A3-400B-9C24-F8C69FA52B9E}.Release|x64.Build.0 = Release|x64
		{0ABD6BB7-03A3-400B-9C24-F8C69FA52B9E}.Release|x86.ActiveCfg = Release|Win32
		{0ABD6BB7-03A3-400B-9C24-F8C69FA52B9E}.Release|x86.Build.0 = Release|Win32
		{58AB220C-ED36-431D-B45C-C8D5C0892EFB}.Debug|x64.ActiveCfg = Debug|x64
		{58AB220C-ED36-431D-B45C-C8D5C0892EFB}.Debug|x64.Build.0 = Debug|x64
		{58AB220C-ED36-431D-B45C-C8D5C0892EFB}.Debug|x86.ActiveCfg = Debug|Win32
		{58AB220C-ED36-431D-B45C-C8D5C0892EFB}.Debug|x86.Build.0 = Debug|Win32
		{58AB220C-ED36-431D-B45C-C8D5C0892EFB}.Release|x64.ActiveCfg = Release|x64
		{58AB220C-ED36-431D-B45C-C8D5C0892EFB}.Release|x64.Build.0 = Release|x64
		{58AB220C-ED36-431D-B45C-C8D5C0892EFB}.Release|x86.ActiveCfg = Release|Win32
		{58AB220C-ED36-431D-B45C-C8D5C0892EFB}.Release|x86.Build.0 = Release|Win32
		{F0B645AD-A95B-4161-AD06-103C1D2EE54B}.Debug|x64.ActiveCfg = Debug|x64
		{F0B645AD-A95B-4161-AD06-103C1D2EE54B}.Debug|x64.Build.0 = Debug|x64
		{F0B645AD-A95B-4161-AD06-103C1D2EE54B}.Debug|x86.ActiveCfg = Debug|Win32
		{F0B645AD-A95B-4161-AD06-103C1D2EE54B}.Debug|x86.Build.0 = Debug|Win32
		{F0B645AD-A95B-4161-AD06-103C1D2EE54B}.Release|x64.ActiveCfg = Release|x64
		{F0B645AD-A95B-4161-AD06-103C1D2EE54B}.Release|x64.Build.0 = Release|x64
		{F0B645AD-A95B-4161-AD06-103C1D2EE54B}.Release|x86.ActiveCfg = Release|Win32
		{F0B645AD-A95B-4161-AD06-103C1D2EE54B}.Release|x86.Build.0 = Release|Win32
		{C9A3207B-660B-4D98-BC98-C7E832A65643}.Debug|x64.ActiveCfg = Debug|x64
		{C9A3207B-660B-4D98-BC98-C7E832A65643}.Debug|x64.Build.0 = Debug|x64
		{C9A3207B-660B-4D98-BC98-C7E832A65643}.Debug|x86.ActiveCfg = Debug|Win32
		{C9A3207B-660B-4D98-BC98-C7E832A65643}.Debug|x86.Build.0 = Debug|Win32
		{C9A3207B-660B-4D98-BC98-C7E832A65643}.Release|x64.ActiveCfg = Release|x64
		{C9A3207B-660B-4D98-BC98-C7E832A65643}.Release|x64.Build.0 = Release|x64
		{C9A3207B-660B-4D98-BC98-C7E832A65643}.Release|x86.ActiveCfg = Release|Win32
		{C9A3207B-660B-4D98-BC98-C7E832A65643}.Release|x86.Build.0 = Release|Win32
		{977BA495-A496-4E58-8FF0-4AE607117D51}.Debug|x64.ActiveCfg = Debug|x64
		{977BA495-A496-4E58-8FF0-4AE607117D51}.Debug|x64.Build.0 = Debug|x64
		{977BA495-A496-4E58-8FF0-4AE607117D51}.Debug|x86.ActiveCfg = Debug|Win32
		{977BA495-A496-4E58-8FF0-4AE607117D51}.Debug|x86.Build.0 = Debug|Win32
		{977BA495-A496-4E58-8FF0-4AE607117D51}.Release|x64.ActiveCfg = Release|x64
		{977BA495-A496-4E58-8FF0-4AE607117D51}.Release|x64.Build.0 = Release|x64
		{977BA495-A496-4E58-8FF0-4AE607117D51}.Release|x86.ActiveCfg = Release|Win32
		{977BA495-A496-4E58-8FF0-4AE607117D51}.Release|x86.Build.0 = Release|Win32
		{20BEDE2F-7EF8-4506-B6A5-8286EA34B278}.Debug|x64.ActiveCfg = Debug|x64
		{20BEDE2F-7EF8-4506-B6A5-8286EA34B278}.Debug|x64.Build.0 = Debug|x64
		{20BEDE2F-7EF8-4506-B6A5-8286EA34B278}.Debug|x86.ActiveCfg = Debug|Win32
		{20BEDE2F-7EF8-4506-B6A5-8286EA34B278}.Debug|x86.Build.0 = Debug|Win32
		{20BEDE2F-7EF8-4506-B6A5-8286EA34B278}.Release|x64.ActiveCfg = Release|x64
		{20BEDE2F-7EF8-4506-B6A5-8286EA34B278}.Release|x64.Build.0 = Release|x64
		{20BEDE2F-7EF8-4506-B6A5-8286EA34B278}.Release|x86.ActiveCfg = Release|Win32
		{20BEDE2F-7EF8-4506-B6A5-8286EA34B278}.Release|x86.Build.0 = Release|Win32
		{90D9B5C1-183B-4E00-ABD5-FC4C6B560239}.Debug|x64.ActiveCfg = Debug|x64
		{90D9B5C1-183B-4E00-ABD5-FC4C6B560239}.Debug|x64.Build.0 = Debug|x64
		{90D9B5C1-183B-4E00-ABD5-FC4C6B560239}.Debug|x86.ActiveCfg = Debug|Win32
		{90D9B5C1-183B-4E00-ABD5-FC4C6B560239}.Debug|x86.Build.0 = Debug|Win32
		{90D9B5C1-183B-4E00-ABD5-FC4C6B560239}.Release|x64.ActiveCfg = Release|x64
		{90D9B5C1-183B-4E00-ABD5-FC4C6B560239}.Release|x64.Build.0 = Release|x64
		{90D9B5C1-183B-4E00-ABD5-FC4C6B560239}.Release|x86.ActiveCfg = Release|Win32
		{90D9B5C1-183B-4E00-ABD5-FC4C6B560239}.Release|x86.Build.0 = Release|Win32
		{2FF7207C-1792-4EB9-8C05-4EDB7F849823}.Debug|x64.ActiveCfg = Debug|x64
		{2FF7207C-1792-4EB9-8C05-4EDB7F849823}.Debug|x64.Build.0 = Debug|x64
		{2FF7207C-1792-4EB9-8C05-4EDB7F849823}.Debug|x86.ActiveCfg = Debug|Win32
		{2FF7207C-1792-4EB9-8C05-4EDB7F849823}.Debug|x86.Build.0 = Debug|Win32
		{2FF7207C-1792-4EB9-8C05-4EDB7F849823}.Release|x64.ActiveCfg = Release|x64
		{2FF7207C-1792-4EB9-8C05-4EDB7F849823}.Release|x64.Build.0 = Release|x64
		{2FF7207C-1792-4EB9-8C05-4EDB7F849823}.Release|x86.ActiveCfg = Release|Win32
		{2FF7207C-1792-4EB9-8C05-4EDB7F849823}.Release|x86.Build.0 = Release|Win32
		{69A007AD-BC60-4413-9358-5C04696925E1}.Debug|x64.ActiveCfg = Debug|x64
		{69A007AD-BC60-4413-9358-5C04696925E1}.Debug|x64.Build.0 = Debug|x64
		{69A007AD-BC60-4413-9358-5C04696925E1}.Debug|x86.ActiveCfg = Debug|Win32
		{69A007AD-BC60-4413-9358-5C04696925E1}.Debug|x86.Build.0 = Debug|Win32
		{69A007AD-BC60-4413-9358-5C04696925E1}.Release|x64.ActiveCfg = Release|x64
		{69A007AD-BC60-4413-9358-5C04696925E1}.Release|x64.Build.0 = Release|x64
		{69A007AD-BC60-4413-9358-5C04696925E1}.Release|x86.ActiveCfg = Release|Win32
		{69A007AD-BC60-4413-9358-5C04696925E1}.Release|x86.Build.0 = Release|Win32
		{A5068803-9BC9-4B02-A1C7-1F5B9B63E66E}.Debug|x64.ActiveCfg = Debug|x64
		{A5068803-9BC9-4B02-A1C7-1F5B9B63E66E}.Debug|x64.Build.0 = Debug|x64
		{A5068803-9BC9-4B02-A1C7-1F5B9B63E66E}.Debug|x86.ActiveCfg = Debug|Win32
		{A5068803-9BC9-4B02-A1C7-1F5B9B63E66E}.Debug|x86.Build.0 = Debug|Win32
		{A5068803-9BC9-4B02-A1C7-1F5B9B63E66E}.Release|x64.ActiveCfg = Release|x64
		{A5068803-9BC9-4B02-A1C7-1F5B9B63E66E}.Release|x64.Build.0 = Release|x64
		{A5068803-9BC9-4B02-A1C7-1F5B9B63E66E}.Release|x86.ActiveCfg = Release|Win32
		{A5068803-9BC9-4B02-A1C7-1F5B9B63E66E}.Release|x86.Build.0 = Release|Win32
		{24A6D276-4784-4454-B6B5-12E5F60E40E8}.Debug|x64.ActiveCfg = Debug|x64
		{24A6D276-4784-4454-B6B5-12E5F60E40E8}.Debug|x64.Build.0 = Debug|x64
		{24A6D276-4784-4454-B6B5-12E5F60E40E8}.Debug|x86.ActiveCfg = Debug|Win32
		{24A6D276-4784-4454-B6B5-12E5F60E40E8}.Debug|x86.Build.0 = Debug|Win32
		{24A6D276-4784-4454-B6B5-12E5F60E40E8}.Release|x64.ActiveCfg = Release|x64
		{24A6D276-4784-4454-B6B5-12E5F60E40E8}.Release|x64.Build.0 = Release|x64
		{24A6D276-4784-4454-B6B5-12E5F60E40E8}.Release|x86.ActiveCfg = Release|Win32
		{24A6D276-4784-4454-B6B5-12E5F60E40E8}.Release|x86.Build.0 = Release|Win32
		{4A724524-984E-4E39-8751-F5E0A20712D0}.Debug|x64.ActiveCfg = Debug|x64
		{4A724524-984E-4E39-8751-F5E0A20712D0}.Debug|x64.Build.0 = Debug|x64
		{4A724524-984E-4E39-8751-F5E0A20712D0}.Debug|x86.ActiveCfg = Debug|Win32
		{4A724524-984E-4E39-8751-F5E0A20712D0}.Debug|x86.Build.0 = Debug|Win32
		{4A724524-984E-4E39-8751-F5E0A20712D0}.Release|x64.ActiveCfg = Release|x64
		{4A724524-984E-4E39-8751-F5E0A20712D0}.Release|x64.Build.0 = Release|x64
		{4A724524-984E-4E39-8751-F5E0A20712D0}.Release|x86.ActiveCfg = Release|Win32
		{4A724524-984E-4E39-8751-F5E0A20712D0}.Release|x86.Build.0 = Release|Win32
		{CBB9E0C7-C84F-44AD-818A-7751AB5F8940}.Debug|x64.ActiveCfg = Debug|x64
		{CBB9E0C7-C84F-44AD-818A-7751AB5F8940}.Debug|x64.Build.0 = Debug|x64
		{CBB9E0C7-C84F-44AD-818A-7751AB5F8940}.Debug|x86.ActiveCfg = Debug|Win32
		{CBB9E0C7-C84F-44AD-818A-7751AB5F8940}.Debug|x86.Build.0 = Debug|Win32
		{CBB9E0C7-C84F-44AD-818A-7751AB5F8940}.Release|x64.ActiveCfg = Release|x64
		{CBB9E0C7-C84F-44AD-818A-7751AB5F8940}.Release|x64.Build.0 = Release|x64
		{CBB9E0C7-C84F-44AD-818A-7751AB5F8940}.Release|x86.ActiveCfg = Release|Win32
		{CBB9E0C7-C84F-44AD-818A-7751AB5F8940}.Release|x86.Build.0 = Release|Win32
		{7A666EC1-BAA4-47E2-AD34-64FD7D496482}.Debug|x64.ActiveCfg = Debug|x64
		{7A666EC1-BAA4-47E2-AD34-64FD7D496482}.Debug|x64.Build.0 = Debug|x64
		{7A666EC1-BAA4-47E2-AD34-64FD7D496482}.Debug|x86.ActiveCfg = Debug|Win32
		{7A666EC1-BAA4-47E2-AD34-64FD7D496482}.Debug|x86.Build.0 = Debug|Win32
		{7A666EC1-BAA4-47E2-AD34-64FD7D496482}.Release|x64.ActiveCfg = Release|x64
		{7A666EC1-BAA4-47E2-AD34-64FD7D496482}.Release|x64.Build.0 = Release|x64
		{7A666EC1-BAA4-47E2-AD34-64FD7D496482}.Release|x86.ActiveCfg = Release|Win32
		{7A666EC1-BAA4-47E2-AD34-64FD7D496482}.Release|x86.Build.0 = Release|Win32
		{9819C824-2D1E-4560-9A42-C4C3A5B9FB2C}.Debug|x64.ActiveCfg = Debug|x64
		{9819C824-2D1E-4560-9A42-C4C3A5B9FB2C}.Debug|x64.Build.0 = Debug|x64
		{9819C824-2D1E-4560-9A42-C4C3A5B9FB2C}.Debug|x86.ActiveCfg = Debug|Win32
		{9819C824-2D1E-4560-9A42-C4C3A5B9FB2C}.Debug|x86.Build.0 = Debug|Win32
		{9819C824-2D1E-4560-9A42-C4C3A5B9FB2C}.Release|x64.ActiveCfg = Release|x64
		{9819C824-2D1E-4560-9A42-C4C3A5B9FB2C}.Release|x64.Build.0 = Release|x64
		{9819C824-2D1E-4560-9A42-C4C3A5B9FB2C}.Release|x86.ActiveCfg = Release|Win32
		{9819C824-2D1E-4560-9A42-C4C3A5B9FB2C}.Release|x86.Build.0 = Release|Win32
		{92F68642-09CB-4E51-868E-FF2C5E72179A}.Debug|x64.ActiveCfg = Debug|x64
		{92F68642-09CB-4E51-868E-FF2C5E72179A}.Debug|x64.Build.0 = Debug|x64
		{92F68642-09CB-4E51-868E-FF2C5E72179A}.Debug|x86.ActiveCfg = Debug|Win32
		{92F68642-09CB-4E51-868E-FF2C5E72179A}.Debug|x86.Build.0 = Debug|Win32
		{92F68642-09CB-4E51-868E-FF2C5E72179A}.Release|x64.ActiveCfg = Release|x64
		{92F68642-09CB-4E51-868E-FF2C5E72179A}.Release|x64.Build.0 = Release|x64
		{92F68642-09CB-4E51-868E-FF2C5E72179A}.Release|x86.ActiveCfg = Release|Win32
		{92F68642-09CB-4E51-868E-FF2C5E72179A}.Release|x86.Build.0 = Release|Win32
		{0F37200B-9EC1-4DB5-BBBC-3CCE4C03E3BF}.Debug|x64.ActiveCfg = Debug|x64
		{0F37200B-9EC1-4DB5-BBBC-3CCE4C03E3BF}.Debug|x64.Build.0 = Debug|x64
		{0F37200B-9EC1-4DB5-BBBC-3CCE4C03E3BF}.Debug|x86.ActiveCfg = Debug|Win32
		{0F37200B-9EC1-4DB5-BBBC-3CCE4C03E3BF}.Debug|x86.Build.0 = Debug|Win32
		{0F37200B-9EC1-4DB5-BBBC-3CCE4C03E3BF}.Release|x64.ActiveCfg = Release|x64
		{0F37200B-9EC1-4DB5-BBBC-3CCE4C03E3BF}.Release|x64.Build.0 = Release|x64
		{0F37200B-9EC1-4DB5-BBBC-3CCE4C03E3BF}.Release|x86.ActiveCfg = Release|Win32
		{0F37200B-9EC1-4DB5-BBBC-3CCE4C03E3BF}.Release|x86.Build.0 = Release|Win32
		{183AA7D3-44FE-4777-8736-24788436816D}.Debug|x64.ActiveCfg = Debug|x64
		{183AA7D3-44FE-4777-8736-24788436816D}.Debug|x64.Build.0 = Debug|x64
		{183AA7D3-44FE-4777-8736-24788436816D}.Debug|x86.ActiveCfg = Debug|Win32
		{183AA7D3-44FE-4777-8736-24788436816D}.Debug|x86.Build.0 = Debug|Win32
		{183AA7D3-44FE-4777-8736-24788436816D}.Release|x64.ActiveCfg = Release|x64
		{183AA7D3-44FE-4777-8736-24788436816D}.Release|x64.Build.0 = Release|x64
		{183AA7D3-44FE-4777-8736-24788436816D}.Release|x86.ActiveCfg = Release|Win32
		{183AA7D3-44FE-4777-8736-24788436816D}.Release|x86.Build.0 = Release|Win32
		{CA839011-3D8A-47C5-8A66-71F4926631AA}.Debug|x64.ActiveCfg = Debug|x64
		{CA839011-3D8A-47C5-8A66-71F4926631AA}.Debug|x64.Build.0 = Debug|x64
		{CA839011-3D8A-47C5-8A66-71F4926631AA}.Debug|x86.ActiveCfg = Debug|Win32
		{CA839011-3D8A-47C5-8A66-71F4926631AA}.Debug|x86.Build.0 = Debug|Win32
		{CA839011-3D8A-47C5-8A66-71F4926631AA}.Release|x64.ActiveCfg = Release|x64
		{CA839011-3D8A-47C5-8A66-71F4926631AA}.Release|x64.Build.0 = Release|x64
		{CA839011-3D8A-47C5-8A66-71F4926631AA}.Release|x86.ActiveCfg = Release|Win32
		{CA839011-3D8A-47C5-8A66-71F4926631AA}.Release|x86.Build.0 = Release|Win32
		{7B3AFCB6-2DEF-4159-A249-33880D54BA1D}.Debug|x64.ActiveCfg = Debug|x64
		{7B3AFCB6-2DEF-4159-A249-33880D54BA1D}.Debug|x64.Build.0 = Debug|x64
		{7B3AFCB6-2DEF-4159-A249-33880D54BA1D}.Debug|x86.ActiveCfg = Debug|Win32
		{7B3AFCB6-2DEF-4159-A249-33880D54BA1D}.Debug|x86.Build.0 = Debug|Win32
		{7B3AFCB6-2DEF-4159-A249-33880D54BA1D}.Release|x64.ActiveCfg = Release|x64
		{7B3AFCB6-2DEF-4159-A249-33880D54BA1D}.Release|x64.Build.0 = Release|x64
		{7B3AFCB6-2DEF-4159-A249-33880D54BA1D}.Release|x86.ActiveCfg = Release|Win32
		{7B3AFCB6-2DEF-4159-A249-33880D54BA1D}.Release|x86.Build.0 = Release|Win32
		{54A8EB43-C29D-42F9-84F5-7BEBDF149CEE}.Debug|x64.ActiveCfg = Debug|x64
		{54A8EB43-C29D-42F9-84F5-7BEBDF149CEE}.Debug|x64.Build.0 = Debug|x64
		{54A8EB43-C29D-42F9-84F5-7BEBDF149CEE}.Debug|x86.ActiveCfg = Debug|Win32
		{54A8EB43-C29D-42F9-84F5-7BEBDF149CEE}.Debug|x86.Build.0 = Debug|Win32
		{54A8EB43-C29D-42F9-84F5-7BEBDF149CEE}.Release|x64.ActiveCfg = Release|x64
		{54A8EB43-C29D-42F9-84F5-7BEBDF149CEE}.Release|x64.Build.0 = Release|x64
		{54A8EB43-C29D-42F9-84F5-7BEBDF149CEE}.Release|x86.ActiveCfg = Release|Win32
		{54A8EB43-C29D-42F9-84F5-7BEBDF149CEE}.Release|x86.Build.0 = Release|Win32
		{36E6B240-58F5-46BD-90F2-9855963ED18B}.Debug|x64.ActiveCfg = Debug|x64
		{36E6B240-58F5-46BD-90F2-9855963ED18B}.Debug|x64.Build.0 = Debug|x64
		{36E6B240-58F5-46BD-90F2-9855963ED18B}.Debug|x86.ActiveCfg = Debug|Win32
		{36E6B240-58F5-46BD-90F2-9855963ED18B}.Debug|x86.Build.0 = Debug|Win32
		{36E6B240-58F5-46BD-90F2-9855963ED18B}.Release|x64.ActiveCfg = Release|x64
		{36E6B240-58F5-46BD-90F2-9855963ED18B}.Release|x64.Build.0 = Release|x64
		{36E6B240-58F5-46BD-90F2-9855963ED18B}.Release|x86.ActiveCfg = Release|Win32
		{36E6B240-58F5-46BD-90F2-9855963ED18B}.Release|x86.Build.0 = Release|Win32
		{FF4A1D4D-909E-444E-A2D7-86AB4E3614F9}.Debug|x64.ActiveCfg = Debug|x64
		{FF4A1D4D-909E-444E-A2D7-86AB4E3614F9}.Debug|x64.Build.0 = Debug|x64
		{FF4A1D4D-909E-444E-A2D7-86AB4E3614F9}.Debug|x86.ActiveCfg = Debug|Win32
		{FF4A1D4D-909E-444E-A2D7-86AB4E3614F9}.Debug|x86.Build.0 = Debug|Win32
		{FF4A1D4D-909E-444E-A2D7-86AB4E3614F9}.Release|x64.ActiveCfg = Release|x64
		{FF4A1D4D-909E-444E-A2D7-86AB4E3614F9}.Release|x64.Build.0 = Release|x64
		{FF4A1D4D-909E-444E-A2D7-86AB4E3614F9}.Release|x86.ActiveCfg = Release|Win32
		{FF4A1D4D-909E-444E-A2D7-86AB4E3614F9}.Release|x86.Build.0 = Release|Win32
		{68D04C73-D4F4-4D44-853F-CED6939ECD79}.Debug|x64.ActiveCfg = Debug|x64
		{68D04C73-D4F4-4D44-853F-CED6939ECD79}.Debug|x64.Build.0 = Debug|x64
		{68D04C73-D4F4-4D44-853F-CED6939ECD79}.Debug|x86.ActiveCfg = Debug|Win32
		{68D04C73-D4F4-4D44-853F-CED6939ECD79}.Debug|x86.Build.0 = Debug|Win32
		{68D04C73-D4F4-4D44-853F-CED6939ECD79}.Release|x64.ActiveCfg = Release|x64
		{68D04C73-D4F4-4D44-853F-CED6939ECD79}.Release|x64.Build.0 = Release|x64
		{68D04C73-D4F4-4D44-853F-CED6939ECD79}.Release|x86.ActiveCfg = Release|Win32
		{68D04C73-D4F4-4D44-853F-CED6939ECD79}.Release|x86.Build.0 = Release|Win32
		{FD4D6D5F-B822-467D-A711-2161100F0F06}.Debug|x64.ActiveCfg = Debug|x64
		{FD4D6D5F-B822-467D-A711-2161100F0F06}.Debug|x64.Build.0 = Debug|x64
		{FD4D6D5F-B822-467D-A711-2161100F0F06}.Debug|x86.ActiveCfg = Debug|Win32
		{FD4D6D5F-B822-467D-A711-2161100F0F06}.Debug|x86.Build.0 = Debug|Win32
		{FD4D6D5F-B822-467D-A711-2161100F0F06}.Release|x64.ActiveCfg = Release|x64
		{FD4D6D5F-B822-467D-A711-2161100F0F06}.Release|x64.Build.0 = Release|x64
		{FD4D6D5F-B822-467D-A711-2161100F0F06}.Release|x86.ActiveCfg = Release|Win32
		{FD4D6D5F-B822-467D-A711-2161100F0F06}.Release|x86.Build.0 = Release|Win32
	EndGlobalSection
	GlobalSection(SolutionProperties) = preSolution
		HideSolutionNode = FALSE
	EndGlobalSection
	GlobalSection(ExtensibilityGlobals) = postSolution
		SolutionGuid = {4BEE8365-9509-44C7-9AEC-602CB0327C9C}
	EndGlobalSection
EndGlobal
