
Microsoft Visual Studio Solution File, Format Version 12.00
# Visual Studio Version 16
VisualStudioVersion = 16.0.32228.343
MinimumVisualStudioVersion = 10.0.40219.1
Project("{8BC9CEB8-8B4A-11D0-8D11-00A0C91BC942}") = "Read_a_string_from_the_keyboard", "Read_a_string_from_the_keyboard\Read_a_string_from_the_keyboard.vcxproj", "{642F6214-B333-4E5D-9117-72E959444AD4}"
EndProject
Project("{8BC9CEB8-8B4A-11D0-8D11-00A0C91BC942}") = "String_function_example", "String_function_example\String_function_example.vcxproj", "{9C779170-33D3-4A68-B80A-09069B26CEE8}"
EndProject
Project("{8BC9CEB8-8B4A-11D0-8D11-00A0C91BC942}") = "strcpy", "strcpy\strcpy.vcxproj", "{143CE771-8F30-47F6-A300-F50EB306C290}"
EndProject
Project("{8BC9CEB8-8B4A-11D0-8D11-00A0C91BC942}") = "gets()", "gets()\gets().vcxproj", "{BE60F2B4-ECE0-48D8-8B2E-08E060953FDB}"
EndProject
Project("{8BC9CEB8-8B4A-11D0-8D11-00A0C91BC942}") = "Using_Null_terminator", "Using_Null_terminator\Using_Null_terminator.vcxproj", "{DAA5D6B9-1DE9-4662-B485-858CB514A294}"
EndProject
Project("{8BC9CEB8-8B4A-11D0-8D11-00A0C91BC942}") = "Array_initialization", "Array_initialization\Array_initialization.vcxproj", "{95AAADBF-F839-44DB-B554-DEE1993D1173}"
EndProject
Project("{8BC9CEB8-8B4A-11D0-8D11-00A0C91BC942}") = "UnsizedArrInitialization", "UnsizedArrInitialization\UnsizedArrInitialization.vcxproj", "{0599EB2A-7DE1-44C9-9572-5D3CB6F36FC9}"
EndProject
Project("{8BC9CEB8-8B4A-11D0-8D11-00A0C91BC942}") = "Array of strings", "Array of strings\Array of strings.vcxproj", "{5EAA3CD3-CD33-4014-9616-E7BCBB73BC9A}"
EndProject
Project("{8BC9CEB8-8B4A-11D0-8D11-00A0C91BC942}") = "Array of strings2", "Array_of_string2\Array_of_string2.vcxproj", "{EF5DFD5E-4E25-44A4-9252-C6FCE670467A}"
EndProject
Project("{8BC9CEB8-8B4A-11D0-8D11-00A0C91BC942}") = "The Pointer Operators", "The Pointer Operators\The Pointer Operators.vcxproj", "{37A87266-F242-4967-9B03-00B22E150A8C}"
EndProject
Project("{8BC9CEB8-8B4A-11D0-8D11-00A0C91BC942}") = "Pointer", "Pointer\Pointer.vcxproj", "{0947E444-FABF-46F7-888B-F7FAFA1CB179}"
EndProject
Project("{8BC9CEB8-8B4A-11D0-8D11-00A0C91BC942}") = "Pointer operators", "Pointer operators\Pointer operators.vcxproj", "{4627DB37-BF7F-455B-BAA6-D66EA8B995E3}"
EndProject
Project("{8BC9CEB8-8B4A-11D0-8D11-00A0C91BC942}") = "Pointer_base_type_cast", "Pointer_base_type_cast\Pointer_base_type_cast.vcxproj", "{AC22B8CF-B408-4102-9CD8-E3B3C43CF989}"
EndProject
Project("{8BC9CEB8-8B4A-11D0-8D11-00A0C91BC942}") = "Assign value via Pointer", "Assign value via Pointer\Assign value via Pointer.vcxproj", "{69E1EAC1-1505-4109-88CA-49FF6B85CEB0}"
EndProject
Project("{8BC9CEB8-8B4A-11D0-8D11-00A0C91BC942}") = "Pointer Value Assignment", "Pointer Value Assignment\Pointer Value Assignment.vcxproj", "{9993C959-B6AC-4364-A637-10CB8E5C0432}"
EndProject
Global
	GlobalSection(SolutionConfigurationPlatforms) = preSolution
		Debug|x64 = Debug|x64
		Debug|x86 = Debug|x86
		Release|x64 = Release|x64
		Release|x86 = Release|x86
	EndGlobalSection
	GlobalSection(ProjectConfigurationPlatforms) = postSolution
		{642F6214-B333-4E5D-9117-72E959444AD4}.Debug|x64.ActiveCfg = Debug|x64
		{642F6214-B333-4E5D-9117-72E959444AD4}.Debug|x64.Build.0 = Debug|x64
		{642F6214-B333-4E5D-9117-72E959444AD4}.Debug|x86.ActiveCfg = Debug|Win32
		{642F6214-B333-4E5D-9117-72E959444AD4}.Debug|x86.Build.0 = Debug|Win32
		{642F6214-B333-4E5D-9117-72E959444AD4}.Release|x64.ActiveCfg = Release|x64
		{642F6214-B333-4E5D-9117-72E959444AD4}.Release|x64.Build.0 = Release|x64
		{642F6214-B333-4E5D-9117-72E959444AD4}.Release|x86.ActiveCfg = Release|Win32
		{642F6214-B333-4E5D-9117-72E959444AD4}.Release|x86.Build.0 = Release|Win32
		{9C779170-33D3-4A68-B80A-09069B26CEE8}.Debug|x64.ActiveCfg = Debug|x64
		{9C779170-33D3-4A68-B80A-09069B26CEE8}.Debug|x64.Build.0 = Debug|x64
		{9C779170-33D3-4A68-B80A-09069B26CEE8}.Debug|x86.ActiveCfg = Debug|Win32
		{9C779170-33D3-4A68-B80A-09069B26CEE8}.Debug|x86.Build.0 = Debug|Win32
		{9C779170-33D3-4A68-B80A-09069B26CEE8}.Release|x64.ActiveCfg = Release|x64
		{9C779170-33D3-4A68-B80A-09069B26CEE8}.Release|x64.Build.0 = Release|x64
		{9C779170-33D3-4A68-B80A-09069B26CEE8}.Release|x86.ActiveCfg = Release|Win32
		{9C779170-33D3-4A68-B80A-09069B26CEE8}.Release|x86.Build.0 = Release|Win32
		{143CE771-8F30-47F6-A300-F50EB306C290}.Debug|x64.ActiveCfg = Debug|x64
		{143CE771-8F30-47F6-A300-F50EB306C290}.Debug|x64.Build.0 = Debug|x64
		{143CE771-8F30-47F6-A300-F50EB306C290}.Debug|x86.ActiveCfg = Debug|Win32
		{143CE771-8F30-47F6-A300-F50EB306C290}.Debug|x86.Build.0 = Debug|Win32
		{143CE771-8F30-47F6-A300-F50EB306C290}.Release|x64.ActiveCfg = Release|x64
		{143CE771-8F30-47F6-A300-F50EB306C290}.Release|x64.Build.0 = Release|x64
		{143CE771-8F30-47F6-A300-F50EB306C290}.Release|x86.ActiveCfg = Release|Win32
		{143CE771-8F30-47F6-A300-F50EB306C290}.Release|x86.Build.0 = Release|Win32
		{BE60F2B4-ECE0-48D8-8B2E-08E060953FDB}.Debug|x64.ActiveCfg = Debug|x64
		{BE60F2B4-ECE0-48D8-8B2E-08E060953FDB}.Debug|x64.Build.0 = Debug|x64
		{BE60F2B4-ECE0-48D8-8B2E-08E060953FDB}.Debug|x86.ActiveCfg = Debug|Win32
		{BE60F2B4-ECE0-48D8-8B2E-08E060953FDB}.Debug|x86.Build.0 = Debug|Win32
		{BE60F2B4-ECE0-48D8-8B2E-08E060953FDB}.Release|x64.ActiveCfg = Release|x64
		{BE60F2B4-ECE0-48D8-8B2E-08E060953FDB}.Release|x64.Build.0 = Release|x64
		{BE60F2B4-ECE0-48D8-8B2E-08E060953FDB}.Release|x86.ActiveCfg = Release|Win32
		{BE60F2B4-ECE0-48D8-8B2E-08E060953FDB}.Release|x86.Build.0 = Release|Win32
		{DAA5D6B9-1DE9-4662-B485-858CB514A294}.Debug|x64.ActiveCfg = Debug|x64
		{DAA5D6B9-1DE9-4662-B485-858CB514A294}.Debug|x64.Build.0 = Debug|x64
		{DAA5D6B9-1DE9-4662-B485-858CB514A294}.Debug|x86.ActiveCfg = Debug|Win32
		{DAA5D6B9-1DE9-4662-B485-858CB514A294}.Debug|x86.Build.0 = Debug|Win32
		{DAA5D6B9-1DE9-4662-B485-858CB514A294}.Release|x64.ActiveCfg = Release|x64
		{DAA5D6B9-1DE9-4662-B485-858CB514A294}.Release|x64.Build.0 = Release|x64
		{DAA5D6B9-1DE9-4662-B485-858CB514A294}.Release|x86.ActiveCfg = Release|Win32
		{DAA5D6B9-1DE9-4662-B485-858CB514A294}.Release|x86.Build.0 = Release|Win32
		{95AAADBF-F839-44DB-B554-DEE1993D1173}.Debug|x64.ActiveCfg = Debug|x64
		{95AAADBF-F839-44DB-B554-DEE1993D1173}.Debug|x64.Build.0 = Debug|x64
		{95AAADBF-F839-44DB-B554-DEE1993D1173}.Debug|x86.ActiveCfg = Debug|Win32
		{95AAADBF-F839-44DB-B554-DEE1993D1173}.Debug|x86.Build.0 = Debug|Win32
		{95AAADBF-F839-44DB-B554-DEE1993D1173}.Release|x64.ActiveCfg = Release|x64
		{95AAADBF-F839-44DB-B554-DEE1993D1173}.Release|x64.Build.0 = Release|x64
		{95AAADBF-F839-44DB-B554-DEE1993D1173}.Release|x86.ActiveCfg = Release|Win32
		{95AAADBF-F839-44DB-B554-DEE1993D1173}.Release|x86.Build.0 = Release|Win32
		{0599EB2A-7DE1-44C9-9572-5D3CB6F36FC9}.Debug|x64.ActiveCfg = Debug|x64
		{0599EB2A-7DE1-44C9-9572-5D3CB6F36FC9}.Debug|x64.Build.0 = Debug|x64
		{0599EB2A-7DE1-44C9-9572-5D3CB6F36FC9}.Debug|x86.ActiveCfg = Debug|Win32
		{0599EB2A-7DE1-44C9-9572-5D3CB6F36FC9}.Debug|x86.Build.0 = Debug|Win32
		{0599EB2A-7DE1-44C9-9572-5D3CB6F36FC9}.Release|x64.ActiveCfg = Release|x64
		{0599EB2A-7DE1-44C9-9572-5D3CB6F36FC9}.Release|x64.Build.0 = Release|x64
		{0599EB2A-7DE1-44C9-9572-5D3CB6F36FC9}.Release|x86.ActiveCfg = Release|Win32
		{0599EB2A-7DE1-44C9-9572-5D3CB6F36FC9}.Release|x86.Build.0 = Release|Win32
		{5EAA3CD3-CD33-4014-9616-E7BCBB73BC9A}.Debug|x64.ActiveCfg = Debug|x64
		{5EAA3CD3-CD33-4014-9616-E7BCBB73BC9A}.Debug|x64.Build.0 = Debug|x64
		{5EAA3CD3-CD33-4014-9616-E7BCBB73BC9A}.Debug|x86.ActiveCfg = Debug|Win32
		{5EAA3CD3-CD33-4014-9616-E7BCBB73BC9A}.Debug|x86.Build.0 = Debug|Win32
		{5EAA3CD3-CD33-4014-9616-E7BCBB73BC9A}.Release|x64.ActiveCfg = Release|x64
		{5EAA3CD3-CD33-4014-9616-E7BCBB73BC9A}.Release|x64.Build.0 = Release|x64
		{5EAA3CD3-CD33-4014-9616-E7BCBB73BC9A}.Release|x86.ActiveCfg = Release|Win32
		{5EAA3CD3-CD33-4014-9616-E7BCBB73BC9A}.Release|x86.Build.0 = Release|Win32
		{EF5DFD5E-4E25-44A4-9252-C6FCE670467A}.Debug|x64.ActiveCfg = Debug|x64
		{EF5DFD5E-4E25-44A4-9252-C6FCE670467A}.Debug|x64.Build.0 = Debug|x64
		{EF5DFD5E-4E25-44A4-9252-C6FCE670467A}.Debug|x86.ActiveCfg = Debug|Win32
		{EF5DFD5E-4E25-44A4-9252-C6FCE670467A}.Debug|x86.Build.0 = Debug|Win32
		{EF5DFD5E-4E25-44A4-9252-C6FCE670467A}.Release|x64.ActiveCfg = Release|x64
		{EF5DFD5E-4E25-44A4-9252-C6FCE670467A}.Release|x64.Build.0 = Release|x64
		{EF5DFD5E-4E25-44A4-9252-C6FCE670467A}.Release|x86.ActiveCfg = Release|Win32
		{EF5DFD5E-4E25-44A4-9252-C6FCE670467A}.Release|x86.Build.0 = Release|Win32
		{37A87266-F242-4967-9B03-00B22E150A8C}.Debug|x64.ActiveCfg = Debug|x64
		{37A87266-F242-4967-9B03-00B22E150A8C}.Debug|x64.Build.0 = Debug|x64
		{37A87266-F242-4967-9B03-00B22E150A8C}.Debug|x86.ActiveCfg = Debug|Win32
		{37A87266-F242-4967-9B03-00B22E150A8C}.Debug|x86.Build.0 = Debug|Win32
		{37A87266-F242-4967-9B03-00B22E150A8C}.Release|x64.ActiveCfg = Release|x64
		{37A87266-F242-4967-9B03-00B22E150A8C}.Release|x64.Build.0 = Release|x64
		{37A87266-F242-4967-9B03-00B22E150A8C}.Release|x86.ActiveCfg = Release|Win32
		{37A87266-F242-4967-9B03-00B22E150A8C}.Release|x86.Build.0 = Release|Win32
		{0947E444-FABF-46F7-888B-F7FAFA1CB179}.Debug|x64.ActiveCfg = Debug|x64
		{0947E444-FABF-46F7-888B-F7FAFA1CB179}.Debug|x64.Build.0 = Debug|x64
		{0947E444-FABF-46F7-888B-F7FAFA1CB179}.Debug|x86.ActiveCfg = Debug|Win32
		{0947E444-FABF-46F7-888B-F7FAFA1CB179}.Debug|x86.Build.0 = Debug|Win32
		{0947E444-FABF-46F7-888B-F7FAFA1CB179}.Release|x64.ActiveCfg = Release|x64
		{0947E444-FABF-46F7-888B-F7FAFA1CB179}.Release|x64.Build.0 = Release|x64
		{0947E444-FABF-46F7-888B-F7FAFA1CB179}.Release|x86.ActiveCfg = Release|Win32
		{0947E444-FABF-46F7-888B-F7FAFA1CB179}.Release|x86.Build.0 = Release|Win32
		{4627DB37-BF7F-455B-BAA6-D66EA8B995E3}.Debug|x64.ActiveCfg = Debug|x64
		{4627DB37-BF7F-455B-BAA6-D66EA8B995E3}.Debug|x64.Build.0 = Debug|x64
		{4627DB37-BF7F-455B-BAA6-D66EA8B995E3}.Debug|x86.ActiveCfg = Debug|Win32
		{4627DB37-BF7F-455B-BAA6-D66EA8B995E3}.Debug|x86.Build.0 = Debug|Win32
		{4627DB37-BF7F-455B-BAA6-D66EA8B995E3}.Release|x64.ActiveCfg = Release|x64
		{4627DB37-BF7F-455B-BAA6-D66EA8B995E3}.Release|x64.Build.0 = Release|x64
		{4627DB37-BF7F-455B-BAA6-D66EA8B995E3}.Release|x86.ActiveCfg = Release|Win32
		{4627DB37-BF7F-455B-BAA6-D66EA8B995E3}.Release|x86.Build.0 = Release|Win32
		{AC22B8CF-B408-4102-9CD8-E3B3C43CF989}.Debug|x64.ActiveCfg = Debug|x64
		{AC22B8CF-B408-4102-9CD8-E3B3C43CF989}.Debug|x64.Build.0 = Debug|x64
		{AC22B8CF-B408-4102-9CD8-E3B3C43CF989}.Debug|x86.ActiveCfg = Debug|Win32
		{AC22B8CF-B408-4102-9CD8-E3B3C43CF989}.Debug|x86.Build.0 = Debug|Win32
		{AC22B8CF-B408-4102-9CD8-E3B3C43CF989}.Release|x64.ActiveCfg = Release|x64
		{AC22B8CF-B408-4102-9CD8-E3B3C43CF989}.Release|x64.Build.0 = Release|x64
		{AC22B8CF-B408-4102-9CD8-E3B3C43CF989}.Release|x86.ActiveCfg = Release|Win32
		{AC22B8CF-B408-4102-9CD8-E3B3C43CF989}.Release|x86.Build.0 = Release|Win32
		{69E1EAC1-1505-4109-88CA-49FF6B85CEB0}.Debug|x64.ActiveCfg = Debug|x64
		{69E1EAC1-1505-4109-88CA-49FF6B85CEB0}.Debug|x64.Build.0 = Debug|x64
		{69E1EAC1-1505-4109-88CA-49FF6B85CEB0}.Debug|x86.ActiveCfg = Debug|Win32
		{69E1EAC1-1505-4109-88CA-49FF6B85CEB0}.Debug|x86.Build.0 = Debug|Win32
		{69E1EAC1-1505-4109-88CA-49FF6B85CEB0}.Release|x64.ActiveCfg = Release|x64
		{69E1EAC1-1505-4109-88CA-49FF6B85CEB0}.Release|x64.Build.0 = Release|x64
		{69E1EAC1-1505-4109-88CA-49FF6B85CEB0}.Release|x86.ActiveCfg = Release|Win32
		{69E1EAC1-1505-4109-88CA-49FF6B85CEB0}.Release|x86.Build.0 = Release|Win32
		{9993C959-B6AC-4364-A637-10CB8E5C0432}.Debug|x64.ActiveCfg = Debug|x64
		{9993C959-B6AC-4364-A637-10CB8E5C0432}.Debug|x64.Build.0 = Debug|x64
		{9993C959-B6AC-4364-A637-10CB8E5C0432}.Debug|x86.ActiveCfg = Debug|Win32
		{9993C959-B6AC-4364-A637-10CB8E5C0432}.Debug|x86.Build.0 = Debug|Win32
		{9993C959-B6AC-4364-A637-10CB8E5C0432}.Release|x64.ActiveCfg = Release|x64
		{9993C959-B6AC-4364-A637-10CB8E5C0432}.Release|x64.Build.0 = Release|x64
		{9993C959-B6AC-4364-A637-10CB8E5C0432}.Release|x86.ActiveCfg = Release|Win32
		{9993C959-B6AC-4364-A637-10CB8E5C0432}.Release|x86.Build.0 = Release|Win32
	EndGlobalSection
	GlobalSection(SolutionProperties) = preSolution
		HideSolutionNode = FALSE
	EndGlobalSection
	GlobalSection(ExtensibilityGlobals) = postSolution
		SolutionGuid = {83B460FC-7DF9-43EF-99CD-72122C05B0B7}
	EndGlobalSection
EndGlobal
