
Microsoft Visual Studio Solution File, Format Version 12.00
# Visual Studio Version 16
VisualStudioVersion = 16.0.32228.343
MinimumVisualStudioVersion = 10.0.40219.1
Project("{8BC9CEB8-8B4A-11D0-8D11-00A0C91BC942}") = "static Variables", "static Variables\static Variables.vcxproj", "{2F42D00D-AB7F-46A1-B313-875F8F6ED5F5}"
EndProject
Project("{8BC9CEB8-8B4A-11D0-8D11-00A0C91BC942}") = "Utility_of_the_static_modifier", "Utility_of_the_static_modifier\Utility_of_the_static_modifier.vcxproj", "{BBAFEB7F-10F6-48C9-8D88-4B77F9EDAB47}"
EndProject
Project("{8BC9CEB8-8B4A-11D0-8D11-00A0C91BC942}") = "Using_pointer_to_call_by_reference", "Using_pointer_to_call_by_reference\Using_pointer_to_call_by_reference.vcxproj", "{10415C15-A185-4666-A267-0EEF313B3CFF}"
EndProject
Project("{8BC9CEB8-8B4A-11D0-8D11-00A0C91BC942}") = "Function Overloading", "Function Overloading\Function Overloading.vcxproj", "{A161D7F9-6124-4AB9-A816-F9ABBE5DAE4F}"
EndProject
Project("{8BC9CEB8-8B4A-11D0-8D11-00A0C91BC942}") = "Function Overloading 2", "Function Overloading 2\Function Overloading 2.vcxproj", "{D7C210F2-E6BB-42AA-AD66-26073B6C09F6}"
EndProject
Project("{8BC9CEB8-8B4A-11D0-8D11-00A0C91BC942}") = "Function Overloading 3", "Function Overloading 3\Function Overloading 3.vcxproj", "{78CB657B-102C-4CD2-BD36-1458F292D4C3}"
EndProject
Global
	GlobalSection(SolutionConfigurationPlatforms) = preSolution
		Debug|x64 = Debug|x64
		Debug|x86 = Debug|x86
		Release|x64 = Release|x64
		Release|x86 = Release|x86
	EndGlobalSection
	GlobalSection(ProjectConfigurationPlatforms) = postSolution
		{2F42D00D-AB7F-46A1-B313-875F8F6ED5F5}.Debug|x64.ActiveCfg = Debug|x64
		{2F42D00D-AB7F-46A1-B313-875F8F6ED5F5}.Debug|x64.Build.0 = Debug|x64
		{2F42D00D-AB7F-46A1-B313-875F8F6ED5F5}.Debug|x86.ActiveCfg = Debug|Win32
		{2F42D00D-AB7F-46A1-B313-875F8F6ED5F5}.Debug|x86.Build.0 = Debug|Win32
		{2F42D00D-AB7F-46A1-B313-875F8F6ED5F5}.Release|x64.ActiveCfg = Release|x64
		{2F42D00D-AB7F-46A1-B313-875F8F6ED5F5}.Release|x64.Build.0 = Release|x64
		{2F42D00D-AB7F-46A1-B313-875F8F6ED5F5}.Release|x86.ActiveCfg = Release|Win32
		{2F42D00D-AB7F-46A1-B313-875F8F6ED5F5}.Release|x86.Build.0 = Release|Win32
		{BBAFEB7F-10F6-48C9-8D88-4B77F9EDAB47}.Debug|x64.ActiveCfg = Debug|x64
		{BBAFEB7F-10F6-48C9-8D88-4B77F9EDAB47}.Debug|x64.Build.0 = Debug|x64
		{BBAFEB7F-10F6-48C9-8D88-4B77F9EDAB47}.Debug|x86.ActiveCfg = Debug|Win32
		{BBAFEB7F-10F6-48C9-8D88-4B77F9EDAB47}.Debug|x86.Build.0 = Debug|Win32
		{BBAFEB7F-10F6-48C9-8D88-4B77F9EDAB47}.Release|x64.ActiveCfg = Release|x64
		{BBAFEB7F-10F6-48C9-8D88-4B77F9EDAB47}.Release|x64.Build.0 = Release|x64
		{BBAFEB7F-10F6-48C9-8D88-4B77F9EDAB47}.Release|x86.ActiveCfg = Release|Win32
		{BBAFEB7F-10F6-48C9-8D88-4B77F9EDAB47}.Release|x86.Build.0 = Release|Win32
		{10415C15-A185-4666-A267-0EEF313B3CFF}.Debug|x64.ActiveCfg = Debug|x64
		{10415C15-A185-4666-A267-0EEF313B3CFF}.Debug|x64.Build.0 = Debug|x64
		{10415C15-A185-4666-A267-0EEF313B3CFF}.Debug|x86.ActiveCfg = Debug|Win32
		{10415C15-A185-4666-A267-0EEF313B3CFF}.Debug|x86.Build.0 = Debug|Win32
		{10415C15-A185-4666-A267-0EEF313B3CFF}.Release|x64.ActiveCfg = Release|x64
		{10415C15-A185-4666-A267-0EEF313B3CFF}.Release|x64.Build.0 = Release|x64
		{10415C15-A185-4666-A267-0EEF313B3CFF}.Release|x86.ActiveCfg = Release|Win32
		{10415C15-A185-4666-A267-0EEF313B3CFF}.Release|x86.Build.0 = Release|Win32
		{A161D7F9-6124-4AB9-A816-F9ABBE5DAE4F}.Debug|x64.ActiveCfg = Debug|x64
		{A161D7F9-6124-4AB9-A816-F9ABBE5DAE4F}.Debug|x64.Build.0 = Debug|x64
		{A161D7F9-6124-4AB9-A816-F9ABBE5DAE4F}.Debug|x86.ActiveCfg = Debug|Win32
		{A161D7F9-6124-4AB9-A816-F9ABBE5DAE4F}.Debug|x86.Build.0 = Debug|Win32
		{A161D7F9-6124-4AB9-A816-F9ABBE5DAE4F}.Release|x64.ActiveCfg = Release|x64
		{A161D7F9-6124-4AB9-A816-F9ABBE5DAE4F}.Release|x64.Build.0 = Release|x64
		{A161D7F9-6124-4AB9-A816-F9ABBE5DAE4F}.Release|x86.ActiveCfg = Release|Win32
		{A161D7F9-6124-4AB9-A816-F9ABBE5DAE4F}.Release|x86.Build.0 = Release|Win32
		{D7C210F2-E6BB-42AA-AD66-26073B6C09F6}.Debug|x64.ActiveCfg = Debug|x64
		{D7C210F2-E6BB-42AA-AD66-26073B6C09F6}.Debug|x64.Build.0 = Debug|x64
		{D7C210F2-E6BB-42AA-AD66-26073B6C09F6}.Debug|x86.ActiveCfg = Debug|Win32
		{D7C210F2-E6BB-42AA-AD66-26073B6C09F6}.Debug|x86.Build.0 = Debug|Win32
		{D7C210F2-E6BB-42AA-AD66-26073B6C09F6}.Release|x64.ActiveCfg = Release|x64
		{D7C210F2-E6BB-42AA-AD66-26073B6C09F6}.Release|x64.Build.0 = Release|x64
		{D7C210F2-E6BB-42AA-AD66-26073B6C09F6}.Release|x86.ActiveCfg = Release|Win32
		{D7C210F2-E6BB-42AA-AD66-26073B6C09F6}.Release|x86.Build.0 = Release|Win32
		{78CB657B-102C-4CD2-BD36-1458F292D4C3}.Debug|x64.ActiveCfg = Debug|x64
		{78CB657B-102C-4CD2-BD36-1458F292D4C3}.Debug|x64.Build.0 = Debug|x64
		{78CB657B-102C-4CD2-BD36-1458F292D4C3}.Debug|x86.ActiveCfg = Debug|Win32
		{78CB657B-102C-4CD2-BD36-1458F292D4C3}.Debug|x86.Build.0 = Debug|Win32
		{78CB657B-102C-4CD2-BD36-1458F292D4C3}.Release|x64.ActiveCfg = Release|x64
		{78CB657B-102C-4CD2-BD36-1458F292D4C3}.Release|x64.Build.0 = Release|x64
		{78CB657B-102C-4CD2-BD36-1458F292D4C3}.Release|x86.ActiveCfg = Release|Win32
		{78CB657B-102C-4CD2-BD36-1458F292D4C3}.Release|x86.Build.0 = Release|Win32
	EndGlobalSection
	GlobalSection(SolutionProperties) = preSolution
		HideSolutionNode = FALSE
	EndGlobalSection
	GlobalSection(ExtensibilityGlobals) = postSolution
		SolutionGuid = {282F1DF2-3350-4AB6-892B-CFB4FE8F6376}
	EndGlobalSection
EndGlobal
