
Microsoft Visual Studio Solution File, Format Version 12.00
# Visual Studio Version 16
VisualStudioVersion = 16.0.32228.343
MinimumVisualStudioVersion = 10.0.40219.1
Project("{8BC9CEB8-8B4A-11D0-8D11-00A0C91BC942}") = "const", "Project2\Project2.vcxproj", "{B80A37F1-C3AC-4332-9240-57E12309C935}"
EndProject
Project("{8BC9CEB8-8B4A-11D0-8D11-00A0C91BC942}") = "external", "external\external.vcxproj", "{4E7288DE-7A00-4090-B817-E68F4FB745FC}"
EndProject
Project("{8BC9CEB8-8B4A-11D0-8D11-00A0C91BC942}") = "external_2", "external_2\external_2.vcxproj", "{415DCD5F-7374-4E8C-8363-91E8B72F6DD0}"
EndProject
Project("{8BC9CEB8-8B4A-11D0-8D11-00A0C91BC942}") = "external_3", "external_3\external_3.vcxproj", "{1AAFB580-90C2-4A6B-BCA1-A0605BB88FC7}"
EndProject
Project("{8BC9CEB8-8B4A-11D0-8D11-00A0C91BC942}") = "external_4", "external_4\external_4.vcxproj", "{54DC5EED-258F-44E3-8B5B-815D66684A96}"
EndProject
Project("{8BC9CEB8-8B4A-11D0-8D11-00A0C91BC942}") = "static_local_variable", "static_local_variable\static_local_variable.vcxproj", "{798A4570-73D7-42CF-9351-0ACC85DC7683}"
EndProject
Project("{8BC9CEB8-8B4A-11D0-8D11-00A0C91BC942}") = "static_global_variable", "static_global_variable\static_global_variable.vcxproj", "{CA563D1F-A524-41C0-B4EC-2CD4D75A941C}"
EndProject
Project("{8BC9CEB8-8B4A-11D0-8D11-00A0C91BC942}") = "static_global_variable_2", "static_global_variable_2\static_global_variable_2.vcxproj", "{0A022624-7C49-49E0-81FC-423549632F01}"
EndProject
Project("{8BC9CEB8-8B4A-11D0-8D11-00A0C91BC942}") = "external_5", "extern_5\extern_5.vcxproj", "{2E2C59CD-0667-4528-8153-C16C18F18C51}"
EndProject
Project("{8BC9CEB8-8B4A-11D0-8D11-00A0C91BC942}") = "external_6", "external_6\external_6.vcxproj", "{7591586B-37BB-44BC-AD2C-FEF0C5114BE8}"
EndProject
Project("{8BC9CEB8-8B4A-11D0-8D11-00A0C91BC942}") = "static_local_variable_2", "local_static_variable_2\local_static_variable_2.vcxproj", "{C4BBB60B-3CD9-4050-960B-E095CCB04376}"
EndProject
Project("{8BC9CEB8-8B4A-11D0-8D11-00A0C91BC942}") = "static_global_variable_3", "static_global_variable_3\static_global_variable_3.vcxproj", "{CE7C8C60-E20F-4629-BC12-39E296C22FAF}"
EndProject
Project("{8BC9CEB8-8B4A-11D0-8D11-00A0C91BC942}") = "static_global_variable_4", "static_global_variable_4\static_global_variable_4.vcxproj", "{D1DE3450-6679-4046-931E-377FB46E69FC}"
EndProject
Project("{8BC9CEB8-8B4A-11D0-8D11-00A0C91BC942}") = "external_2_", "extern_2_\extern_2_.vcxproj", "{FE6B0CD1-28A5-4294-A568-E221A1286FC2}"
EndProject
Project("{8BC9CEB8-8B4A-11D0-8D11-00A0C91BC942}") = "external_2_2", "external_2_2\external_2_2.vcxproj", "{7E4DB922-9347-45B4-BBBA-511A09AA5A56}"
EndProject
Project("{8BC9CEB8-8B4A-11D0-8D11-00A0C91BC942}") = "register_variable", "register_variable\register_variable.vcxproj", "{E146DFFE-1E68-46EB-B234-3069149223A0}"
EndProject
Global
	GlobalSection(SolutionConfigurationPlatforms) = preSolution
		Debug|x64 = Debug|x64
		Debug|x86 = Debug|x86
		Release|x64 = Release|x64
		Release|x86 = Release|x86
	EndGlobalSection
	GlobalSection(ProjectConfigurationPlatforms) = postSolution
		{B80A37F1-C3AC-4332-9240-57E12309C935}.Debug|x64.ActiveCfg = Debug|x64
		{B80A37F1-C3AC-4332-9240-57E12309C935}.Debug|x64.Build.0 = Debug|x64
		{B80A37F1-C3AC-4332-9240-57E12309C935}.Debug|x86.ActiveCfg = Debug|Win32
		{B80A37F1-C3AC-4332-9240-57E12309C935}.Debug|x86.Build.0 = Debug|Win32
		{B80A37F1-C3AC-4332-9240-57E12309C935}.Release|x64.ActiveCfg = Release|x64
		{B80A37F1-C3AC-4332-9240-57E12309C935}.Release|x64.Build.0 = Release|x64
		{B80A37F1-C3AC-4332-9240-57E12309C935}.Release|x86.ActiveCfg = Release|Win32
		{B80A37F1-C3AC-4332-9240-57E12309C935}.Release|x86.Build.0 = Release|Win32
		{4E7288DE-7A00-4090-B817-E68F4FB745FC}.Debug|x64.ActiveCfg = Debug|x64
		{4E7288DE-7A00-4090-B817-E68F4FB745FC}.Debug|x64.Build.0 = Debug|x64
		{4E7288DE-7A00-4090-B817-E68F4FB745FC}.Debug|x86.ActiveCfg = Debug|Win32
		{4E7288DE-7A00-4090-B817-E68F4FB745FC}.Debug|x86.Build.0 = Debug|Win32
		{4E7288DE-7A00-4090-B817-E68F4FB745FC}.Release|x64.ActiveCfg = Release|x64
		{4E7288DE-7A00-4090-B817-E68F4FB745FC}.Release|x64.Build.0 = Release|x64
		{4E7288DE-7A00-4090-B817-E68F4FB745FC}.Release|x86.ActiveCfg = Release|Win32
		{4E7288DE-7A00-4090-B817-E68F4FB745FC}.Release|x86.Build.0 = Release|Win32
		{415DCD5F-7374-4E8C-8363-91E8B72F6DD0}.Debug|x64.ActiveCfg = Debug|x64
		{415DCD5F-7374-4E8C-8363-91E8B72F6DD0}.Debug|x64.Build.0 = Debug|x64
		{415DCD5F-7374-4E8C-8363-91E8B72F6DD0}.Debug|x86.ActiveCfg = Debug|Win32
		{415DCD5F-7374-4E8C-8363-91E8B72F6DD0}.Debug|x86.Build.0 = Debug|Win32
		{415DCD5F-7374-4E8C-8363-91E8B72F6DD0}.Release|x64.ActiveCfg = Release|x64
		{415DCD5F-7374-4E8C-8363-91E8B72F6DD0}.Release|x64.Build.0 = Release|x64
		{415DCD5F-7374-4E8C-8363-91E8B72F6DD0}.Release|x86.ActiveCfg = Release|Win32
		{415DCD5F-7374-4E8C-8363-91E8B72F6DD0}.Release|x86.Build.0 = Release|Win32
		{1AAFB580-90C2-4A6B-BCA1-A0605BB88FC7}.Debug|x64.ActiveCfg = Debug|x64
		{1AAFB580-90C2-4A6B-BCA1-A0605BB88FC7}.Debug|x64.Build.0 = Debug|x64
		{1AAFB580-90C2-4A6B-BCA1-A0605BB88FC7}.Debug|x86.ActiveCfg = Debug|Win32
		{1AAFB580-90C2-4A6B-BCA1-A0605BB88FC7}.Debug|x86.Build.0 = Debug|Win32
		{1AAFB580-90C2-4A6B-BCA1-A0605BB88FC7}.Release|x64.ActiveCfg = Release|x64
		{1AAFB580-90C2-4A6B-BCA1-A0605BB88FC7}.Release|x64.Build.0 = Release|x64
		{1AAFB580-90C2-4A6B-BCA1-A0605BB88FC7}.Release|x86.ActiveCfg = Release|Win32
		{1AAFB580-90C2-4A6B-BCA1-A0605BB88FC7}.Release|x86.Build.0 = Release|Win32
		{54DC5EED-258F-44E3-8B5B-815D66684A96}.Debug|x64.ActiveCfg = Debug|x64
		{54DC5EED-258F-44E3-8B5B-815D66684A96}.Debug|x64.Build.0 = Debug|x64
		{54DC5EED-258F-44E3-8B5B-815D66684A96}.Debug|x86.ActiveCfg = Debug|Win32
		{54DC5EED-258F-44E3-8B5B-815D66684A96}.Debug|x86.Build.0 = Debug|Win32
		{54DC5EED-258F-44E3-8B5B-815D66684A96}.Release|x64.ActiveCfg = Release|x64
		{54DC5EED-258F-44E3-8B5B-815D66684A96}.Release|x64.Build.0 = Release|x64
		{54DC5EED-258F-44E3-8B5B-815D66684A96}.Release|x86.ActiveCfg = Release|Win32
		{54DC5EED-258F-44E3-8B5B-815D66684A96}.Release|x86.Build.0 = Release|Win32
		{798A4570-73D7-42CF-9351-0ACC85DC7683}.Debug|x64.ActiveCfg = Debug|x64
		{798A4570-73D7-42CF-9351-0ACC85DC7683}.Debug|x64.Build.0 = Debug|x64
		{798A4570-73D7-42CF-9351-0ACC85DC7683}.Debug|x86.ActiveCfg = Debug|Win32
		{798A4570-73D7-42CF-9351-0ACC85DC7683}.Debug|x86.Build.0 = Debug|Win32
		{798A4570-73D7-42CF-9351-0ACC85DC7683}.Release|x64.ActiveCfg = Release|x64
		{798A4570-73D7-42CF-9351-0ACC85DC7683}.Release|x64.Build.0 = Release|x64
		{798A4570-73D7-42CF-9351-0ACC85DC7683}.Release|x86.ActiveCfg = Release|Win32
		{798A4570-73D7-42CF-9351-0ACC85DC7683}.Release|x86.Build.0 = Release|Win32
		{CA563D1F-A524-41C0-B4EC-2CD4D75A941C}.Debug|x64.ActiveCfg = Debug|x64
		{CA563D1F-A524-41C0-B4EC-2CD4D75A941C}.Debug|x64.Build.0 = Debug|x64
		{CA563D1F-A524-41C0-B4EC-2CD4D75A941C}.Debug|x86.ActiveCfg = Debug|Win32
		{CA563D1F-A524-41C0-B4EC-2CD4D75A941C}.Debug|x86.Build.0 = Debug|Win32
		{CA563D1F-A524-41C0-B4EC-2CD4D75A941C}.Release|x64.ActiveCfg = Release|x64
		{CA563D1F-A524-41C0-B4EC-2CD4D75A941C}.Release|x64.Build.0 = Release|x64
		{CA563D1F-A524-41C0-B4EC-2CD4D75A941C}.Release|x86.ActiveCfg = Release|Win32
		{CA563D1F-A524-41C0-B4EC-2CD4D75A941C}.Release|x86.Build.0 = Release|Win32
		{0A022624-7C49-49E0-81FC-423549632F01}.Debug|x64.ActiveCfg = Debug|x64
		{0A022624-7C49-49E0-81FC-423549632F01}.Debug|x64.Build.0 = Debug|x64
		{0A022624-7C49-49E0-81FC-423549632F01}.Debug|x86.ActiveCfg = Debug|Win32
		{0A022624-7C49-49E0-81FC-423549632F01}.Debug|x86.Build.0 = Debug|Win32
		{0A022624-7C49-49E0-81FC-423549632F01}.Release|x64.ActiveCfg = Release|x64
		{0A022624-7C49-49E0-81FC-423549632F01}.Release|x64.Build.0 = Release|x64
		{0A022624-7C49-49E0-81FC-423549632F01}.Release|x86.ActiveCfg = Release|Win32
		{0A022624-7C49-49E0-81FC-423549632F01}.Release|x86.Build.0 = Release|Win32
		{2E2C59CD-0667-4528-8153-C16C18F18C51}.Debug|x64.ActiveCfg = Debug|x64
		{2E2C59CD-0667-4528-8153-C16C18F18C51}.Debug|x64.Build.0 = Debug|x64
		{2E2C59CD-0667-4528-8153-C16C18F18C51}.Debug|x86.ActiveCfg = Debug|Win32
		{2E2C59CD-0667-4528-8153-C16C18F18C51}.Debug|x86.Build.0 = Debug|Win32
		{2E2C59CD-0667-4528-8153-C16C18F18C51}.Release|x64.ActiveCfg = Release|x64
		{2E2C59CD-0667-4528-8153-C16C18F18C51}.Release|x64.Build.0 = Release|x64
		{2E2C59CD-0667-4528-8153-C16C18F18C51}.Release|x86.ActiveCfg = Release|Win32
		{2E2C59CD-0667-4528-8153-C16C18F18C51}.Release|x86.Build.0 = Release|Win32
		{7591586B-37BB-44BC-AD2C-FEF0C5114BE8}.Debug|x64.ActiveCfg = Debug|x64
		{7591586B-37BB-44BC-AD2C-FEF0C5114BE8}.Debug|x64.Build.0 = Debug|x64
		{7591586B-37BB-44BC-AD2C-FEF0C5114BE8}.Debug|x86.ActiveCfg = Debug|Win32
		{7591586B-37BB-44BC-AD2C-FEF0C5114BE8}.Debug|x86.Build.0 = Debug|Win32
		{7591586B-37BB-44BC-AD2C-FEF0C5114BE8}.Release|x64.ActiveCfg = Release|x64
		{7591586B-37BB-44BC-AD2C-FEF0C5114BE8}.Release|x64.Build.0 = Release|x64
		{7591586B-37BB-44BC-AD2C-FEF0C5114BE8}.Release|x86.ActiveCfg = Release|Win32
		{7591586B-37BB-44BC-AD2C-FEF0C5114BE8}.Release|x86.Build.0 = Release|Win32
		{C4BBB60B-3CD9-4050-960B-E095CCB04376}.Debug|x64.ActiveCfg = Debug|x64
		{C4BBB60B-3CD9-4050-960B-E095CCB04376}.Debug|x64.Build.0 = Debug|x64
		{C4BBB60B-3CD9-4050-960B-E095CCB04376}.Debug|x86.ActiveCfg = Debug|Win32
		{C4BBB60B-3CD9-4050-960B-E095CCB04376}.Debug|x86.Build.0 = Debug|Win32
		{C4BBB60B-3CD9-4050-960B-E095CCB04376}.Release|x64.ActiveCfg = Release|x64
		{C4BBB60B-3CD9-4050-960B-E095CCB04376}.Release|x64.Build.0 = Release|x64
		{C4BBB60B-3CD9-4050-960B-E095CCB04376}.Release|x86.ActiveCfg = Release|Win32
		{C4BBB60B-3CD9-4050-960B-E095CCB04376}.Release|x86.Build.0 = Release|Win32
		{CE7C8C60-E20F-4629-BC12-39E296C22FAF}.Debug|x64.ActiveCfg = Debug|x64
		{CE7C8C60-E20F-4629-BC12-39E296C22FAF}.Debug|x64.Build.0 = Debug|x64
		{CE7C8C60-E20F-4629-BC12-39E296C22FAF}.Debug|x86.ActiveCfg = Debug|Win32
		{CE7C8C60-E20F-4629-BC12-39E296C22FAF}.Debug|x86.Build.0 = Debug|Win32
		{CE7C8C60-E20F-4629-BC12-39E296C22FAF}.Release|x64.ActiveCfg = Release|x64
		{CE7C8C60-E20F-4629-BC12-39E296C22FAF}.Release|x64.Build.0 = Release|x64
		{CE7C8C60-E20F-4629-BC12-39E296C22FAF}.Release|x86.ActiveCfg = Release|Win32
		{CE7C8C60-E20F-4629-BC12-39E296C22FAF}.Release|x86.Build.0 = Release|Win32
		{D1DE3450-6679-4046-931E-377FB46E69FC}.Debug|x64.ActiveCfg = Debug|x64
		{D1DE3450-6679-4046-931E-377FB46E69FC}.Debug|x64.Build.0 = Debug|x64
		{D1DE3450-6679-4046-931E-377FB46E69FC}.Debug|x86.ActiveCfg = Debug|Win32
		{D1DE3450-6679-4046-931E-377FB46E69FC}.Debug|x86.Build.0 = Debug|Win32
		{D1DE3450-6679-4046-931E-377FB46E69FC}.Release|x64.ActiveCfg = Release|x64
		{D1DE3450-6679-4046-931E-377FB46E69FC}.Release|x64.Build.0 = Release|x64
		{D1DE3450-6679-4046-931E-377FB46E69FC}.Release|x86.ActiveCfg = Release|Win32
		{D1DE3450-6679-4046-931E-377FB46E69FC}.Release|x86.Build.0 = Release|Win32
		{FE6B0CD1-28A5-4294-A568-E221A1286FC2}.Debug|x64.ActiveCfg = Debug|x64
		{FE6B0CD1-28A5-4294-A568-E221A1286FC2}.Debug|x64.Build.0 = Debug|x64
		{FE6B0CD1-28A5-4294-A568-E221A1286FC2}.Debug|x86.ActiveCfg = Debug|Win32
		{FE6B0CD1-28A5-4294-A568-E221A1286FC2}.Debug|x86.Build.0 = Debug|Win32
		{FE6B0CD1-28A5-4294-A568-E221A1286FC2}.Release|x64.ActiveCfg = Release|x64
		{FE6B0CD1-28A5-4294-A568-E221A1286FC2}.Release|x64.Build.0 = Release|x64
		{FE6B0CD1-28A5-4294-A568-E221A1286FC2}.Release|x86.ActiveCfg = Release|Win32
		{FE6B0CD1-28A5-4294-A568-E221A1286FC2}.Release|x86.Build.0 = Release|Win32
		{7E4DB922-9347-45B4-BBBA-511A09AA5A56}.Debug|x64.ActiveCfg = Debug|x64
		{7E4DB922-9347-45B4-BBBA-511A09AA5A56}.Debug|x64.Build.0 = Debug|x64
		{7E4DB922-9347-45B4-BBBA-511A09AA5A56}.Debug|x86.ActiveCfg = Debug|Win32
		{7E4DB922-9347-45B4-BBBA-511A09AA5A56}.Debug|x86.Build.0 = Debug|Win32
		{7E4DB922-9347-45B4-BBBA-511A09AA5A56}.Release|x64.ActiveCfg = Release|x64
		{7E4DB922-9347-45B4-BBBA-511A09AA5A56}.Release|x64.Build.0 = Release|x64
		{7E4DB922-9347-45B4-BBBA-511A09AA5A56}.Release|x86.ActiveCfg = Release|Win32
		{7E4DB922-9347-45B4-BBBA-511A09AA5A56}.Release|x86.Build.0 = Release|Win32
		{E146DFFE-1E68-46EB-B234-3069149223A0}.Debug|x64.ActiveCfg = Debug|x64
		{E146DFFE-1E68-46EB-B234-3069149223A0}.Debug|x64.Build.0 = Debug|x64
		{E146DFFE-1E68-46EB-B234-3069149223A0}.Debug|x86.ActiveCfg = Debug|Win32
		{E146DFFE-1E68-46EB-B234-3069149223A0}.Debug|x86.Build.0 = Debug|Win32
		{E146DFFE-1E68-46EB-B234-3069149223A0}.Release|x64.ActiveCfg = Release|x64
		{E146DFFE-1E68-46EB-B234-3069149223A0}.Release|x64.Build.0 = Release|x64
		{E146DFFE-1E68-46EB-B234-3069149223A0}.Release|x86.ActiveCfg = Release|Win32
		{E146DFFE-1E68-46EB-B234-3069149223A0}.Release|x86.Build.0 = Release|Win32
	EndGlobalSection
	GlobalSection(SolutionProperties) = preSolution
		HideSolutionNode = FALSE
	EndGlobalSection
	GlobalSection(ExtensibilityGlobals) = postSolution
		SolutionGuid = {1537DFCE-B9CC-4E79-94C0-A72196E3AFA6}
	EndGlobalSection
EndGlobal
