
Microsoft Visual Studio Solution File, Format Version 12.00
# Visual Studio Version 16
VisualStudioVersion = 16.0.33130.400
MinimumVisualStudioVersion = 10.0.40219.1
Project("{8BC9CEB8-8B4A-11D0-8D11-00A0C91BC942}") = "Creating Inserters", "Creating Inserters\Creating Inserters.vcxproj", "{BE834F55-6D57-491F-AD1B-A6481DDB53E5}"
EndProject
Project("{8BC9CEB8-8B4A-11D0-8D11-00A0C91BC942}") = "Creating Inserters 2", "Creating Inserters 2\Creating Inserters 2.vcxproj", "{4FA0954A-4E13-48DB-83B9-DDE3D3EEFF4E}"
EndProject
Project("{8BC9CEB8-8B4A-11D0-8D11-00A0C91BC942}") = "Formatted IO", "Formatted IO\Formatted IO.vcxproj", "{F3785D83-CF75-4477-B091-1D599976E1B7}"
EndProject
Project("{8BC9CEB8-8B4A-11D0-8D11-00A0C91BC942}") = "Reading and Writing Text Files", "Reading and Writing Text Files\Reading and Writing Text Files.vcxproj", "{4FEDE94B-0C5B-46C6-AE95-A8447129DD9F}"
EndProject
Project("{8BC9CEB8-8B4A-11D0-8D11-00A0C91BC942}") = "Reading and Writing Text Files 2", "Reading and Writing Text Files 2\Reading and Writing Text Files 2.vcxproj", "{F9BA7AD9-BE2E-42CC-84F6-81CA9E633EC2}"
EndProject
Project("{8BC9CEB8-8B4A-11D0-8D11-00A0C91BC942}") = "Reading and Writing Text Files 3", "Reading and Writing Text Files 3\Reading and Writing Text Files 3.vcxproj", "{6A4BB4BF-8A34-44B5-BDB2-A28D29123871}"
EndProject
Project("{8BC9CEB8-8B4A-11D0-8D11-00A0C91BC942}") = "Reading Text File 1", "Reading Text File\Reading Text File.vcxproj", "{3B9CDB8E-54FE-408A-A47A-2693721D8F81}"
EndProject
Project("{8BC9CEB8-8B4A-11D0-8D11-00A0C91BC942}") = "Reading Text File 2", "Reading Text File 2\Reading Text File 2.vcxproj", "{FE0D34F7-A714-4262-A59A-0EFF73F5A2C9}"
EndProject
Project("{8BC9CEB8-8B4A-11D0-8D11-00A0C91BC942}") = "Read and write text file", "Read and write text file\Read and write text file.vcxproj", "{36001464-57CE-4B12-AA36-A6F32416F89E}"
EndProject
Global
	GlobalSection(SolutionConfigurationPlatforms) = preSolution
		Debug|x64 = Debug|x64
		Debug|x86 = Debug|x86
		Release|x64 = Release|x64
		Release|x86 = Release|x86
	EndGlobalSection
	GlobalSection(ProjectConfigurationPlatforms) = postSolution
		{BE834F55-6D57-491F-AD1B-A6481DDB53E5}.Debug|x64.ActiveCfg = Debug|x64
		{BE834F55-6D57-491F-AD1B-A6481DDB53E5}.Debug|x64.Build.0 = Debug|x64
		{BE834F55-6D57-491F-AD1B-A6481DDB53E5}.Debug|x86.ActiveCfg = Debug|Win32
		{BE834F55-6D57-491F-AD1B-A6481DDB53E5}.Debug|x86.Build.0 = Debug|Win32
		{BE834F55-6D57-491F-AD1B-A6481DDB53E5}.Release|x64.ActiveCfg = Release|x64
		{BE834F55-6D57-491F-AD1B-A6481DDB53E5}.Release|x64.Build.0 = Release|x64
		{BE834F55-6D57-491F-AD1B-A6481DDB53E5}.Release|x86.ActiveCfg = Release|Win32
		{BE834F55-6D57-491F-AD1B-A6481DDB53E5}.Release|x86.Build.0 = Release|Win32
		{4FA0954A-4E13-48DB-83B9-DDE3D3EEFF4E}.Debug|x64.ActiveCfg = Debug|x64
		{4FA0954A-4E13-48DB-83B9-DDE3D3EEFF4E}.Debug|x64.Build.0 = Debug|x64
		{4FA0954A-4E13-48DB-83B9-DDE3D3EEFF4E}.Debug|x86.ActiveCfg = Debug|Win32
		{4FA0954A-4E13-48DB-83B9-DDE3D3EEFF4E}.Debug|x86.Build.0 = Debug|Win32
		{4FA0954A-4E13-48DB-83B9-DDE3D3EEFF4E}.Release|x64.ActiveCfg = Release|x64
		{4FA0954A-4E13-48DB-83B9-DDE3D3EEFF4E}.Release|x64.Build.0 = Release|x64
		{4FA0954A-4E13-48DB-83B9-DDE3D3EEFF4E}.Release|x86.ActiveCfg = Release|Win32
		{4FA0954A-4E13-48DB-83B9-DDE3D3EEFF4E}.Release|x86.Build.0 = Release|Win32
		{F3785D83-CF75-4477-B091-1D599976E1B7}.Debug|x64.ActiveCfg = Debug|x64
		{F3785D83-CF75-4477-B091-1D599976E1B7}.Debug|x64.Build.0 = Debug|x64
		{F3785D83-CF75-4477-B091-1D599976E1B7}.Debug|x86.ActiveCfg = Debug|Win32
		{F3785D83-CF75-4477-B091-1D599976E1B7}.Debug|x86.Build.0 = Debug|Win32
		{F3785D83-CF75-4477-B091-1D599976E1B7}.Release|x64.ActiveCfg = Release|x64
		{F3785D83-CF75-4477-B091-1D599976E1B7}.Release|x64.Build.0 = Release|x64
		{F3785D83-CF75-4477-B091-1D599976E1B7}.Release|x86.ActiveCfg = Release|Win32
		{F3785D83-CF75-4477-B091-1D599976E1B7}.Release|x86.Build.0 = Release|Win32
		{4FEDE94B-0C5B-46C6-AE95-A8447129DD9F}.Debug|x64.ActiveCfg = Debug|x64
		{4FEDE94B-0C5B-46C6-AE95-A8447129DD9F}.Debug|x64.Build.0 = Debug|x64
		{4FEDE94B-0C5B-46C6-AE95-A8447129DD9F}.Debug|x86.ActiveCfg = Debug|Win32
		{4FEDE94B-0C5B-46C6-AE95-A8447129DD9F}.Debug|x86.Build.0 = Debug|Win32
		{4FEDE94B-0C5B-46C6-AE95-A8447129DD9F}.Release|x64.ActiveCfg = Release|x64
		{4FEDE94B-0C5B-46C6-AE95-A8447129DD9F}.Release|x64.Build.0 = Release|x64
		{4FEDE94B-0C5B-46C6-AE95-A8447129DD9F}.Release|x86.ActiveCfg = Release|Win32
		{4FEDE94B-0C5B-46C6-AE95-A8447129DD9F}.Release|x86.Build.0 = Release|Win32
		{F9BA7AD9-BE2E-42CC-84F6-81CA9E633EC2}.Debug|x64.ActiveCfg = Debug|x64
		{F9BA7AD9-BE2E-42CC-84F6-81CA9E633EC2}.Debug|x64.Build.0 = Debug|x64
		{F9BA7AD9-BE2E-42CC-84F6-81CA9E633EC2}.Debug|x86.ActiveCfg = Debug|Win32
		{F9BA7AD9-BE2E-42CC-84F6-81CA9E633EC2}.Debug|x86.Build.0 = Debug|Win32
		{F9BA7AD9-BE2E-42CC-84F6-81CA9E633EC2}.Release|x64.ActiveCfg = Release|x64
		{F9BA7AD9-BE2E-42CC-84F6-81CA9E633EC2}.Release|x64.Build.0 = Release|x64
		{F9BA7AD9-BE2E-42CC-84F6-81CA9E633EC2}.Release|x86.ActiveCfg = Release|Win32
		{F9BA7AD9-BE2E-42CC-84F6-81CA9E633EC2}.Release|x86.Build.0 = Release|Win32
		{6A4BB4BF-8A34-44B5-BDB2-A28D29123871}.Debug|x64.ActiveCfg = Debug|x64
		{6A4BB4BF-8A34-44B5-BDB2-A28D29123871}.Debug|x64.Build.0 = Debug|x64
		{6A4BB4BF-8A34-44B5-BDB2-A28D29123871}.Debug|x86.ActiveCfg = Debug|Win32
		{6A4BB4BF-8A34-44B5-BDB2-A28D29123871}.Debug|x86.Build.0 = Debug|Win32
		{6A4BB4BF-8A34-44B5-BDB2-A28D29123871}.Release|x64.ActiveCfg = Release|x64
		{6A4BB4BF-8A34-44B5-BDB2-A28D29123871}.Release|x64.Build.0 = Release|x64
		{6A4BB4BF-8A34-44B5-BDB2-A28D29123871}.Release|x86.ActiveCfg = Release|Win32
		{6A4BB4BF-8A34-44B5-BDB2-A28D29123871}.Release|x86.Build.0 = Release|Win32
		{3B9CDB8E-54FE-408A-A47A-2693721D8F81}.Debug|x64.ActiveCfg = Debug|x64
		{3B9CDB8E-54FE-408A-A47A-2693721D8F81}.Debug|x64.Build.0 = Debug|x64
		{3B9CDB8E-54FE-408A-A47A-2693721D8F81}.Debug|x86.ActiveCfg = Debug|Win32
		{3B9CDB8E-54FE-408A-A47A-2693721D8F81}.Debug|x86.Build.0 = Debug|Win32
		{3B9CDB8E-54FE-408A-A47A-2693721D8F81}.Release|x64.ActiveCfg = Release|x64
		{3B9CDB8E-54FE-408A-A47A-2693721D8F81}.Release|x64.Build.0 = Release|x64
		{3B9CDB8E-54FE-408A-A47A-2693721D8F81}.Release|x86.ActiveCfg = Release|Win32
		{3B9CDB8E-54FE-408A-A47A-2693721D8F81}.Release|x86.Build.0 = Release|Win32
		{FE0D34F7-A714-4262-A59A-0EFF73F5A2C9}.Debug|x64.ActiveCfg = Debug|x64
		{FE0D34F7-A714-4262-A59A-0EFF73F5A2C9}.Debug|x64.Build.0 = Debug|x64
		{FE0D34F7-A714-4262-A59A-0EFF73F5A2C9}.Debug|x86.ActiveCfg = Debug|Win32
		{FE0D34F7-A714-4262-A59A-0EFF73F5A2C9}.Debug|x86.Build.0 = Debug|Win32
		{FE0D34F7-A714-4262-A59A-0EFF73F5A2C9}.Release|x64.ActiveCfg = Release|x64
		{FE0D34F7-A714-4262-A59A-0EFF73F5A2C9}.Release|x64.Build.0 = Release|x64
		{FE0D34F7-A714-4262-A59A-0EFF73F5A2C9}.Release|x86.ActiveCfg = Release|Win32
		{FE0D34F7-A714-4262-A59A-0EFF73F5A2C9}.Release|x86.Build.0 = Release|Win32
		{36001464-57CE-4B12-AA36-A6F32416F89E}.Debug|x64.ActiveCfg = Debug|x64
		{36001464-57CE-4B12-AA36-A6F32416F89E}.Debug|x64.Build.0 = Debug|x64
		{36001464-57CE-4B12-AA36-A6F32416F89E}.Debug|x86.ActiveCfg = Debug|Win32
		{36001464-57CE-4B12-AA36-A6F32416F89E}.Debug|x86.Build.0 = Debug|Win32
		{36001464-57CE-4B12-AA36-A6F32416F89E}.Release|x64.ActiveCfg = Release|x64
		{36001464-57CE-4B12-AA36-A6F32416F89E}.Release|x64.Build.0 = Release|x64
		{36001464-57CE-4B12-AA36-A6F32416F89E}.Release|x86.ActiveCfg = Release|Win32
		{36001464-57CE-4B12-AA36-A6F32416F89E}.Release|x86.Build.0 = Release|Win32
	EndGlobalSection
	GlobalSection(SolutionProperties) = preSolution
		HideSolutionNode = FALSE
	EndGlobalSection
	GlobalSection(ExtensibilityGlobals) = postSolution
		SolutionGuid = {4748463A-3B2A-442A-9006-FD0E0C800732}
	EndGlobalSection
EndGlobal
